
Microsoft Visual Studio Solution File, Format Version 12.00
# Visual Studio Version 16
VisualStudioVersion = 16.0.29009.5
MinimumVisualStudioVersion = 10.0.40219.1
Project("{2150E333-8FDC-42A3-9474-1A3956D46DE8}") = "src", "src", "{234B3DA3-4C56-4D6C-BFD7-F7A2985982F2}"
EndProject
Project("{2150E333-8FDC-42A3-9474-1A3956D46DE8}") = "Features", "Features", "{B0731F4B-9259-4E51-B5EF-3F18A7727280}"
EndProject
Project("{2150E333-8FDC-42A3-9474-1A3956D46DE8}") = "_Shared", "_Shared", "{8F1C692F-36EA-4E1B-849C-CB98EBFA8724}"
EndProject
Project("{2150E333-8FDC-42A3-9474-1A3956D46DE8}") = "Sports", "Sports", "{9CEA9109-0DB9-4232-BA97-74976625B5D4}"
EndProject
Project("{2150E333-8FDC-42A3-9474-1A3956D46DE8}") = "Platforms", "Platforms", "{F96F1E34-EC23-4EE5-8089-EC572468DB5A}"
EndProject
Project("{9A19103F-16F7-4668-BE54-9A1E7A4F7556}") = "Basketball", "src\Shared\Sports\BasketBall\Basketball.csproj", "{6E998903-BF90-4C31-A82E-986164F34B19}"
EndProject
Project("{9A19103F-16F7-4668-BE54-9A1E7A4F7556}") = "Soccer", "src\Shared\Sports\Soccer\Soccer.csproj", "{1337FDBC-9BD3-4862-8F53-6001EEB0EAF3}"
EndProject
Project("{9A19103F-16F7-4668-BE54-9A1E7A4F7556}") = "LiveScore.Core", "src\Shared\Core\LiveScore.Core.csproj", "{68150DDE-7169-4682-BDC6-91927456D04F}"
EndProject
Project("{9A19103F-16F7-4668-BE54-9A1E7A4F7556}") = "LiveScore.Common", "src\Shared\Common\LiveScore.Common.csproj", "{7E317128-A40E-459E-BF15-F586A0C3BB30}"
EndProject
Project("{9A19103F-16F7-4668-BE54-9A1E7A4F7556}") = "Favorites", "src\Features\Favorites\Favorites.csproj", "{F63AD9BF-AF0D-4FCB-9876-BD5EF95C080C}"
EndProject
Project("{9A19103F-16F7-4668-BE54-9A1E7A4F7556}") = "News", "src\Features\News\News.csproj", "{42C1EFA7-30A7-40DE-8EBF-1C4000C0F33C}"
EndProject
Project("{FAE04EC0-301F-11D3-BF4B-00C04F79EFBC}") = "Score", "src\Features\Score\Score.csproj", "{628011AB-5358-4D21-8E4A-54CF1AA05FC1}"
EndProject
Project("{9A19103F-16F7-4668-BE54-9A1E7A4F7556}") = "TVSchedule", "src\Features\TVSchedule\TVSchedule.csproj", "{04D81884-8581-4CBE-8181-9584E9E12513}"
EndProject
Project("{9A19103F-16F7-4668-BE54-9A1E7A4F7556}") = "League", "src\Features\League\League.csproj", "{8FC9781A-809B-44FC-8343-55FC8F642835}"
EndProject
Project("{9A19103F-16F7-4668-BE54-9A1E7A4F7556}") = "Menu", "src\Features\Menu\Menu.csproj", "{D4B6321D-461B-4AFE-B03F-BE776429D376}"
EndProject
Project("{FAE04EC0-301F-11D3-BF4B-00C04F79EFBC}") = "LiveScore.iOS", "src\Platforms\LiveScore.iOS\LiveScore.iOS.csproj", "{BB0F6604-FD81-4063-8D1A-40F5084CA1BC}"
EndProject
Project("{9A19103F-16F7-4668-BE54-9A1E7A4F7556}") = "LiveScore", "src\LiveScore\LiveScore.csproj", "{DFE8CEFD-58E2-4A3F-A920-C0487C223602}"
EndProject
Project("{9A19103F-16F7-4668-BE54-9A1E7A4F7556}") = "LiveScore.Core.Tests", "src\Shared\Core.Tests\LiveScore.Core.Tests.csproj", "{E3BDECC6-C9AB-4859-B50E-CB08CE800638}"
EndProject
Project("{9A19103F-16F7-4668-BE54-9A1E7A4F7556}") = "LiveScore.Common.Tests", "src\Shared\Common.Tests\LiveScore.Common.Tests.csproj", "{AF0CEF2E-A178-4E83-A210-DC0A95C539AF}"
EndProject
Project("{9A19103F-16F7-4668-BE54-9A1E7A4F7556}") = "Soccer.Tests", "src\Shared\Sports\Soccer.Tests\Soccer.Tests.csproj", "{96063801-DDAD-4E4D-A63A-DE052B2558EB}"
EndProject
Project("{9A19103F-16F7-4668-BE54-9A1E7A4F7556}") = "Basketball.Tests", "src\Shared\Sports\Basketball.Tests\Basketball.Tests.csproj", "{06A3A8BA-6F5D-499C-966B-28D8072FE64E}"
EndProject
Project("{9A19103F-16F7-4668-BE54-9A1E7A4F7556}") = "Scores.Tests", "src\Features\Scores.Tests\Scores.Tests.csproj", "{8FEB7DB1-D3B7-45BE-BB88-D3B7914CC080}"
EndProject
Project("{9A19103F-16F7-4668-BE54-9A1E7A4F7556}") = "LiveScore.Tests", "src\LiveScore.Tests\LiveScore.Tests.csproj", "{5D75D1B4-E39B-4F50-A3A4-DF2528FCCC56}"
EndProject
Project("{2150E333-8FDC-42A3-9474-1A3956D46DE8}") = "Score", "Score", "{759E676B-59F4-42B0-80DC-DD9B5EAE486D}"
EndProject
Project("{2150E333-8FDC-42A3-9474-1A3956D46DE8}") = "News", "News", "{272F5AAB-B3C6-4B97-B830-677740ED6374}"
EndProject
Project("{2150E333-8FDC-42A3-9474-1A3956D46DE8}") = "Favorites", "Favorites", "{6127F901-E67D-4DC1-BEB8-9D0F53B2C504}"
EndProject
Project("{2150E333-8FDC-42A3-9474-1A3956D46DE8}") = "Menu", "Menu", "{A864441B-219A-499C-8D24-A639EC3403CC}"
EndProject
Project("{2150E333-8FDC-42A3-9474-1A3956D46DE8}") = "League", "League", "{018EA750-65E3-4A7B-A6A7-76365BC8EBF2}"
EndProject
Project("{2150E333-8FDC-42A3-9474-1A3956D46DE8}") = "TVSchedule", "TVSchedule", "{37AAA00F-69D2-4C77-87B2-370B66074290}"
EndProject
Project("{9344BDBB-3E7F-41FC-A0DD-8665D75EE146}") = "LiveScore.Android", "src\Platforms\LiveScore.Android\LiveScore.Android.csproj", "{6AC27D58-4438-4FE2-B3BB-765E1C3855A2}"
EndProject
Global
	GlobalSection(SolutionConfigurationPlatforms) = preSolution
		Ad-Hoc|Any CPU = Ad-Hoc|Any CPU
		Ad-Hoc|iPhone = Ad-Hoc|iPhone
		Ad-Hoc|iPhoneSimulator = Ad-Hoc|iPhoneSimulator
		AppStore|Any CPU = AppStore|Any CPU
		AppStore|iPhone = AppStore|iPhone
		AppStore|iPhoneSimulator = AppStore|iPhoneSimulator
		AutoTest|Any CPU = AutoTest|Any CPU
		AutoTest|iPhone = AutoTest|iPhone
		AutoTest|iPhoneSimulator = AutoTest|iPhoneSimulator
		Debug|Any CPU = Debug|Any CPU
		Debug|iPhone = Debug|iPhone
		Debug|iPhoneSimulator = Debug|iPhoneSimulator
		Release|Any CPU = Release|Any CPU
		Release|iPhone = Release|iPhone
		Release|iPhoneSimulator = Release|iPhoneSimulator
		Test|Any CPU = Test|Any CPU
		Test|iPhone = Test|iPhone
		Test|iPhoneSimulator = Test|iPhoneSimulator
	EndGlobalSection
	GlobalSection(ProjectConfigurationPlatforms) = postSolution
		{6E998903-BF90-4C31-A82E-986164F34B19}.Ad-Hoc|Any CPU.ActiveCfg = Debug|Any CPU
		{6E998903-BF90-4C31-A82E-986164F34B19}.Ad-Hoc|Any CPU.Build.0 = Debug|Any CPU
		{6E998903-BF90-4C31-A82E-986164F34B19}.Ad-Hoc|iPhone.ActiveCfg = Debug|Any CPU
		{6E998903-BF90-4C31-A82E-986164F34B19}.Ad-Hoc|iPhone.Build.0 = Debug|Any CPU
		{6E998903-BF90-4C31-A82E-986164F34B19}.Ad-Hoc|iPhoneSimulator.ActiveCfg = Debug|Any CPU
		{6E998903-BF90-4C31-A82E-986164F34B19}.Ad-Hoc|iPhoneSimulator.Build.0 = Debug|Any CPU
		{6E998903-BF90-4C31-A82E-986164F34B19}.AppStore|Any CPU.ActiveCfg = Debug|Any CPU
		{6E998903-BF90-4C31-A82E-986164F34B19}.AppStore|Any CPU.Build.0 = Debug|Any CPU
		{6E998903-BF90-4C31-A82E-986164F34B19}.AppStore|iPhone.ActiveCfg = Debug|Any CPU
		{6E998903-BF90-4C31-A82E-986164F34B19}.AppStore|iPhone.Build.0 = Debug|Any CPU
		{6E998903-BF90-4C31-A82E-986164F34B19}.AppStore|iPhoneSimulator.ActiveCfg = Debug|Any CPU
		{6E998903-BF90-4C31-A82E-986164F34B19}.AppStore|iPhoneSimulator.Build.0 = Debug|Any CPU
		{6E998903-BF90-4C31-A82E-986164F34B19}.AutoTest|Any CPU.ActiveCfg = AutoTest|Any CPU
		{6E998903-BF90-4C31-A82E-986164F34B19}.AutoTest|Any CPU.Build.0 = AutoTest|Any CPU
		{6E998903-BF90-4C31-A82E-986164F34B19}.AutoTest|iPhone.ActiveCfg = AutoTest|Any CPU
		{6E998903-BF90-4C31-A82E-986164F34B19}.AutoTest|iPhone.Build.0 = AutoTest|Any CPU
		{6E998903-BF90-4C31-A82E-986164F34B19}.AutoTest|iPhoneSimulator.ActiveCfg = AutoTest|Any CPU
		{6E998903-BF90-4C31-A82E-986164F34B19}.AutoTest|iPhoneSimulator.Build.0 = AutoTest|Any CPU
		{6E998903-BF90-4C31-A82E-986164F34B19}.Debug|Any CPU.ActiveCfg = Debug|Any CPU
		{6E998903-BF90-4C31-A82E-986164F34B19}.Debug|Any CPU.Build.0 = Debug|Any CPU
		{6E998903-BF90-4C31-A82E-986164F34B19}.Debug|iPhone.ActiveCfg = Debug|Any CPU
		{6E998903-BF90-4C31-A82E-986164F34B19}.Debug|iPhone.Build.0 = Debug|Any CPU
		{6E998903-BF90-4C31-A82E-986164F34B19}.Debug|iPhoneSimulator.ActiveCfg = Debug|Any CPU
		{6E998903-BF90-4C31-A82E-986164F34B19}.Debug|iPhoneSimulator.Build.0 = Debug|Any CPU
		{6E998903-BF90-4C31-A82E-986164F34B19}.Release|Any CPU.ActiveCfg = Release|Any CPU
		{6E998903-BF90-4C31-A82E-986164F34B19}.Release|Any CPU.Build.0 = Release|Any CPU
		{6E998903-BF90-4C31-A82E-986164F34B19}.Release|iPhone.ActiveCfg = Release|Any CPU
		{6E998903-BF90-4C31-A82E-986164F34B19}.Release|iPhone.Build.0 = Release|Any CPU
		{6E998903-BF90-4C31-A82E-986164F34B19}.Release|iPhoneSimulator.ActiveCfg = Release|Any CPU
		{6E998903-BF90-4C31-A82E-986164F34B19}.Release|iPhoneSimulator.Build.0 = Release|Any CPU
		{6E998903-BF90-4C31-A82E-986164F34B19}.Test|Any CPU.ActiveCfg = Test|Any CPU
		{6E998903-BF90-4C31-A82E-986164F34B19}.Test|Any CPU.Build.0 = Test|Any CPU
		{6E998903-BF90-4C31-A82E-986164F34B19}.Test|iPhone.ActiveCfg = Test|Any CPU
		{6E998903-BF90-4C31-A82E-986164F34B19}.Test|iPhone.Build.0 = Test|Any CPU
		{6E998903-BF90-4C31-A82E-986164F34B19}.Test|iPhoneSimulator.ActiveCfg = Test|Any CPU
		{6E998903-BF90-4C31-A82E-986164F34B19}.Test|iPhoneSimulator.Build.0 = Test|Any CPU
		{1337FDBC-9BD3-4862-8F53-6001EEB0EAF3}.Ad-Hoc|Any CPU.ActiveCfg = Debug|Any CPU
		{1337FDBC-9BD3-4862-8F53-6001EEB0EAF3}.Ad-Hoc|Any CPU.Build.0 = Debug|Any CPU
		{1337FDBC-9BD3-4862-8F53-6001EEB0EAF3}.Ad-Hoc|iPhone.ActiveCfg = Debug|Any CPU
		{1337FDBC-9BD3-4862-8F53-6001EEB0EAF3}.Ad-Hoc|iPhone.Build.0 = Debug|Any CPU
		{1337FDBC-9BD3-4862-8F53-6001EEB0EAF3}.Ad-Hoc|iPhoneSimulator.ActiveCfg = Debug|Any CPU
		{1337FDBC-9BD3-4862-8F53-6001EEB0EAF3}.Ad-Hoc|iPhoneSimulator.Build.0 = Debug|Any CPU
		{1337FDBC-9BD3-4862-8F53-6001EEB0EAF3}.AppStore|Any CPU.ActiveCfg = Debug|Any CPU
		{1337FDBC-9BD3-4862-8F53-6001EEB0EAF3}.AppStore|Any CPU.Build.0 = Debug|Any CPU
		{1337FDBC-9BD3-4862-8F53-6001EEB0EAF3}.AppStore|iPhone.ActiveCfg = Debug|Any CPU
		{1337FDBC-9BD3-4862-8F53-6001EEB0EAF3}.AppStore|iPhone.Build.0 = Debug|Any CPU
		{1337FDBC-9BD3-4862-8F53-6001EEB0EAF3}.AppStore|iPhoneSimulator.ActiveCfg = Debug|Any CPU
		{1337FDBC-9BD3-4862-8F53-6001EEB0EAF3}.AppStore|iPhoneSimulator.Build.0 = Debug|Any CPU
		{1337FDBC-9BD3-4862-8F53-6001EEB0EAF3}.AutoTest|Any CPU.ActiveCfg = AutoTest|Any CPU
		{1337FDBC-9BD3-4862-8F53-6001EEB0EAF3}.AutoTest|Any CPU.Build.0 = AutoTest|Any CPU
		{1337FDBC-9BD3-4862-8F53-6001EEB0EAF3}.AutoTest|iPhone.ActiveCfg = AutoTest|Any CPU
		{1337FDBC-9BD3-4862-8F53-6001EEB0EAF3}.AutoTest|iPhone.Build.0 = AutoTest|Any CPU
		{1337FDBC-9BD3-4862-8F53-6001EEB0EAF3}.AutoTest|iPhoneSimulator.ActiveCfg = AutoTest|Any CPU
		{1337FDBC-9BD3-4862-8F53-6001EEB0EAF3}.AutoTest|iPhoneSimulator.Build.0 = AutoTest|Any CPU
		{1337FDBC-9BD3-4862-8F53-6001EEB0EAF3}.Debug|Any CPU.ActiveCfg = Debug|Any CPU
		{1337FDBC-9BD3-4862-8F53-6001EEB0EAF3}.Debug|Any CPU.Build.0 = Debug|Any CPU
		{1337FDBC-9BD3-4862-8F53-6001EEB0EAF3}.Debug|iPhone.ActiveCfg = Debug|Any CPU
		{1337FDBC-9BD3-4862-8F53-6001EEB0EAF3}.Debug|iPhone.Build.0 = Debug|Any CPU
		{1337FDBC-9BD3-4862-8F53-6001EEB0EAF3}.Debug|iPhoneSimulator.ActiveCfg = Debug|Any CPU
		{1337FDBC-9BD3-4862-8F53-6001EEB0EAF3}.Debug|iPhoneSimulator.Build.0 = Debug|Any CPU
		{1337FDBC-9BD3-4862-8F53-6001EEB0EAF3}.Release|Any CPU.ActiveCfg = Release|Any CPU
		{1337FDBC-9BD3-4862-8F53-6001EEB0EAF3}.Release|Any CPU.Build.0 = Release|Any CPU
		{1337FDBC-9BD3-4862-8F53-6001EEB0EAF3}.Release|iPhone.ActiveCfg = Release|Any CPU
		{1337FDBC-9BD3-4862-8F53-6001EEB0EAF3}.Release|iPhone.Build.0 = Release|Any CPU
		{1337FDBC-9BD3-4862-8F53-6001EEB0EAF3}.Release|iPhoneSimulator.ActiveCfg = Release|Any CPU
		{1337FDBC-9BD3-4862-8F53-6001EEB0EAF3}.Release|iPhoneSimulator.Build.0 = Release|Any CPU
		{1337FDBC-9BD3-4862-8F53-6001EEB0EAF3}.Test|Any CPU.ActiveCfg = Test|Any CPU
		{1337FDBC-9BD3-4862-8F53-6001EEB0EAF3}.Test|Any CPU.Build.0 = Test|Any CPU
		{1337FDBC-9BD3-4862-8F53-6001EEB0EAF3}.Test|iPhone.ActiveCfg = Test|Any CPU
		{1337FDBC-9BD3-4862-8F53-6001EEB0EAF3}.Test|iPhone.Build.0 = Test|Any CPU
		{1337FDBC-9BD3-4862-8F53-6001EEB0EAF3}.Test|iPhoneSimulator.ActiveCfg = Test|Any CPU
		{1337FDBC-9BD3-4862-8F53-6001EEB0EAF3}.Test|iPhoneSimulator.Build.0 = Test|Any CPU
		{68150DDE-7169-4682-BDC6-91927456D04F}.Ad-Hoc|Any CPU.ActiveCfg = Debug|Any CPU
		{68150DDE-7169-4682-BDC6-91927456D04F}.Ad-Hoc|Any CPU.Build.0 = Debug|Any CPU
		{68150DDE-7169-4682-BDC6-91927456D04F}.Ad-Hoc|iPhone.ActiveCfg = Debug|Any CPU
		{68150DDE-7169-4682-BDC6-91927456D04F}.Ad-Hoc|iPhone.Build.0 = Debug|Any CPU
		{68150DDE-7169-4682-BDC6-91927456D04F}.Ad-Hoc|iPhoneSimulator.ActiveCfg = Debug|Any CPU
		{68150DDE-7169-4682-BDC6-91927456D04F}.Ad-Hoc|iPhoneSimulator.Build.0 = Debug|Any CPU
		{68150DDE-7169-4682-BDC6-91927456D04F}.AppStore|Any CPU.ActiveCfg = Debug|Any CPU
		{68150DDE-7169-4682-BDC6-91927456D04F}.AppStore|Any CPU.Build.0 = Debug|Any CPU
		{68150DDE-7169-4682-BDC6-91927456D04F}.AppStore|iPhone.ActiveCfg = Debug|Any CPU
		{68150DDE-7169-4682-BDC6-91927456D04F}.AppStore|iPhone.Build.0 = Debug|Any CPU
		{68150DDE-7169-4682-BDC6-91927456D04F}.AppStore|iPhoneSimulator.ActiveCfg = Debug|Any CPU
		{68150DDE-7169-4682-BDC6-91927456D04F}.AppStore|iPhoneSimulator.Build.0 = Debug|Any CPU
		{68150DDE-7169-4682-BDC6-91927456D04F}.AutoTest|Any CPU.ActiveCfg = AutoTest|Any CPU
		{68150DDE-7169-4682-BDC6-91927456D04F}.AutoTest|Any CPU.Build.0 = AutoTest|Any CPU
		{68150DDE-7169-4682-BDC6-91927456D04F}.AutoTest|iPhone.ActiveCfg = AutoTest|Any CPU
		{68150DDE-7169-4682-BDC6-91927456D04F}.AutoTest|iPhone.Build.0 = AutoTest|Any CPU
		{68150DDE-7169-4682-BDC6-91927456D04F}.AutoTest|iPhoneSimulator.ActiveCfg = AutoTest|Any CPU
		{68150DDE-7169-4682-BDC6-91927456D04F}.AutoTest|iPhoneSimulator.Build.0 = AutoTest|Any CPU
		{68150DDE-7169-4682-BDC6-91927456D04F}.Debug|Any CPU.ActiveCfg = Debug|Any CPU
		{68150DDE-7169-4682-BDC6-91927456D04F}.Debug|Any CPU.Build.0 = Debug|Any CPU
		{68150DDE-7169-4682-BDC6-91927456D04F}.Debug|iPhone.ActiveCfg = Debug|Any CPU
		{68150DDE-7169-4682-BDC6-91927456D04F}.Debug|iPhone.Build.0 = Debug|Any CPU
		{68150DDE-7169-4682-BDC6-91927456D04F}.Debug|iPhoneSimulator.ActiveCfg = Debug|Any CPU
		{68150DDE-7169-4682-BDC6-91927456D04F}.Debug|iPhoneSimulator.Build.0 = Debug|Any CPU
		{68150DDE-7169-4682-BDC6-91927456D04F}.Release|Any CPU.ActiveCfg = Release|Any CPU
		{68150DDE-7169-4682-BDC6-91927456D04F}.Release|Any CPU.Build.0 = Release|Any CPU
		{68150DDE-7169-4682-BDC6-91927456D04F}.Release|iPhone.ActiveCfg = Release|Any CPU
		{68150DDE-7169-4682-BDC6-91927456D04F}.Release|iPhone.Build.0 = Release|Any CPU
		{68150DDE-7169-4682-BDC6-91927456D04F}.Release|iPhoneSimulator.ActiveCfg = Release|Any CPU
		{68150DDE-7169-4682-BDC6-91927456D04F}.Release|iPhoneSimulator.Build.0 = Release|Any CPU
		{68150DDE-7169-4682-BDC6-91927456D04F}.Test|Any CPU.ActiveCfg = Test|Any CPU
		{68150DDE-7169-4682-BDC6-91927456D04F}.Test|Any CPU.Build.0 = Test|Any CPU
		{68150DDE-7169-4682-BDC6-91927456D04F}.Test|iPhone.ActiveCfg = Test|Any CPU
		{68150DDE-7169-4682-BDC6-91927456D04F}.Test|iPhone.Build.0 = Test|Any CPU
		{68150DDE-7169-4682-BDC6-91927456D04F}.Test|iPhoneSimulator.ActiveCfg = Test|Any CPU
		{68150DDE-7169-4682-BDC6-91927456D04F}.Test|iPhoneSimulator.Build.0 = Test|Any CPU
		{7E317128-A40E-459E-BF15-F586A0C3BB30}.Ad-Hoc|Any CPU.ActiveCfg = Release|Any CPU
		{7E317128-A40E-459E-BF15-F586A0C3BB30}.Ad-Hoc|Any CPU.Build.0 = Release|Any CPU
		{7E317128-A40E-459E-BF15-F586A0C3BB30}.Ad-Hoc|iPhone.ActiveCfg = Release|Any CPU
		{7E317128-A40E-459E-BF15-F586A0C3BB30}.Ad-Hoc|iPhone.Build.0 = Release|Any CPU
		{7E317128-A40E-459E-BF15-F586A0C3BB30}.Ad-Hoc|iPhoneSimulator.ActiveCfg = Release|Any CPU
		{7E317128-A40E-459E-BF15-F586A0C3BB30}.Ad-Hoc|iPhoneSimulator.Build.0 = Release|Any CPU
		{7E317128-A40E-459E-BF15-F586A0C3BB30}.AppStore|Any CPU.ActiveCfg = Release|Any CPU
		{7E317128-A40E-459E-BF15-F586A0C3BB30}.AppStore|Any CPU.Build.0 = Release|Any CPU
		{7E317128-A40E-459E-BF15-F586A0C3BB30}.AppStore|iPhone.ActiveCfg = Release|Any CPU
		{7E317128-A40E-459E-BF15-F586A0C3BB30}.AppStore|iPhone.Build.0 = Release|Any CPU
		{7E317128-A40E-459E-BF15-F586A0C3BB30}.AppStore|iPhoneSimulator.ActiveCfg = Release|Any CPU
		{7E317128-A40E-459E-BF15-F586A0C3BB30}.AppStore|iPhoneSimulator.Build.0 = Release|Any CPU
		{7E317128-A40E-459E-BF15-F586A0C3BB30}.AutoTest|Any CPU.ActiveCfg = AutoTest|Any CPU
		{7E317128-A40E-459E-BF15-F586A0C3BB30}.AutoTest|Any CPU.Build.0 = AutoTest|Any CPU
		{7E317128-A40E-459E-BF15-F586A0C3BB30}.AutoTest|iPhone.ActiveCfg = AutoTest|Any CPU
		{7E317128-A40E-459E-BF15-F586A0C3BB30}.AutoTest|iPhone.Build.0 = AutoTest|Any CPU
		{7E317128-A40E-459E-BF15-F586A0C3BB30}.AutoTest|iPhoneSimulator.ActiveCfg = AutoTest|Any CPU
		{7E317128-A40E-459E-BF15-F586A0C3BB30}.AutoTest|iPhoneSimulator.Build.0 = AutoTest|Any CPU
		{7E317128-A40E-459E-BF15-F586A0C3BB30}.Debug|Any CPU.ActiveCfg = Debug|Any CPU
		{7E317128-A40E-459E-BF15-F586A0C3BB30}.Debug|Any CPU.Build.0 = Debug|Any CPU
		{7E317128-A40E-459E-BF15-F586A0C3BB30}.Debug|iPhone.ActiveCfg = Debug|Any CPU
		{7E317128-A40E-459E-BF15-F586A0C3BB30}.Debug|iPhone.Build.0 = Debug|Any CPU
		{7E317128-A40E-459E-BF15-F586A0C3BB30}.Debug|iPhoneSimulator.ActiveCfg = Debug|Any CPU
		{7E317128-A40E-459E-BF15-F586A0C3BB30}.Debug|iPhoneSimulator.Build.0 = Debug|Any CPU
		{7E317128-A40E-459E-BF15-F586A0C3BB30}.Release|Any CPU.ActiveCfg = Release|Any CPU
		{7E317128-A40E-459E-BF15-F586A0C3BB30}.Release|Any CPU.Build.0 = Release|Any CPU
		{7E317128-A40E-459E-BF15-F586A0C3BB30}.Release|iPhone.ActiveCfg = Release|Any CPU
		{7E317128-A40E-459E-BF15-F586A0C3BB30}.Release|iPhone.Build.0 = Release|Any CPU
		{7E317128-A40E-459E-BF15-F586A0C3BB30}.Release|iPhoneSimulator.ActiveCfg = Release|Any CPU
		{7E317128-A40E-459E-BF15-F586A0C3BB30}.Release|iPhoneSimulator.Build.0 = Release|Any CPU
		{7E317128-A40E-459E-BF15-F586A0C3BB30}.Test|Any CPU.ActiveCfg = Test|Any CPU
		{7E317128-A40E-459E-BF15-F586A0C3BB30}.Test|Any CPU.Build.0 = Test|Any CPU
		{7E317128-A40E-459E-BF15-F586A0C3BB30}.Test|iPhone.ActiveCfg = Test|Any CPU
		{7E317128-A40E-459E-BF15-F586A0C3BB30}.Test|iPhone.Build.0 = Test|Any CPU
		{7E317128-A40E-459E-BF15-F586A0C3BB30}.Test|iPhoneSimulator.ActiveCfg = Test|Any CPU
		{7E317128-A40E-459E-BF15-F586A0C3BB30}.Test|iPhoneSimulator.Build.0 = Test|Any CPU
		{F63AD9BF-AF0D-4FCB-9876-BD5EF95C080C}.Ad-Hoc|Any CPU.ActiveCfg = Release|Any CPU
		{F63AD9BF-AF0D-4FCB-9876-BD5EF95C080C}.Ad-Hoc|Any CPU.Build.0 = Release|Any CPU
		{F63AD9BF-AF0D-4FCB-9876-BD5EF95C080C}.Ad-Hoc|iPhone.ActiveCfg = Release|Any CPU
		{F63AD9BF-AF0D-4FCB-9876-BD5EF95C080C}.Ad-Hoc|iPhone.Build.0 = Release|Any CPU
		{F63AD9BF-AF0D-4FCB-9876-BD5EF95C080C}.Ad-Hoc|iPhoneSimulator.ActiveCfg = Release|Any CPU
		{F63AD9BF-AF0D-4FCB-9876-BD5EF95C080C}.Ad-Hoc|iPhoneSimulator.Build.0 = Release|Any CPU
		{F63AD9BF-AF0D-4FCB-9876-BD5EF95C080C}.AppStore|Any CPU.ActiveCfg = Release|Any CPU
		{F63AD9BF-AF0D-4FCB-9876-BD5EF95C080C}.AppStore|Any CPU.Build.0 = Release|Any CPU
		{F63AD9BF-AF0D-4FCB-9876-BD5EF95C080C}.AppStore|iPhone.ActiveCfg = Release|Any CPU
		{F63AD9BF-AF0D-4FCB-9876-BD5EF95C080C}.AppStore|iPhone.Build.0 = Release|Any CPU
		{F63AD9BF-AF0D-4FCB-9876-BD5EF95C080C}.AppStore|iPhoneSimulator.ActiveCfg = Release|Any CPU
		{F63AD9BF-AF0D-4FCB-9876-BD5EF95C080C}.AppStore|iPhoneSimulator.Build.0 = Release|Any CPU
		{F63AD9BF-AF0D-4FCB-9876-BD5EF95C080C}.AutoTest|Any CPU.ActiveCfg = AutoTest|Any CPU
		{F63AD9BF-AF0D-4FCB-9876-BD5EF95C080C}.AutoTest|Any CPU.Build.0 = AutoTest|Any CPU
		{F63AD9BF-AF0D-4FCB-9876-BD5EF95C080C}.AutoTest|iPhone.ActiveCfg = AutoTest|Any CPU
		{F63AD9BF-AF0D-4FCB-9876-BD5EF95C080C}.AutoTest|iPhone.Build.0 = AutoTest|Any CPU
		{F63AD9BF-AF0D-4FCB-9876-BD5EF95C080C}.AutoTest|iPhoneSimulator.ActiveCfg = AutoTest|Any CPU
		{F63AD9BF-AF0D-4FCB-9876-BD5EF95C080C}.AutoTest|iPhoneSimulator.Build.0 = AutoTest|Any CPU
		{F63AD9BF-AF0D-4FCB-9876-BD5EF95C080C}.Debug|Any CPU.ActiveCfg = Debug|Any CPU
		{F63AD9BF-AF0D-4FCB-9876-BD5EF95C080C}.Debug|Any CPU.Build.0 = Debug|Any CPU
		{F63AD9BF-AF0D-4FCB-9876-BD5EF95C080C}.Debug|iPhone.ActiveCfg = Debug|Any CPU
		{F63AD9BF-AF0D-4FCB-9876-BD5EF95C080C}.Debug|iPhone.Build.0 = Debug|Any CPU
		{F63AD9BF-AF0D-4FCB-9876-BD5EF95C080C}.Debug|iPhoneSimulator.ActiveCfg = Debug|Any CPU
		{F63AD9BF-AF0D-4FCB-9876-BD5EF95C080C}.Debug|iPhoneSimulator.Build.0 = Debug|Any CPU
		{F63AD9BF-AF0D-4FCB-9876-BD5EF95C080C}.Release|Any CPU.ActiveCfg = Release|Any CPU
		{F63AD9BF-AF0D-4FCB-9876-BD5EF95C080C}.Release|Any CPU.Build.0 = Release|Any CPU
		{F63AD9BF-AF0D-4FCB-9876-BD5EF95C080C}.Release|iPhone.ActiveCfg = Release|Any CPU
		{F63AD9BF-AF0D-4FCB-9876-BD5EF95C080C}.Release|iPhone.Build.0 = Release|Any CPU
		{F63AD9BF-AF0D-4FCB-9876-BD5EF95C080C}.Release|iPhoneSimulator.ActiveCfg = Release|Any CPU
		{F63AD9BF-AF0D-4FCB-9876-BD5EF95C080C}.Release|iPhoneSimulator.Build.0 = Release|Any CPU
		{F63AD9BF-AF0D-4FCB-9876-BD5EF95C080C}.Test|Any CPU.ActiveCfg = Test|Any CPU
		{F63AD9BF-AF0D-4FCB-9876-BD5EF95C080C}.Test|Any CPU.Build.0 = Test|Any CPU
		{F63AD9BF-AF0D-4FCB-9876-BD5EF95C080C}.Test|iPhone.ActiveCfg = Test|Any CPU
		{F63AD9BF-AF0D-4FCB-9876-BD5EF95C080C}.Test|iPhone.Build.0 = Test|Any CPU
		{F63AD9BF-AF0D-4FCB-9876-BD5EF95C080C}.Test|iPhoneSimulator.ActiveCfg = Test|Any CPU
		{F63AD9BF-AF0D-4FCB-9876-BD5EF95C080C}.Test|iPhoneSimulator.Build.0 = Test|Any CPU
		{42C1EFA7-30A7-40DE-8EBF-1C4000C0F33C}.Ad-Hoc|Any CPU.ActiveCfg = Release|Any CPU
		{42C1EFA7-30A7-40DE-8EBF-1C4000C0F33C}.Ad-Hoc|Any CPU.Build.0 = Release|Any CPU
		{42C1EFA7-30A7-40DE-8EBF-1C4000C0F33C}.Ad-Hoc|iPhone.ActiveCfg = Release|Any CPU
		{42C1EFA7-30A7-40DE-8EBF-1C4000C0F33C}.Ad-Hoc|iPhone.Build.0 = Release|Any CPU
		{42C1EFA7-30A7-40DE-8EBF-1C4000C0F33C}.Ad-Hoc|iPhoneSimulator.ActiveCfg = Release|Any CPU
		{42C1EFA7-30A7-40DE-8EBF-1C4000C0F33C}.Ad-Hoc|iPhoneSimulator.Build.0 = Release|Any CPU
		{42C1EFA7-30A7-40DE-8EBF-1C4000C0F33C}.AppStore|Any CPU.ActiveCfg = Release|Any CPU
		{42C1EFA7-30A7-40DE-8EBF-1C4000C0F33C}.AppStore|Any CPU.Build.0 = Release|Any CPU
		{42C1EFA7-30A7-40DE-8EBF-1C4000C0F33C}.AppStore|iPhone.ActiveCfg = Release|Any CPU
		{42C1EFA7-30A7-40DE-8EBF-1C4000C0F33C}.AppStore|iPhone.Build.0 = Release|Any CPU
		{42C1EFA7-30A7-40DE-8EBF-1C4000C0F33C}.AppStore|iPhoneSimulator.ActiveCfg = Release|Any CPU
		{42C1EFA7-30A7-40DE-8EBF-1C4000C0F33C}.AppStore|iPhoneSimulator.Build.0 = Release|Any CPU
		{42C1EFA7-30A7-40DE-8EBF-1C4000C0F33C}.AutoTest|Any CPU.ActiveCfg = AutoTest|Any CPU
		{42C1EFA7-30A7-40DE-8EBF-1C4000C0F33C}.AutoTest|Any CPU.Build.0 = AutoTest|Any CPU
		{42C1EFA7-30A7-40DE-8EBF-1C4000C0F33C}.AutoTest|iPhone.ActiveCfg = AutoTest|Any CPU
		{42C1EFA7-30A7-40DE-8EBF-1C4000C0F33C}.AutoTest|iPhone.Build.0 = AutoTest|Any CPU
		{42C1EFA7-30A7-40DE-8EBF-1C4000C0F33C}.AutoTest|iPhoneSimulator.ActiveCfg = AutoTest|Any CPU
		{42C1EFA7-30A7-40DE-8EBF-1C4000C0F33C}.AutoTest|iPhoneSimulator.Build.0 = AutoTest|Any CPU
		{42C1EFA7-30A7-40DE-8EBF-1C4000C0F33C}.Debug|Any CPU.ActiveCfg = Debug|Any CPU
		{42C1EFA7-30A7-40DE-8EBF-1C4000C0F33C}.Debug|Any CPU.Build.0 = Debug|Any CPU
		{42C1EFA7-30A7-40DE-8EBF-1C4000C0F33C}.Debug|iPhone.ActiveCfg = Debug|Any CPU
		{42C1EFA7-30A7-40DE-8EBF-1C4000C0F33C}.Debug|iPhone.Build.0 = Debug|Any CPU
		{42C1EFA7-30A7-40DE-8EBF-1C4000C0F33C}.Debug|iPhoneSimulator.ActiveCfg = Debug|Any CPU
		{42C1EFA7-30A7-40DE-8EBF-1C4000C0F33C}.Debug|iPhoneSimulator.Build.0 = Debug|Any CPU
		{42C1EFA7-30A7-40DE-8EBF-1C4000C0F33C}.Release|Any CPU.ActiveCfg = Release|Any CPU
		{42C1EFA7-30A7-40DE-8EBF-1C4000C0F33C}.Release|Any CPU.Build.0 = Release|Any CPU
		{42C1EFA7-30A7-40DE-8EBF-1C4000C0F33C}.Release|iPhone.ActiveCfg = Release|Any CPU
		{42C1EFA7-30A7-40DE-8EBF-1C4000C0F33C}.Release|iPhone.Build.0 = Release|Any CPU
		{42C1EFA7-30A7-40DE-8EBF-1C4000C0F33C}.Release|iPhoneSimulator.ActiveCfg = Release|Any CPU
		{42C1EFA7-30A7-40DE-8EBF-1C4000C0F33C}.Release|iPhoneSimulator.Build.0 = Release|Any CPU
		{42C1EFA7-30A7-40DE-8EBF-1C4000C0F33C}.Test|Any CPU.ActiveCfg = Test|Any CPU
		{42C1EFA7-30A7-40DE-8EBF-1C4000C0F33C}.Test|Any CPU.Build.0 = Test|Any CPU
		{42C1EFA7-30A7-40DE-8EBF-1C4000C0F33C}.Test|iPhone.ActiveCfg = Test|Any CPU
		{42C1EFA7-30A7-40DE-8EBF-1C4000C0F33C}.Test|iPhone.Build.0 = Test|Any CPU
		{42C1EFA7-30A7-40DE-8EBF-1C4000C0F33C}.Test|iPhoneSimulator.ActiveCfg = Test|Any CPU
		{42C1EFA7-30A7-40DE-8EBF-1C4000C0F33C}.Test|iPhoneSimulator.Build.0 = Test|Any CPU
		{628011AB-5358-4D21-8E4A-54CF1AA05FC1}.Ad-Hoc|Any CPU.ActiveCfg = Release|Any CPU
		{628011AB-5358-4D21-8E4A-54CF1AA05FC1}.Ad-Hoc|Any CPU.Build.0 = Release|Any CPU
		{628011AB-5358-4D21-8E4A-54CF1AA05FC1}.Ad-Hoc|iPhone.ActiveCfg = Release|Any CPU
		{628011AB-5358-4D21-8E4A-54CF1AA05FC1}.Ad-Hoc|iPhone.Build.0 = Release|Any CPU
		{628011AB-5358-4D21-8E4A-54CF1AA05FC1}.Ad-Hoc|iPhoneSimulator.ActiveCfg = Release|Any CPU
		{628011AB-5358-4D21-8E4A-54CF1AA05FC1}.Ad-Hoc|iPhoneSimulator.Build.0 = Release|Any CPU
		{628011AB-5358-4D21-8E4A-54CF1AA05FC1}.AppStore|Any CPU.ActiveCfg = Release|Any CPU
		{628011AB-5358-4D21-8E4A-54CF1AA05FC1}.AppStore|Any CPU.Build.0 = Release|Any CPU
		{628011AB-5358-4D21-8E4A-54CF1AA05FC1}.AppStore|iPhone.ActiveCfg = Release|Any CPU
		{628011AB-5358-4D21-8E4A-54CF1AA05FC1}.AppStore|iPhone.Build.0 = Release|Any CPU
		{628011AB-5358-4D21-8E4A-54CF1AA05FC1}.AppStore|iPhoneSimulator.ActiveCfg = Release|Any CPU
		{628011AB-5358-4D21-8E4A-54CF1AA05FC1}.AppStore|iPhoneSimulator.Build.0 = Release|Any CPU
		{628011AB-5358-4D21-8E4A-54CF1AA05FC1}.AutoTest|Any CPU.ActiveCfg = AutoTest|Any CPU
		{628011AB-5358-4D21-8E4A-54CF1AA05FC1}.AutoTest|Any CPU.Build.0 = AutoTest|Any CPU
		{628011AB-5358-4D21-8E4A-54CF1AA05FC1}.AutoTest|iPhone.ActiveCfg = AutoTest|Any CPU
		{628011AB-5358-4D21-8E4A-54CF1AA05FC1}.AutoTest|iPhone.Build.0 = AutoTest|Any CPU
		{628011AB-5358-4D21-8E4A-54CF1AA05FC1}.AutoTest|iPhoneSimulator.ActiveCfg = AutoTest|Any CPU
		{628011AB-5358-4D21-8E4A-54CF1AA05FC1}.AutoTest|iPhoneSimulator.Build.0 = AutoTest|Any CPU
		{628011AB-5358-4D21-8E4A-54CF1AA05FC1}.Debug|Any CPU.ActiveCfg = Debug|Any CPU
		{628011AB-5358-4D21-8E4A-54CF1AA05FC1}.Debug|Any CPU.Build.0 = Debug|Any CPU
		{628011AB-5358-4D21-8E4A-54CF1AA05FC1}.Debug|iPhone.ActiveCfg = Debug|Any CPU
		{628011AB-5358-4D21-8E4A-54CF1AA05FC1}.Debug|iPhone.Build.0 = Debug|Any CPU
		{628011AB-5358-4D21-8E4A-54CF1AA05FC1}.Debug|iPhoneSimulator.ActiveCfg = Debug|Any CPU
		{628011AB-5358-4D21-8E4A-54CF1AA05FC1}.Debug|iPhoneSimulator.Build.0 = Debug|Any CPU
		{628011AB-5358-4D21-8E4A-54CF1AA05FC1}.Release|Any CPU.ActiveCfg = Release|Any CPU
		{628011AB-5358-4D21-8E4A-54CF1AA05FC1}.Release|Any CPU.Build.0 = Release|Any CPU
		{628011AB-5358-4D21-8E4A-54CF1AA05FC1}.Release|iPhone.ActiveCfg = Release|Any CPU
		{628011AB-5358-4D21-8E4A-54CF1AA05FC1}.Release|iPhone.Build.0 = Release|Any CPU
		{628011AB-5358-4D21-8E4A-54CF1AA05FC1}.Release|iPhoneSimulator.ActiveCfg = Release|Any CPU
		{628011AB-5358-4D21-8E4A-54CF1AA05FC1}.Release|iPhoneSimulator.Build.0 = Release|Any CPU
		{628011AB-5358-4D21-8E4A-54CF1AA05FC1}.Test|Any CPU.ActiveCfg = Test|Any CPU
		{628011AB-5358-4D21-8E4A-54CF1AA05FC1}.Test|Any CPU.Build.0 = Test|Any CPU
		{628011AB-5358-4D21-8E4A-54CF1AA05FC1}.Test|iPhone.ActiveCfg = Test|Any CPU
		{628011AB-5358-4D21-8E4A-54CF1AA05FC1}.Test|iPhone.Build.0 = Test|Any CPU
		{628011AB-5358-4D21-8E4A-54CF1AA05FC1}.Test|iPhoneSimulator.ActiveCfg = Test|Any CPU
		{628011AB-5358-4D21-8E4A-54CF1AA05FC1}.Test|iPhoneSimulator.Build.0 = Test|Any CPU
		{04D81884-8581-4CBE-8181-9584E9E12513}.Ad-Hoc|Any CPU.ActiveCfg = Release|Any CPU
		{04D81884-8581-4CBE-8181-9584E9E12513}.Ad-Hoc|Any CPU.Build.0 = Release|Any CPU
		{04D81884-8581-4CBE-8181-9584E9E12513}.Ad-Hoc|iPhone.ActiveCfg = Release|Any CPU
		{04D81884-8581-4CBE-8181-9584E9E12513}.Ad-Hoc|iPhone.Build.0 = Release|Any CPU
		{04D81884-8581-4CBE-8181-9584E9E12513}.Ad-Hoc|iPhoneSimulator.ActiveCfg = Release|Any CPU
		{04D81884-8581-4CBE-8181-9584E9E12513}.Ad-Hoc|iPhoneSimulator.Build.0 = Release|Any CPU
		{04D81884-8581-4CBE-8181-9584E9E12513}.AppStore|Any CPU.ActiveCfg = Release|Any CPU
		{04D81884-8581-4CBE-8181-9584E9E12513}.AppStore|Any CPU.Build.0 = Release|Any CPU
		{04D81884-8581-4CBE-8181-9584E9E12513}.AppStore|iPhone.ActiveCfg = Release|Any CPU
		{04D81884-8581-4CBE-8181-9584E9E12513}.AppStore|iPhone.Build.0 = Release|Any CPU
		{04D81884-8581-4CBE-8181-9584E9E12513}.AppStore|iPhoneSimulator.ActiveCfg = Release|Any CPU
		{04D81884-8581-4CBE-8181-9584E9E12513}.AppStore|iPhoneSimulator.Build.0 = Release|Any CPU
		{04D81884-8581-4CBE-8181-9584E9E12513}.AutoTest|Any CPU.ActiveCfg = AutoTest|Any CPU
		{04D81884-8581-4CBE-8181-9584E9E12513}.AutoTest|Any CPU.Build.0 = AutoTest|Any CPU
		{04D81884-8581-4CBE-8181-9584E9E12513}.AutoTest|iPhone.ActiveCfg = AutoTest|Any CPU
		{04D81884-8581-4CBE-8181-9584E9E12513}.AutoTest|iPhone.Build.0 = AutoTest|Any CPU
		{04D81884-8581-4CBE-8181-9584E9E12513}.AutoTest|iPhoneSimulator.ActiveCfg = AutoTest|Any CPU
		{04D81884-8581-4CBE-8181-9584E9E12513}.AutoTest|iPhoneSimulator.Build.0 = AutoTest|Any CPU
		{04D81884-8581-4CBE-8181-9584E9E12513}.Debug|Any CPU.ActiveCfg = Debug|Any CPU
		{04D81884-8581-4CBE-8181-9584E9E12513}.Debug|Any CPU.Build.0 = Debug|Any CPU
		{04D81884-8581-4CBE-8181-9584E9E12513}.Debug|iPhone.ActiveCfg = Debug|Any CPU
		{04D81884-8581-4CBE-8181-9584E9E12513}.Debug|iPhone.Build.0 = Debug|Any CPU
		{04D81884-8581-4CBE-8181-9584E9E12513}.Debug|iPhoneSimulator.ActiveCfg = Debug|Any CPU
		{04D81884-8581-4CBE-8181-9584E9E12513}.Debug|iPhoneSimulator.Build.0 = Debug|Any CPU
		{04D81884-8581-4CBE-8181-9584E9E12513}.Release|Any CPU.ActiveCfg = Release|Any CPU
		{04D81884-8581-4CBE-8181-9584E9E12513}.Release|Any CPU.Build.0 = Release|Any CPU
		{04D81884-8581-4CBE-8181-9584E9E12513}.Release|iPhone.ActiveCfg = Release|Any CPU
		{04D81884-8581-4CBE-8181-9584E9E12513}.Release|iPhone.Build.0 = Release|Any CPU
		{04D81884-8581-4CBE-8181-9584E9E12513}.Release|iPhoneSimulator.ActiveCfg = Release|Any CPU
		{04D81884-8581-4CBE-8181-9584E9E12513}.Release|iPhoneSimulator.Build.0 = Release|Any CPU
		{04D81884-8581-4CBE-8181-9584E9E12513}.Test|Any CPU.ActiveCfg = Test|Any CPU
		{04D81884-8581-4CBE-8181-9584E9E12513}.Test|Any CPU.Build.0 = Test|Any CPU
		{04D81884-8581-4CBE-8181-9584E9E12513}.Test|iPhone.ActiveCfg = Test|Any CPU
		{04D81884-8581-4CBE-8181-9584E9E12513}.Test|iPhone.Build.0 = Test|Any CPU
		{04D81884-8581-4CBE-8181-9584E9E12513}.Test|iPhoneSimulator.ActiveCfg = Test|Any CPU
		{04D81884-8581-4CBE-8181-9584E9E12513}.Test|iPhoneSimulator.Build.0 = Test|Any CPU
		{8FC9781A-809B-44FC-8343-55FC8F642835}.Ad-Hoc|Any CPU.ActiveCfg = Release|Any CPU
		{8FC9781A-809B-44FC-8343-55FC8F642835}.Ad-Hoc|Any CPU.Build.0 = Release|Any CPU
		{8FC9781A-809B-44FC-8343-55FC8F642835}.Ad-Hoc|iPhone.ActiveCfg = Release|Any CPU
		{8FC9781A-809B-44FC-8343-55FC8F642835}.Ad-Hoc|iPhone.Build.0 = Release|Any CPU
		{8FC9781A-809B-44FC-8343-55FC8F642835}.Ad-Hoc|iPhoneSimulator.ActiveCfg = Release|Any CPU
		{8FC9781A-809B-44FC-8343-55FC8F642835}.Ad-Hoc|iPhoneSimulator.Build.0 = Release|Any CPU
		{8FC9781A-809B-44FC-8343-55FC8F642835}.AppStore|Any CPU.ActiveCfg = Release|Any CPU
		{8FC9781A-809B-44FC-8343-55FC8F642835}.AppStore|Any CPU.Build.0 = Release|Any CPU
		{8FC9781A-809B-44FC-8343-55FC8F642835}.AppStore|iPhone.ActiveCfg = Release|Any CPU
		{8FC9781A-809B-44FC-8343-55FC8F642835}.AppStore|iPhone.Build.0 = Release|Any CPU
		{8FC9781A-809B-44FC-8343-55FC8F642835}.AppStore|iPhoneSimulator.ActiveCfg = Release|Any CPU
		{8FC9781A-809B-44FC-8343-55FC8F642835}.AppStore|iPhoneSimulator.Build.0 = Release|Any CPU
		{8FC9781A-809B-44FC-8343-55FC8F642835}.AutoTest|Any CPU.ActiveCfg = AutoTest|Any CPU
		{8FC9781A-809B-44FC-8343-55FC8F642835}.AutoTest|Any CPU.Build.0 = AutoTest|Any CPU
		{8FC9781A-809B-44FC-8343-55FC8F642835}.AutoTest|iPhone.ActiveCfg = AutoTest|Any CPU
		{8FC9781A-809B-44FC-8343-55FC8F642835}.AutoTest|iPhone.Build.0 = AutoTest|Any CPU
		{8FC9781A-809B-44FC-8343-55FC8F642835}.AutoTest|iPhoneSimulator.ActiveCfg = AutoTest|Any CPU
		{8FC9781A-809B-44FC-8343-55FC8F642835}.AutoTest|iPhoneSimulator.Build.0 = AutoTest|Any CPU
		{8FC9781A-809B-44FC-8343-55FC8F642835}.Debug|Any CPU.ActiveCfg = Debug|Any CPU
		{8FC9781A-809B-44FC-8343-55FC8F642835}.Debug|Any CPU.Build.0 = Debug|Any CPU
		{8FC9781A-809B-44FC-8343-55FC8F642835}.Debug|iPhone.ActiveCfg = Debug|Any CPU
		{8FC9781A-809B-44FC-8343-55FC8F642835}.Debug|iPhone.Build.0 = Debug|Any CPU
		{8FC9781A-809B-44FC-8343-55FC8F642835}.Debug|iPhoneSimulator.ActiveCfg = Debug|Any CPU
		{8FC9781A-809B-44FC-8343-55FC8F642835}.Debug|iPhoneSimulator.Build.0 = Debug|Any CPU
		{8FC9781A-809B-44FC-8343-55FC8F642835}.Release|Any CPU.ActiveCfg = Release|Any CPU
		{8FC9781A-809B-44FC-8343-55FC8F642835}.Release|Any CPU.Build.0 = Release|Any CPU
		{8FC9781A-809B-44FC-8343-55FC8F642835}.Release|iPhone.ActiveCfg = Release|Any CPU
		{8FC9781A-809B-44FC-8343-55FC8F642835}.Release|iPhone.Build.0 = Release|Any CPU
		{8FC9781A-809B-44FC-8343-55FC8F642835}.Release|iPhoneSimulator.ActiveCfg = Release|Any CPU
		{8FC9781A-809B-44FC-8343-55FC8F642835}.Release|iPhoneSimulator.Build.0 = Release|Any CPU
		{8FC9781A-809B-44FC-8343-55FC8F642835}.Test|Any CPU.ActiveCfg = Test|Any CPU
		{8FC9781A-809B-44FC-8343-55FC8F642835}.Test|Any CPU.Build.0 = Test|Any CPU
		{8FC9781A-809B-44FC-8343-55FC8F642835}.Test|iPhone.ActiveCfg = Test|Any CPU
		{8FC9781A-809B-44FC-8343-55FC8F642835}.Test|iPhone.Build.0 = Test|Any CPU
		{8FC9781A-809B-44FC-8343-55FC8F642835}.Test|iPhoneSimulator.ActiveCfg = Test|Any CPU
		{8FC9781A-809B-44FC-8343-55FC8F642835}.Test|iPhoneSimulator.Build.0 = Test|Any CPU
		{D4B6321D-461B-4AFE-B03F-BE776429D376}.Ad-Hoc|Any CPU.ActiveCfg = Release|Any CPU
		{D4B6321D-461B-4AFE-B03F-BE776429D376}.Ad-Hoc|Any CPU.Build.0 = Release|Any CPU
		{D4B6321D-461B-4AFE-B03F-BE776429D376}.Ad-Hoc|iPhone.ActiveCfg = Release|Any CPU
		{D4B6321D-461B-4AFE-B03F-BE776429D376}.Ad-Hoc|iPhone.Build.0 = Release|Any CPU
		{D4B6321D-461B-4AFE-B03F-BE776429D376}.Ad-Hoc|iPhoneSimulator.ActiveCfg = Release|Any CPU
		{D4B6321D-461B-4AFE-B03F-BE776429D376}.Ad-Hoc|iPhoneSimulator.Build.0 = Release|Any CPU
		{D4B6321D-461B-4AFE-B03F-BE776429D376}.AppStore|Any CPU.ActiveCfg = Release|Any CPU
		{D4B6321D-461B-4AFE-B03F-BE776429D376}.AppStore|Any CPU.Build.0 = Release|Any CPU
		{D4B6321D-461B-4AFE-B03F-BE776429D376}.AppStore|iPhone.ActiveCfg = Release|Any CPU
		{D4B6321D-461B-4AFE-B03F-BE776429D376}.AppStore|iPhone.Build.0 = Release|Any CPU
		{D4B6321D-461B-4AFE-B03F-BE776429D376}.AppStore|iPhoneSimulator.ActiveCfg = Release|Any CPU
		{D4B6321D-461B-4AFE-B03F-BE776429D376}.AppStore|iPhoneSimulator.Build.0 = Release|Any CPU
		{D4B6321D-461B-4AFE-B03F-BE776429D376}.AutoTest|Any CPU.ActiveCfg = AutoTest|Any CPU
		{D4B6321D-461B-4AFE-B03F-BE776429D376}.AutoTest|Any CPU.Build.0 = AutoTest|Any CPU
		{D4B6321D-461B-4AFE-B03F-BE776429D376}.AutoTest|iPhone.ActiveCfg = AutoTest|Any CPU
		{D4B6321D-461B-4AFE-B03F-BE776429D376}.AutoTest|iPhone.Build.0 = AutoTest|Any CPU
		{D4B6321D-461B-4AFE-B03F-BE776429D376}.AutoTest|iPhoneSimulator.ActiveCfg = AutoTest|Any CPU
		{D4B6321D-461B-4AFE-B03F-BE776429D376}.AutoTest|iPhoneSimulator.Build.0 = AutoTest|Any CPU
		{D4B6321D-461B-4AFE-B03F-BE776429D376}.Debug|Any CPU.ActiveCfg = Debug|Any CPU
		{D4B6321D-461B-4AFE-B03F-BE776429D376}.Debug|Any CPU.Build.0 = Debug|Any CPU
		{D4B6321D-461B-4AFE-B03F-BE776429D376}.Debug|iPhone.ActiveCfg = Debug|Any CPU
		{D4B6321D-461B-4AFE-B03F-BE776429D376}.Debug|iPhone.Build.0 = Debug|Any CPU
		{D4B6321D-461B-4AFE-B03F-BE776429D376}.Debug|iPhoneSimulator.ActiveCfg = Debug|Any CPU
		{D4B6321D-461B-4AFE-B03F-BE776429D376}.Debug|iPhoneSimulator.Build.0 = Debug|Any CPU
		{D4B6321D-461B-4AFE-B03F-BE776429D376}.Release|Any CPU.ActiveCfg = Release|Any CPU
		{D4B6321D-461B-4AFE-B03F-BE776429D376}.Release|Any CPU.Build.0 = Release|Any CPU
		{D4B6321D-461B-4AFE-B03F-BE776429D376}.Release|iPhone.ActiveCfg = Release|Any CPU
		{D4B6321D-461B-4AFE-B03F-BE776429D376}.Release|iPhone.Build.0 = Release|Any CPU
		{D4B6321D-461B-4AFE-B03F-BE776429D376}.Release|iPhoneSimulator.ActiveCfg = Release|Any CPU
		{D4B6321D-461B-4AFE-B03F-BE776429D376}.Release|iPhoneSimulator.Build.0 = Release|Any CPU
		{D4B6321D-461B-4AFE-B03F-BE776429D376}.Test|Any CPU.ActiveCfg = Test|Any CPU
		{D4B6321D-461B-4AFE-B03F-BE776429D376}.Test|Any CPU.Build.0 = Test|Any CPU
		{D4B6321D-461B-4AFE-B03F-BE776429D376}.Test|iPhone.ActiveCfg = Test|Any CPU
		{D4B6321D-461B-4AFE-B03F-BE776429D376}.Test|iPhone.Build.0 = Test|Any CPU
		{D4B6321D-461B-4AFE-B03F-BE776429D376}.Test|iPhoneSimulator.ActiveCfg = Test|Any CPU
		{D4B6321D-461B-4AFE-B03F-BE776429D376}.Test|iPhoneSimulator.Build.0 = Test|Any CPU
		{BB0F6604-FD81-4063-8D1A-40F5084CA1BC}.Ad-Hoc|Any CPU.ActiveCfg = Ad-Hoc|Any CPU
		{BB0F6604-FD81-4063-8D1A-40F5084CA1BC}.Ad-Hoc|Any CPU.Build.0 = Ad-Hoc|Any CPU
		{BB0F6604-FD81-4063-8D1A-40F5084CA1BC}.Ad-Hoc|iPhone.ActiveCfg = Ad-Hoc|iPhone
		{BB0F6604-FD81-4063-8D1A-40F5084CA1BC}.Ad-Hoc|iPhone.Build.0 = Ad-Hoc|iPhone
		{BB0F6604-FD81-4063-8D1A-40F5084CA1BC}.Ad-Hoc|iPhoneSimulator.ActiveCfg = Ad-Hoc|iPhoneSimulator
		{BB0F6604-FD81-4063-8D1A-40F5084CA1BC}.Ad-Hoc|iPhoneSimulator.Build.0 = Ad-Hoc|iPhoneSimulator
		{BB0F6604-FD81-4063-8D1A-40F5084CA1BC}.AppStore|Any CPU.ActiveCfg = AppStore|Any CPU
		{BB0F6604-FD81-4063-8D1A-40F5084CA1BC}.AppStore|Any CPU.Build.0 = AppStore|Any CPU
		{BB0F6604-FD81-4063-8D1A-40F5084CA1BC}.AppStore|iPhone.ActiveCfg = AppStore|iPhone
		{BB0F6604-FD81-4063-8D1A-40F5084CA1BC}.AppStore|iPhone.Build.0 = AppStore|iPhone
		{BB0F6604-FD81-4063-8D1A-40F5084CA1BC}.AppStore|iPhoneSimulator.ActiveCfg = AppStore|iPhoneSimulator
		{BB0F6604-FD81-4063-8D1A-40F5084CA1BC}.AppStore|iPhoneSimulator.Build.0 = AppStore|iPhoneSimulator
		{BB0F6604-FD81-4063-8D1A-40F5084CA1BC}.AutoTest|Any CPU.ActiveCfg = AutoTest|Any CPU
		{BB0F6604-FD81-4063-8D1A-40F5084CA1BC}.AutoTest|Any CPU.Build.0 = AutoTest|Any CPU
		{BB0F6604-FD81-4063-8D1A-40F5084CA1BC}.AutoTest|iPhone.ActiveCfg = AutoTest|iPhone
		{BB0F6604-FD81-4063-8D1A-40F5084CA1BC}.AutoTest|iPhone.Build.0 = AutoTest|iPhone
		{BB0F6604-FD81-4063-8D1A-40F5084CA1BC}.AutoTest|iPhoneSimulator.ActiveCfg = AutoTest|iPhoneSimulator
		{BB0F6604-FD81-4063-8D1A-40F5084CA1BC}.AutoTest|iPhoneSimulator.Build.0 = AutoTest|iPhoneSimulator
		{BB0F6604-FD81-4063-8D1A-40F5084CA1BC}.Debug|Any CPU.ActiveCfg = Debug|Any CPU
		{BB0F6604-FD81-4063-8D1A-40F5084CA1BC}.Debug|Any CPU.Build.0 = Debug|Any CPU
		{BB0F6604-FD81-4063-8D1A-40F5084CA1BC}.Debug|iPhone.ActiveCfg = Debug|iPhone
		{BB0F6604-FD81-4063-8D1A-40F5084CA1BC}.Debug|iPhone.Build.0 = Debug|iPhone
		{BB0F6604-FD81-4063-8D1A-40F5084CA1BC}.Debug|iPhoneSimulator.ActiveCfg = Debug|iPhoneSimulator
		{BB0F6604-FD81-4063-8D1A-40F5084CA1BC}.Debug|iPhoneSimulator.Build.0 = Debug|iPhoneSimulator
		{BB0F6604-FD81-4063-8D1A-40F5084CA1BC}.Release|Any CPU.ActiveCfg = Release|Any CPU
		{BB0F6604-FD81-4063-8D1A-40F5084CA1BC}.Release|Any CPU.Build.0 = Release|Any CPU
		{BB0F6604-FD81-4063-8D1A-40F5084CA1BC}.Release|iPhone.ActiveCfg = Release|iPhone
		{BB0F6604-FD81-4063-8D1A-40F5084CA1BC}.Release|iPhone.Build.0 = Release|iPhone
		{BB0F6604-FD81-4063-8D1A-40F5084CA1BC}.Release|iPhoneSimulator.ActiveCfg = Release|iPhoneSimulator
		{BB0F6604-FD81-4063-8D1A-40F5084CA1BC}.Release|iPhoneSimulator.Build.0 = Release|iPhoneSimulator
		{BB0F6604-FD81-4063-8D1A-40F5084CA1BC}.Test|Any CPU.ActiveCfg = Test|Any CPU
		{BB0F6604-FD81-4063-8D1A-40F5084CA1BC}.Test|Any CPU.Build.0 = Test|Any CPU
		{BB0F6604-FD81-4063-8D1A-40F5084CA1BC}.Test|iPhone.ActiveCfg = Test|iPhone
		{BB0F6604-FD81-4063-8D1A-40F5084CA1BC}.Test|iPhone.Build.0 = Test|iPhone
		{BB0F6604-FD81-4063-8D1A-40F5084CA1BC}.Test|iPhoneSimulator.ActiveCfg = Test|iPhoneSimulator
		{BB0F6604-FD81-4063-8D1A-40F5084CA1BC}.Test|iPhoneSimulator.Build.0 = Test|iPhoneSimulator
		{DFE8CEFD-58E2-4A3F-A920-C0487C223602}.Ad-Hoc|Any CPU.ActiveCfg = Release|Any CPU
		{DFE8CEFD-58E2-4A3F-A920-C0487C223602}.Ad-Hoc|Any CPU.Build.0 = Release|Any CPU
		{DFE8CEFD-58E2-4A3F-A920-C0487C223602}.Ad-Hoc|iPhone.ActiveCfg = Release|Any CPU
		{DFE8CEFD-58E2-4A3F-A920-C0487C223602}.Ad-Hoc|iPhone.Build.0 = Release|Any CPU
		{DFE8CEFD-58E2-4A3F-A920-C0487C223602}.Ad-Hoc|iPhoneSimulator.ActiveCfg = Release|Any CPU
		{DFE8CEFD-58E2-4A3F-A920-C0487C223602}.Ad-Hoc|iPhoneSimulator.Build.0 = Release|Any CPU
		{DFE8CEFD-58E2-4A3F-A920-C0487C223602}.AppStore|Any CPU.ActiveCfg = Release|Any CPU
		{DFE8CEFD-58E2-4A3F-A920-C0487C223602}.AppStore|Any CPU.Build.0 = Release|Any CPU
		{DFE8CEFD-58E2-4A3F-A920-C0487C223602}.AppStore|iPhone.ActiveCfg = Release|Any CPU
		{DFE8CEFD-58E2-4A3F-A920-C0487C223602}.AppStore|iPhone.Build.0 = Release|Any CPU
		{DFE8CEFD-58E2-4A3F-A920-C0487C223602}.AppStore|iPhoneSimulator.ActiveCfg = Release|Any CPU
		{DFE8CEFD-58E2-4A3F-A920-C0487C223602}.AppStore|iPhoneSimulator.Build.0 = Release|Any CPU
		{DFE8CEFD-58E2-4A3F-A920-C0487C223602}.AutoTest|Any CPU.ActiveCfg = AutoTest|Any CPU
		{DFE8CEFD-58E2-4A3F-A920-C0487C223602}.AutoTest|Any CPU.Build.0 = AutoTest|Any CPU
		{DFE8CEFD-58E2-4A3F-A920-C0487C223602}.AutoTest|iPhone.ActiveCfg = AutoTest|Any CPU
		{DFE8CEFD-58E2-4A3F-A920-C0487C223602}.AutoTest|iPhone.Build.0 = AutoTest|Any CPU
		{DFE8CEFD-58E2-4A3F-A920-C0487C223602}.AutoTest|iPhoneSimulator.ActiveCfg = AutoTest|Any CPU
		{DFE8CEFD-58E2-4A3F-A920-C0487C223602}.AutoTest|iPhoneSimulator.Build.0 = AutoTest|Any CPU
		{DFE8CEFD-58E2-4A3F-A920-C0487C223602}.Debug|Any CPU.ActiveCfg = Debug|Any CPU
		{DFE8CEFD-58E2-4A3F-A920-C0487C223602}.Debug|Any CPU.Build.0 = Debug|Any CPU
		{DFE8CEFD-58E2-4A3F-A920-C0487C223602}.Debug|iPhone.ActiveCfg = Debug|Any CPU
		{DFE8CEFD-58E2-4A3F-A920-C0487C223602}.Debug|iPhone.Build.0 = Debug|Any CPU
		{DFE8CEFD-58E2-4A3F-A920-C0487C223602}.Debug|iPhoneSimulator.ActiveCfg = Debug|Any CPU
		{DFE8CEFD-58E2-4A3F-A920-C0487C223602}.Debug|iPhoneSimulator.Build.0 = Debug|Any CPU
		{DFE8CEFD-58E2-4A3F-A920-C0487C223602}.Release|Any CPU.ActiveCfg = Release|Any CPU
		{DFE8CEFD-58E2-4A3F-A920-C0487C223602}.Release|Any CPU.Build.0 = Release|Any CPU
		{DFE8CEFD-58E2-4A3F-A920-C0487C223602}.Release|iPhone.ActiveCfg = Release|Any CPU
		{DFE8CEFD-58E2-4A3F-A920-C0487C223602}.Release|iPhone.Build.0 = Release|Any CPU
		{DFE8CEFD-58E2-4A3F-A920-C0487C223602}.Release|iPhoneSimulator.ActiveCfg = Release|Any CPU
		{DFE8CEFD-58E2-4A3F-A920-C0487C223602}.Release|iPhoneSimulator.Build.0 = Release|Any CPU
		{DFE8CEFD-58E2-4A3F-A920-C0487C223602}.Test|Any CPU.ActiveCfg = Test|Any CPU
		{DFE8CEFD-58E2-4A3F-A920-C0487C223602}.Test|Any CPU.Build.0 = Test|Any CPU
		{DFE8CEFD-58E2-4A3F-A920-C0487C223602}.Test|iPhone.ActiveCfg = Test|Any CPU
		{DFE8CEFD-58E2-4A3F-A920-C0487C223602}.Test|iPhone.Build.0 = Test|Any CPU
		{DFE8CEFD-58E2-4A3F-A920-C0487C223602}.Test|iPhoneSimulator.ActiveCfg = Test|Any CPU
		{DFE8CEFD-58E2-4A3F-A920-C0487C223602}.Test|iPhoneSimulator.Build.0 = Test|Any CPU
		{E3BDECC6-C9AB-4859-B50E-CB08CE800638}.Ad-Hoc|Any CPU.ActiveCfg = AutoTest|Any CPU
		{E3BDECC6-C9AB-4859-B50E-CB08CE800638}.Ad-Hoc|Any CPU.Build.0 = AutoTest|Any CPU
		{E3BDECC6-C9AB-4859-B50E-CB08CE800638}.Ad-Hoc|iPhone.ActiveCfg = AutoTest|Any CPU
		{E3BDECC6-C9AB-4859-B50E-CB08CE800638}.Ad-Hoc|iPhone.Build.0 = AutoTest|Any CPU
		{E3BDECC6-C9AB-4859-B50E-CB08CE800638}.Ad-Hoc|iPhoneSimulator.ActiveCfg = AutoTest|Any CPU
		{E3BDECC6-C9AB-4859-B50E-CB08CE800638}.Ad-Hoc|iPhoneSimulator.Build.0 = AutoTest|Any CPU
		{E3BDECC6-C9AB-4859-B50E-CB08CE800638}.AppStore|Any CPU.ActiveCfg = AutoTest|Any CPU
		{E3BDECC6-C9AB-4859-B50E-CB08CE800638}.AppStore|Any CPU.Build.0 = AutoTest|Any CPU
		{E3BDECC6-C9AB-4859-B50E-CB08CE800638}.AppStore|iPhone.ActiveCfg = AutoTest|Any CPU
		{E3BDECC6-C9AB-4859-B50E-CB08CE800638}.AppStore|iPhone.Build.0 = AutoTest|Any CPU
		{E3BDECC6-C9AB-4859-B50E-CB08CE800638}.AppStore|iPhoneSimulator.ActiveCfg = AutoTest|Any CPU
		{E3BDECC6-C9AB-4859-B50E-CB08CE800638}.AppStore|iPhoneSimulator.Build.0 = AutoTest|Any CPU
		{E3BDECC6-C9AB-4859-B50E-CB08CE800638}.AutoTest|Any CPU.ActiveCfg = AutoTest|Any CPU
		{E3BDECC6-C9AB-4859-B50E-CB08CE800638}.AutoTest|Any CPU.Build.0 = AutoTest|Any CPU
		{E3BDECC6-C9AB-4859-B50E-CB08CE800638}.AutoTest|iPhone.ActiveCfg = AutoTest|Any CPU
		{E3BDECC6-C9AB-4859-B50E-CB08CE800638}.AutoTest|iPhone.Build.0 = AutoTest|Any CPU
		{E3BDECC6-C9AB-4859-B50E-CB08CE800638}.AutoTest|iPhoneSimulator.ActiveCfg = AutoTest|Any CPU
		{E3BDECC6-C9AB-4859-B50E-CB08CE800638}.AutoTest|iPhoneSimulator.Build.0 = AutoTest|Any CPU
		{E3BDECC6-C9AB-4859-B50E-CB08CE800638}.Debug|Any CPU.ActiveCfg = Debug|Any CPU
		{E3BDECC6-C9AB-4859-B50E-CB08CE800638}.Debug|Any CPU.Build.0 = Debug|Any CPU
		{E3BDECC6-C9AB-4859-B50E-CB08CE800638}.Debug|iPhone.ActiveCfg = Debug|Any CPU
		{E3BDECC6-C9AB-4859-B50E-CB08CE800638}.Debug|iPhone.Build.0 = Debug|Any CPU
		{E3BDECC6-C9AB-4859-B50E-CB08CE800638}.Debug|iPhoneSimulator.ActiveCfg = Debug|Any CPU
		{E3BDECC6-C9AB-4859-B50E-CB08CE800638}.Debug|iPhoneSimulator.Build.0 = Debug|Any CPU
		{E3BDECC6-C9AB-4859-B50E-CB08CE800638}.Release|Any CPU.ActiveCfg = Release|Any CPU
		{E3BDECC6-C9AB-4859-B50E-CB08CE800638}.Release|Any CPU.Build.0 = Release|Any CPU
		{E3BDECC6-C9AB-4859-B50E-CB08CE800638}.Release|iPhone.ActiveCfg = Release|Any CPU
		{E3BDECC6-C9AB-4859-B50E-CB08CE800638}.Release|iPhone.Build.0 = Release|Any CPU
		{E3BDECC6-C9AB-4859-B50E-CB08CE800638}.Release|iPhoneSimulator.ActiveCfg = Release|Any CPU
		{E3BDECC6-C9AB-4859-B50E-CB08CE800638}.Release|iPhoneSimulator.Build.0 = Release|Any CPU
		{E3BDECC6-C9AB-4859-B50E-CB08CE800638}.Test|Any CPU.ActiveCfg = Test|Any CPU
		{E3BDECC6-C9AB-4859-B50E-CB08CE800638}.Test|Any CPU.Build.0 = Test|Any CPU
		{E3BDECC6-C9AB-4859-B50E-CB08CE800638}.Test|iPhone.ActiveCfg = Test|Any CPU
		{E3BDECC6-C9AB-4859-B50E-CB08CE800638}.Test|iPhone.Build.0 = Test|Any CPU
		{E3BDECC6-C9AB-4859-B50E-CB08CE800638}.Test|iPhoneSimulator.ActiveCfg = Test|Any CPU
		{E3BDECC6-C9AB-4859-B50E-CB08CE800638}.Test|iPhoneSimulator.Build.0 = Test|Any CPU
		{AF0CEF2E-A178-4E83-A210-DC0A95C539AF}.Ad-Hoc|Any CPU.ActiveCfg = AutoTest|Any CPU
		{AF0CEF2E-A178-4E83-A210-DC0A95C539AF}.Ad-Hoc|Any CPU.Build.0 = AutoTest|Any CPU
		{AF0CEF2E-A178-4E83-A210-DC0A95C539AF}.Ad-Hoc|iPhone.ActiveCfg = AutoTest|Any CPU
		{AF0CEF2E-A178-4E83-A210-DC0A95C539AF}.Ad-Hoc|iPhone.Build.0 = AutoTest|Any CPU
		{AF0CEF2E-A178-4E83-A210-DC0A95C539AF}.Ad-Hoc|iPhoneSimulator.ActiveCfg = AutoTest|Any CPU
		{AF0CEF2E-A178-4E83-A210-DC0A95C539AF}.Ad-Hoc|iPhoneSimulator.Build.0 = AutoTest|Any CPU
		{AF0CEF2E-A178-4E83-A210-DC0A95C539AF}.AppStore|Any CPU.ActiveCfg = AutoTest|Any CPU
		{AF0CEF2E-A178-4E83-A210-DC0A95C539AF}.AppStore|Any CPU.Build.0 = AutoTest|Any CPU
		{AF0CEF2E-A178-4E83-A210-DC0A95C539AF}.AppStore|iPhone.ActiveCfg = AutoTest|Any CPU
		{AF0CEF2E-A178-4E83-A210-DC0A95C539AF}.AppStore|iPhone.Build.0 = AutoTest|Any CPU
		{AF0CEF2E-A178-4E83-A210-DC0A95C539AF}.AppStore|iPhoneSimulator.ActiveCfg = AutoTest|Any CPU
		{AF0CEF2E-A178-4E83-A210-DC0A95C539AF}.AppStore|iPhoneSimulator.Build.0 = AutoTest|Any CPU
		{AF0CEF2E-A178-4E83-A210-DC0A95C539AF}.AutoTest|Any CPU.ActiveCfg = AutoTest|Any CPU
		{AF0CEF2E-A178-4E83-A210-DC0A95C539AF}.AutoTest|Any CPU.Build.0 = AutoTest|Any CPU
		{AF0CEF2E-A178-4E83-A210-DC0A95C539AF}.AutoTest|iPhone.ActiveCfg = AutoTest|Any CPU
		{AF0CEF2E-A178-4E83-A210-DC0A95C539AF}.AutoTest|iPhone.Build.0 = AutoTest|Any CPU
		{AF0CEF2E-A178-4E83-A210-DC0A95C539AF}.AutoTest|iPhoneSimulator.ActiveCfg = AutoTest|Any CPU
		{AF0CEF2E-A178-4E83-A210-DC0A95C539AF}.AutoTest|iPhoneSimulator.Build.0 = AutoTest|Any CPU
		{AF0CEF2E-A178-4E83-A210-DC0A95C539AF}.Debug|Any CPU.ActiveCfg = Debug|Any CPU
		{AF0CEF2E-A178-4E83-A210-DC0A95C539AF}.Debug|Any CPU.Build.0 = Debug|Any CPU
		{AF0CEF2E-A178-4E83-A210-DC0A95C539AF}.Debug|iPhone.ActiveCfg = Debug|Any CPU
		{AF0CEF2E-A178-4E83-A210-DC0A95C539AF}.Debug|iPhone.Build.0 = Debug|Any CPU
		{AF0CEF2E-A178-4E83-A210-DC0A95C539AF}.Debug|iPhoneSimulator.ActiveCfg = Debug|Any CPU
		{AF0CEF2E-A178-4E83-A210-DC0A95C539AF}.Debug|iPhoneSimulator.Build.0 = Debug|Any CPU
		{AF0CEF2E-A178-4E83-A210-DC0A95C539AF}.Release|Any CPU.ActiveCfg = Release|Any CPU
		{AF0CEF2E-A178-4E83-A210-DC0A95C539AF}.Release|Any CPU.Build.0 = Release|Any CPU
		{AF0CEF2E-A178-4E83-A210-DC0A95C539AF}.Release|iPhone.ActiveCfg = Release|Any CPU
		{AF0CEF2E-A178-4E83-A210-DC0A95C539AF}.Release|iPhone.Build.0 = Release|Any CPU
		{AF0CEF2E-A178-4E83-A210-DC0A95C539AF}.Release|iPhoneSimulator.ActiveCfg = Release|Any CPU
		{AF0CEF2E-A178-4E83-A210-DC0A95C539AF}.Release|iPhoneSimulator.Build.0 = Release|Any CPU
		{AF0CEF2E-A178-4E83-A210-DC0A95C539AF}.Test|Any CPU.ActiveCfg = Test|Any CPU
		{AF0CEF2E-A178-4E83-A210-DC0A95C539AF}.Test|Any CPU.Build.0 = Test|Any CPU
		{AF0CEF2E-A178-4E83-A210-DC0A95C539AF}.Test|iPhone.ActiveCfg = Test|Any CPU
		{AF0CEF2E-A178-4E83-A210-DC0A95C539AF}.Test|iPhone.Build.0 = Test|Any CPU
		{AF0CEF2E-A178-4E83-A210-DC0A95C539AF}.Test|iPhoneSimulator.ActiveCfg = Test|Any CPU
		{AF0CEF2E-A178-4E83-A210-DC0A95C539AF}.Test|iPhoneSimulator.Build.0 = Test|Any CPU
		{96063801-DDAD-4E4D-A63A-DE052B2558EB}.Ad-Hoc|Any CPU.ActiveCfg = AutoTest|Any CPU
		{96063801-DDAD-4E4D-A63A-DE052B2558EB}.Ad-Hoc|Any CPU.Build.0 = AutoTest|Any CPU
		{96063801-DDAD-4E4D-A63A-DE052B2558EB}.Ad-Hoc|iPhone.ActiveCfg = AutoTest|Any CPU
		{96063801-DDAD-4E4D-A63A-DE052B2558EB}.Ad-Hoc|iPhone.Build.0 = AutoTest|Any CPU
		{96063801-DDAD-4E4D-A63A-DE052B2558EB}.Ad-Hoc|iPhoneSimulator.ActiveCfg = AutoTest|Any CPU
		{96063801-DDAD-4E4D-A63A-DE052B2558EB}.Ad-Hoc|iPhoneSimulator.Build.0 = AutoTest|Any CPU
		{96063801-DDAD-4E4D-A63A-DE052B2558EB}.AppStore|Any CPU.ActiveCfg = AutoTest|Any CPU
		{96063801-DDAD-4E4D-A63A-DE052B2558EB}.AppStore|Any CPU.Build.0 = AutoTest|Any CPU
		{96063801-DDAD-4E4D-A63A-DE052B2558EB}.AppStore|iPhone.ActiveCfg = AutoTest|Any CPU
		{96063801-DDAD-4E4D-A63A-DE052B2558EB}.AppStore|iPhone.Build.0 = AutoTest|Any CPU
		{96063801-DDAD-4E4D-A63A-DE052B2558EB}.AppStore|iPhoneSimulator.ActiveCfg = AutoTest|Any CPU
		{96063801-DDAD-4E4D-A63A-DE052B2558EB}.AppStore|iPhoneSimulator.Build.0 = AutoTest|Any CPU
		{96063801-DDAD-4E4D-A63A-DE052B2558EB}.AutoTest|Any CPU.ActiveCfg = AutoTest|Any CPU
		{96063801-DDAD-4E4D-A63A-DE052B2558EB}.AutoTest|Any CPU.Build.0 = AutoTest|Any CPU
		{96063801-DDAD-4E4D-A63A-DE052B2558EB}.AutoTest|iPhone.ActiveCfg = AutoTest|Any CPU
		{96063801-DDAD-4E4D-A63A-DE052B2558EB}.AutoTest|iPhone.Build.0 = AutoTest|Any CPU
		{96063801-DDAD-4E4D-A63A-DE052B2558EB}.AutoTest|iPhoneSimulator.ActiveCfg = AutoTest|Any CPU
		{96063801-DDAD-4E4D-A63A-DE052B2558EB}.AutoTest|iPhoneSimulator.Build.0 = AutoTest|Any CPU
		{96063801-DDAD-4E4D-A63A-DE052B2558EB}.Debug|Any CPU.ActiveCfg = Debug|Any CPU
		{96063801-DDAD-4E4D-A63A-DE052B2558EB}.Debug|Any CPU.Build.0 = Debug|Any CPU
		{96063801-DDAD-4E4D-A63A-DE052B2558EB}.Debug|iPhone.ActiveCfg = Debug|Any CPU
		{96063801-DDAD-4E4D-A63A-DE052B2558EB}.Debug|iPhone.Build.0 = Debug|Any CPU
		{96063801-DDAD-4E4D-A63A-DE052B2558EB}.Debug|iPhoneSimulator.ActiveCfg = Debug|Any CPU
		{96063801-DDAD-4E4D-A63A-DE052B2558EB}.Debug|iPhoneSimulator.Build.0 = Debug|Any CPU
		{96063801-DDAD-4E4D-A63A-DE052B2558EB}.Release|Any CPU.ActiveCfg = Release|Any CPU
		{96063801-DDAD-4E4D-A63A-DE052B2558EB}.Release|Any CPU.Build.0 = Release|Any CPU
		{96063801-DDAD-4E4D-A63A-DE052B2558EB}.Release|iPhone.ActiveCfg = Release|Any CPU
		{96063801-DDAD-4E4D-A63A-DE052B2558EB}.Release|iPhone.Build.0 = Release|Any CPU
		{96063801-DDAD-4E4D-A63A-DE052B2558EB}.Release|iPhoneSimulator.ActiveCfg = Release|Any CPU
		{96063801-DDAD-4E4D-A63A-DE052B2558EB}.Release|iPhoneSimulator.Build.0 = Release|Any CPU
		{96063801-DDAD-4E4D-A63A-DE052B2558EB}.Test|Any CPU.ActiveCfg = Test|Any CPU
		{96063801-DDAD-4E4D-A63A-DE052B2558EB}.Test|Any CPU.Build.0 = Test|Any CPU
		{96063801-DDAD-4E4D-A63A-DE052B2558EB}.Test|iPhone.ActiveCfg = Test|Any CPU
		{96063801-DDAD-4E4D-A63A-DE052B2558EB}.Test|iPhone.Build.0 = Test|Any CPU
		{96063801-DDAD-4E4D-A63A-DE052B2558EB}.Test|iPhoneSimulator.ActiveCfg = Test|Any CPU
		{96063801-DDAD-4E4D-A63A-DE052B2558EB}.Test|iPhoneSimulator.Build.0 = Test|Any CPU
		{06A3A8BA-6F5D-499C-966B-28D8072FE64E}.Ad-Hoc|Any CPU.ActiveCfg = AutoTest|Any CPU
		{06A3A8BA-6F5D-499C-966B-28D8072FE64E}.Ad-Hoc|Any CPU.Build.0 = AutoTest|Any CPU
		{06A3A8BA-6F5D-499C-966B-28D8072FE64E}.Ad-Hoc|iPhone.ActiveCfg = AutoTest|Any CPU
		{06A3A8BA-6F5D-499C-966B-28D8072FE64E}.Ad-Hoc|iPhone.Build.0 = AutoTest|Any CPU
		{06A3A8BA-6F5D-499C-966B-28D8072FE64E}.Ad-Hoc|iPhoneSimulator.ActiveCfg = AutoTest|Any CPU
		{06A3A8BA-6F5D-499C-966B-28D8072FE64E}.Ad-Hoc|iPhoneSimulator.Build.0 = AutoTest|Any CPU
		{06A3A8BA-6F5D-499C-966B-28D8072FE64E}.AppStore|Any CPU.ActiveCfg = AutoTest|Any CPU
		{06A3A8BA-6F5D-499C-966B-28D8072FE64E}.AppStore|Any CPU.Build.0 = AutoTest|Any CPU
		{06A3A8BA-6F5D-499C-966B-28D8072FE64E}.AppStore|iPhone.ActiveCfg = AutoTest|Any CPU
		{06A3A8BA-6F5D-499C-966B-28D8072FE64E}.AppStore|iPhone.Build.0 = AutoTest|Any CPU
		{06A3A8BA-6F5D-499C-966B-28D8072FE64E}.AppStore|iPhoneSimulator.ActiveCfg = AutoTest|Any CPU
		{06A3A8BA-6F5D-499C-966B-28D8072FE64E}.AppStore|iPhoneSimulator.Build.0 = AutoTest|Any CPU
		{06A3A8BA-6F5D-499C-966B-28D8072FE64E}.AutoTest|Any CPU.ActiveCfg = AutoTest|Any CPU
		{06A3A8BA-6F5D-499C-966B-28D8072FE64E}.AutoTest|Any CPU.Build.0 = AutoTest|Any CPU
		{06A3A8BA-6F5D-499C-966B-28D8072FE64E}.AutoTest|iPhone.ActiveCfg = AutoTest|Any CPU
		{06A3A8BA-6F5D-499C-966B-28D8072FE64E}.AutoTest|iPhone.Build.0 = AutoTest|Any CPU
		{06A3A8BA-6F5D-499C-966B-28D8072FE64E}.AutoTest|iPhoneSimulator.ActiveCfg = AutoTest|Any CPU
		{06A3A8BA-6F5D-499C-966B-28D8072FE64E}.AutoTest|iPhoneSimulator.Build.0 = AutoTest|Any CPU
		{06A3A8BA-6F5D-499C-966B-28D8072FE64E}.Debug|Any CPU.ActiveCfg = Debug|Any CPU
		{06A3A8BA-6F5D-499C-966B-28D8072FE64E}.Debug|Any CPU.Build.0 = Debug|Any CPU
		{06A3A8BA-6F5D-499C-966B-28D8072FE64E}.Debug|iPhone.ActiveCfg = Debug|Any CPU
		{06A3A8BA-6F5D-499C-966B-28D8072FE64E}.Debug|iPhone.Build.0 = Debug|Any CPU
		{06A3A8BA-6F5D-499C-966B-28D8072FE64E}.Debug|iPhoneSimulator.ActiveCfg = Debug|Any CPU
		{06A3A8BA-6F5D-499C-966B-28D8072FE64E}.Debug|iPhoneSimulator.Build.0 = Debug|Any CPU
		{06A3A8BA-6F5D-499C-966B-28D8072FE64E}.Release|Any CPU.ActiveCfg = Release|Any CPU
		{06A3A8BA-6F5D-499C-966B-28D8072FE64E}.Release|Any CPU.Build.0 = Release|Any CPU
		{06A3A8BA-6F5D-499C-966B-28D8072FE64E}.Release|iPhone.ActiveCfg = Release|Any CPU
		{06A3A8BA-6F5D-499C-966B-28D8072FE64E}.Release|iPhone.Build.0 = Release|Any CPU
		{06A3A8BA-6F5D-499C-966B-28D8072FE64E}.Release|iPhoneSimulator.ActiveCfg = Release|Any CPU
		{06A3A8BA-6F5D-499C-966B-28D8072FE64E}.Release|iPhoneSimulator.Build.0 = Release|Any CPU
		{06A3A8BA-6F5D-499C-966B-28D8072FE64E}.Test|Any CPU.ActiveCfg = Test|Any CPU
		{06A3A8BA-6F5D-499C-966B-28D8072FE64E}.Test|Any CPU.Build.0 = Test|Any CPU
		{06A3A8BA-6F5D-499C-966B-28D8072FE64E}.Test|iPhone.ActiveCfg = Test|Any CPU
		{06A3A8BA-6F5D-499C-966B-28D8072FE64E}.Test|iPhone.Build.0 = Test|Any CPU
		{06A3A8BA-6F5D-499C-966B-28D8072FE64E}.Test|iPhoneSimulator.ActiveCfg = Test|Any CPU
		{06A3A8BA-6F5D-499C-966B-28D8072FE64E}.Test|iPhoneSimulator.Build.0 = Test|Any CPU
		{8FEB7DB1-D3B7-45BE-BB88-D3B7914CC080}.Ad-Hoc|Any CPU.ActiveCfg = AutoTest|Any CPU
		{8FEB7DB1-D3B7-45BE-BB88-D3B7914CC080}.Ad-Hoc|Any CPU.Build.0 = AutoTest|Any CPU
		{8FEB7DB1-D3B7-45BE-BB88-D3B7914CC080}.Ad-Hoc|iPhone.ActiveCfg = AutoTest|Any CPU
		{8FEB7DB1-D3B7-45BE-BB88-D3B7914CC080}.Ad-Hoc|iPhone.Build.0 = AutoTest|Any CPU
		{8FEB7DB1-D3B7-45BE-BB88-D3B7914CC080}.Ad-Hoc|iPhoneSimulator.ActiveCfg = AutoTest|Any CPU
		{8FEB7DB1-D3B7-45BE-BB88-D3B7914CC080}.Ad-Hoc|iPhoneSimulator.Build.0 = AutoTest|Any CPU
		{8FEB7DB1-D3B7-45BE-BB88-D3B7914CC080}.AppStore|Any CPU.ActiveCfg = AutoTest|Any CPU
		{8FEB7DB1-D3B7-45BE-BB88-D3B7914CC080}.AppStore|Any CPU.Build.0 = AutoTest|Any CPU
		{8FEB7DB1-D3B7-45BE-BB88-D3B7914CC080}.AppStore|iPhone.ActiveCfg = AutoTest|Any CPU
		{8FEB7DB1-D3B7-45BE-BB88-D3B7914CC080}.AppStore|iPhone.Build.0 = AutoTest|Any CPU
		{8FEB7DB1-D3B7-45BE-BB88-D3B7914CC080}.AppStore|iPhoneSimulator.ActiveCfg = AutoTest|Any CPU
		{8FEB7DB1-D3B7-45BE-BB88-D3B7914CC080}.AppStore|iPhoneSimulator.Build.0 = AutoTest|Any CPU
		{8FEB7DB1-D3B7-45BE-BB88-D3B7914CC080}.AutoTest|Any CPU.ActiveCfg = AutoTest|Any CPU
		{8FEB7DB1-D3B7-45BE-BB88-D3B7914CC080}.AutoTest|Any CPU.Build.0 = AutoTest|Any CPU
		{8FEB7DB1-D3B7-45BE-BB88-D3B7914CC080}.AutoTest|iPhone.ActiveCfg = AutoTest|Any CPU
		{8FEB7DB1-D3B7-45BE-BB88-D3B7914CC080}.AutoTest|iPhone.Build.0 = AutoTest|Any CPU
		{8FEB7DB1-D3B7-45BE-BB88-D3B7914CC080}.AutoTest|iPhoneSimulator.ActiveCfg = AutoTest|Any CPU
		{8FEB7DB1-D3B7-45BE-BB88-D3B7914CC080}.AutoTest|iPhoneSimulator.Build.0 = AutoTest|Any CPU
		{8FEB7DB1-D3B7-45BE-BB88-D3B7914CC080}.Debug|Any CPU.ActiveCfg = Debug|Any CPU
		{8FEB7DB1-D3B7-45BE-BB88-D3B7914CC080}.Debug|Any CPU.Build.0 = Debug|Any CPU
		{8FEB7DB1-D3B7-45BE-BB88-D3B7914CC080}.Debug|iPhone.ActiveCfg = Debug|Any CPU
		{8FEB7DB1-D3B7-45BE-BB88-D3B7914CC080}.Debug|iPhone.Build.0 = Debug|Any CPU
		{8FEB7DB1-D3B7-45BE-BB88-D3B7914CC080}.Debug|iPhoneSimulator.ActiveCfg = Debug|Any CPU
		{8FEB7DB1-D3B7-45BE-BB88-D3B7914CC080}.Debug|iPhoneSimulator.Build.0 = Debug|Any CPU
		{8FEB7DB1-D3B7-45BE-BB88-D3B7914CC080}.Release|Any CPU.ActiveCfg = Release|Any CPU
		{8FEB7DB1-D3B7-45BE-BB88-D3B7914CC080}.Release|Any CPU.Build.0 = Release|Any CPU
		{8FEB7DB1-D3B7-45BE-BB88-D3B7914CC080}.Release|iPhone.ActiveCfg = Release|Any CPU
		{8FEB7DB1-D3B7-45BE-BB88-D3B7914CC080}.Release|iPhone.Build.0 = Release|Any CPU
		{8FEB7DB1-D3B7-45BE-BB88-D3B7914CC080}.Release|iPhoneSimulator.ActiveCfg = Release|Any CPU
		{8FEB7DB1-D3B7-45BE-BB88-D3B7914CC080}.Release|iPhoneSimulator.Build.0 = Release|Any CPU
		{8FEB7DB1-D3B7-45BE-BB88-D3B7914CC080}.Test|Any CPU.ActiveCfg = Test|Any CPU
		{8FEB7DB1-D3B7-45BE-BB88-D3B7914CC080}.Test|Any CPU.Build.0 = Test|Any CPU
		{8FEB7DB1-D3B7-45BE-BB88-D3B7914CC080}.Test|iPhone.ActiveCfg = Test|Any CPU
		{8FEB7DB1-D3B7-45BE-BB88-D3B7914CC080}.Test|iPhone.Build.0 = Test|Any CPU
		{8FEB7DB1-D3B7-45BE-BB88-D3B7914CC080}.Test|iPhoneSimulator.ActiveCfg = Test|Any CPU
		{8FEB7DB1-D3B7-45BE-BB88-D3B7914CC080}.Test|iPhoneSimulator.Build.0 = Test|Any CPU
		{5D75D1B4-E39B-4F50-A3A4-DF2528FCCC56}.Ad-Hoc|Any CPU.ActiveCfg = AutoTest|Any CPU
		{5D75D1B4-E39B-4F50-A3A4-DF2528FCCC56}.Ad-Hoc|Any CPU.Build.0 = AutoTest|Any CPU
		{5D75D1B4-E39B-4F50-A3A4-DF2528FCCC56}.Ad-Hoc|iPhone.ActiveCfg = AutoTest|Any CPU
		{5D75D1B4-E39B-4F50-A3A4-DF2528FCCC56}.Ad-Hoc|iPhone.Build.0 = AutoTest|Any CPU
		{5D75D1B4-E39B-4F50-A3A4-DF2528FCCC56}.Ad-Hoc|iPhoneSimulator.ActiveCfg = AutoTest|Any CPU
		{5D75D1B4-E39B-4F50-A3A4-DF2528FCCC56}.Ad-Hoc|iPhoneSimulator.Build.0 = AutoTest|Any CPU
		{5D75D1B4-E39B-4F50-A3A4-DF2528FCCC56}.AppStore|Any CPU.ActiveCfg = AutoTest|Any CPU
		{5D75D1B4-E39B-4F50-A3A4-DF2528FCCC56}.AppStore|Any CPU.Build.0 = AutoTest|Any CPU
		{5D75D1B4-E39B-4F50-A3A4-DF2528FCCC56}.AppStore|iPhone.ActiveCfg = AutoTest|Any CPU
		{5D75D1B4-E39B-4F50-A3A4-DF2528FCCC56}.AppStore|iPhone.Build.0 = AutoTest|Any CPU
		{5D75D1B4-E39B-4F50-A3A4-DF2528FCCC56}.AppStore|iPhoneSimulator.ActiveCfg = AutoTest|Any CPU
		{5D75D1B4-E39B-4F50-A3A4-DF2528FCCC56}.AppStore|iPhoneSimulator.Build.0 = AutoTest|Any CPU
		{5D75D1B4-E39B-4F50-A3A4-DF2528FCCC56}.AutoTest|Any CPU.ActiveCfg = AutoTest|Any CPU
		{5D75D1B4-E39B-4F50-A3A4-DF2528FCCC56}.AutoTest|Any CPU.Build.0 = AutoTest|Any CPU
		{5D75D1B4-E39B-4F50-A3A4-DF2528FCCC56}.AutoTest|iPhone.ActiveCfg = AutoTest|Any CPU
		{5D75D1B4-E39B-4F50-A3A4-DF2528FCCC56}.AutoTest|iPhone.Build.0 = AutoTest|Any CPU
		{5D75D1B4-E39B-4F50-A3A4-DF2528FCCC56}.AutoTest|iPhoneSimulator.ActiveCfg = AutoTest|Any CPU
		{5D75D1B4-E39B-4F50-A3A4-DF2528FCCC56}.AutoTest|iPhoneSimulator.Build.0 = AutoTest|Any CPU
		{5D75D1B4-E39B-4F50-A3A4-DF2528FCCC56}.Debug|Any CPU.ActiveCfg = Debug|Any CPU
		{5D75D1B4-E39B-4F50-A3A4-DF2528FCCC56}.Debug|Any CPU.Build.0 = Debug|Any CPU
		{5D75D1B4-E39B-4F50-A3A4-DF2528FCCC56}.Debug|iPhone.ActiveCfg = Debug|Any CPU
		{5D75D1B4-E39B-4F50-A3A4-DF2528FCCC56}.Debug|iPhone.Build.0 = Debug|Any CPU
		{5D75D1B4-E39B-4F50-A3A4-DF2528FCCC56}.Debug|iPhoneSimulator.ActiveCfg = Debug|Any CPU
		{5D75D1B4-E39B-4F50-A3A4-DF2528FCCC56}.Debug|iPhoneSimulator.Build.0 = Debug|Any CPU
		{5D75D1B4-E39B-4F50-A3A4-DF2528FCCC56}.Release|Any CPU.ActiveCfg = Release|Any CPU
		{5D75D1B4-E39B-4F50-A3A4-DF2528FCCC56}.Release|Any CPU.Build.0 = Release|Any CPU
		{5D75D1B4-E39B-4F50-A3A4-DF2528FCCC56}.Release|iPhone.ActiveCfg = Release|Any CPU
		{5D75D1B4-E39B-4F50-A3A4-DF2528FCCC56}.Release|iPhone.Build.0 = Release|Any CPU
		{5D75D1B4-E39B-4F50-A3A4-DF2528FCCC56}.Release|iPhoneSimulator.ActiveCfg = Release|Any CPU
		{5D75D1B4-E39B-4F50-A3A4-DF2528FCCC56}.Release|iPhoneSimulator.Build.0 = Release|Any CPU
		{5D75D1B4-E39B-4F50-A3A4-DF2528FCCC56}.Test|Any CPU.ActiveCfg = Test|Any CPU
		{5D75D1B4-E39B-4F50-A3A4-DF2528FCCC56}.Test|Any CPU.Build.0 = Test|Any CPU
		{5D75D1B4-E39B-4F50-A3A4-DF2528FCCC56}.Test|iPhone.ActiveCfg = Test|Any CPU
		{5D75D1B4-E39B-4F50-A3A4-DF2528FCCC56}.Test|iPhone.Build.0 = Test|Any CPU
		{5D75D1B4-E39B-4F50-A3A4-DF2528FCCC56}.Test|iPhoneSimulator.ActiveCfg = Test|Any CPU
		{5D75D1B4-E39B-4F50-A3A4-DF2528FCCC56}.Test|iPhoneSimulator.Build.0 = Test|Any CPU
		{6AC27D58-4438-4FE2-B3BB-765E1C3855A2}.Ad-Hoc|Any CPU.ActiveCfg = Release|Any CPU
		{6AC27D58-4438-4FE2-B3BB-765E1C3855A2}.Ad-Hoc|Any CPU.Build.0 = Release|Any CPU
		{6AC27D58-4438-4FE2-B3BB-765E1C3855A2}.Ad-Hoc|Any CPU.Deploy.0 = Release|Any CPU
		{6AC27D58-4438-4FE2-B3BB-765E1C3855A2}.Ad-Hoc|iPhone.ActiveCfg = Release|Any CPU
		{6AC27D58-4438-4FE2-B3BB-765E1C3855A2}.Ad-Hoc|iPhone.Build.0 = Release|Any CPU
		{6AC27D58-4438-4FE2-B3BB-765E1C3855A2}.Ad-Hoc|iPhone.Deploy.0 = Release|Any CPU
		{6AC27D58-4438-4FE2-B3BB-765E1C3855A2}.Ad-Hoc|iPhoneSimulator.ActiveCfg = Release|Any CPU
		{6AC27D58-4438-4FE2-B3BB-765E1C3855A2}.Ad-Hoc|iPhoneSimulator.Build.0 = Release|Any CPU
		{6AC27D58-4438-4FE2-B3BB-765E1C3855A2}.Ad-Hoc|iPhoneSimulator.Deploy.0 = Release|Any CPU
		{6AC27D58-4438-4FE2-B3BB-765E1C3855A2}.AppStore|Any CPU.ActiveCfg = Release|Any CPU
		{6AC27D58-4438-4FE2-B3BB-765E1C3855A2}.AppStore|Any CPU.Build.0 = Release|Any CPU
		{6AC27D58-4438-4FE2-B3BB-765E1C3855A2}.AppStore|Any CPU.Deploy.0 = Release|Any CPU
		{6AC27D58-4438-4FE2-B3BB-765E1C3855A2}.AppStore|iPhone.ActiveCfg = Release|Any CPU
		{6AC27D58-4438-4FE2-B3BB-765E1C3855A2}.AppStore|iPhone.Build.0 = Release|Any CPU
		{6AC27D58-4438-4FE2-B3BB-765E1C3855A2}.AppStore|iPhone.Deploy.0 = Release|Any CPU
		{6AC27D58-4438-4FE2-B3BB-765E1C3855A2}.AppStore|iPhoneSimulator.ActiveCfg = Release|Any CPU
		{6AC27D58-4438-4FE2-B3BB-765E1C3855A2}.AppStore|iPhoneSimulator.Build.0 = Release|Any CPU
		{6AC27D58-4438-4FE2-B3BB-765E1C3855A2}.AppStore|iPhoneSimulator.Deploy.0 = Release|Any CPU
		{6AC27D58-4438-4FE2-B3BB-765E1C3855A2}.AutoTest|Any CPU.ActiveCfg = Release|Any CPU
		{6AC27D58-4438-4FE2-B3BB-765E1C3855A2}.AutoTest|Any CPU.Build.0 = Release|Any CPU
		{6AC27D58-4438-4FE2-B3BB-765E1C3855A2}.AutoTest|Any CPU.Deploy.0 = Release|Any CPU
		{6AC27D58-4438-4FE2-B3BB-765E1C3855A2}.AutoTest|iPhone.ActiveCfg = Release|Any CPU
		{6AC27D58-4438-4FE2-B3BB-765E1C3855A2}.AutoTest|iPhone.Build.0 = Release|Any CPU
		{6AC27D58-4438-4FE2-B3BB-765E1C3855A2}.AutoTest|iPhone.Deploy.0 = Release|Any CPU
		{6AC27D58-4438-4FE2-B3BB-765E1C3855A2}.AutoTest|iPhoneSimulator.ActiveCfg = Release|Any CPU
		{6AC27D58-4438-4FE2-B3BB-765E1C3855A2}.AutoTest|iPhoneSimulator.Build.0 = Release|Any CPU
		{6AC27D58-4438-4FE2-B3BB-765E1C3855A2}.AutoTest|iPhoneSimulator.Deploy.0 = Release|Any CPU
		{6AC27D58-4438-4FE2-B3BB-765E1C3855A2}.Debug|Any CPU.ActiveCfg = Debug|Any CPU
		{6AC27D58-4438-4FE2-B3BB-765E1C3855A2}.Debug|Any CPU.Build.0 = Debug|Any CPU
		{6AC27D58-4438-4FE2-B3BB-765E1C3855A2}.Debug|Any CPU.Deploy.0 = Debug|Any CPU
		{6AC27D58-4438-4FE2-B3BB-765E1C3855A2}.Debug|iPhone.ActiveCfg = Debug|Any CPU
		{6AC27D58-4438-4FE2-B3BB-765E1C3855A2}.Debug|iPhone.Build.0 = Debug|Any CPU
		{6AC27D58-4438-4FE2-B3BB-765E1C3855A2}.Debug|iPhone.Deploy.0 = Debug|Any CPU
		{6AC27D58-4438-4FE2-B3BB-765E1C3855A2}.Debug|iPhoneSimulator.ActiveCfg = Debug|Any CPU
		{6AC27D58-4438-4FE2-B3BB-765E1C3855A2}.Debug|iPhoneSimulator.Build.0 = Debug|Any CPU
		{6AC27D58-4438-4FE2-B3BB-765E1C3855A2}.Debug|iPhoneSimulator.Deploy.0 = Debug|Any CPU
		{6AC27D58-4438-4FE2-B3BB-765E1C3855A2}.Release|Any CPU.ActiveCfg = Release|Any CPU
		{6AC27D58-4438-4FE2-B3BB-765E1C3855A2}.Release|Any CPU.Build.0 = Release|Any CPU
		{6AC27D58-4438-4FE2-B3BB-765E1C3855A2}.Release|Any CPU.Deploy.0 = Release|Any CPU
		{6AC27D58-4438-4FE2-B3BB-765E1C3855A2}.Release|iPhone.ActiveCfg = Release|Any CPU
		{6AC27D58-4438-4FE2-B3BB-765E1C3855A2}.Release|iPhone.Build.0 = Release|Any CPU
		{6AC27D58-4438-4FE2-B3BB-765E1C3855A2}.Release|iPhone.Deploy.0 = Release|Any CPU
		{6AC27D58-4438-4FE2-B3BB-765E1C3855A2}.Release|iPhoneSimulator.ActiveCfg = Release|Any CPU
		{6AC27D58-4438-4FE2-B3BB-765E1C3855A2}.Release|iPhoneSimulator.Build.0 = Release|Any CPU
		{6AC27D58-4438-4FE2-B3BB-765E1C3855A2}.Release|iPhoneSimulator.Deploy.0 = Release|Any CPU
		{6AC27D58-4438-4FE2-B3BB-765E1C3855A2}.Test|Any CPU.ActiveCfg = Release|Any CPU
		{6AC27D58-4438-4FE2-B3BB-765E1C3855A2}.Test|Any CPU.Build.0 = Release|Any CPU
		{6AC27D58-4438-4FE2-B3BB-765E1C3855A2}.Test|Any CPU.Deploy.0 = Release|Any CPU
		{6AC27D58-4438-4FE2-B3BB-765E1C3855A2}.Test|iPhone.ActiveCfg = Release|Any CPU
		{6AC27D58-4438-4FE2-B3BB-765E1C3855A2}.Test|iPhone.Build.0 = Release|Any CPU
		{6AC27D58-4438-4FE2-B3BB-765E1C3855A2}.Test|iPhone.Deploy.0 = Release|Any CPU
		{6AC27D58-4438-4FE2-B3BB-765E1C3855A2}.Test|iPhoneSimulator.ActiveCfg = Release|Any CPU
		{6AC27D58-4438-4FE2-B3BB-765E1C3855A2}.Test|iPhoneSimulator.Build.0 = Release|Any CPU
		{6AC27D58-4438-4FE2-B3BB-765E1C3855A2}.Test|iPhoneSimulator.Deploy.0 = Release|Any CPU
	EndGlobalSection
	GlobalSection(SolutionProperties) = preSolution
		HideSolutionNode = FALSE
	EndGlobalSection
	GlobalSection(NestedProjects) = preSolution
		{B0731F4B-9259-4E51-B5EF-3F18A7727280} = {234B3DA3-4C56-4D6C-BFD7-F7A2985982F2}
		{8F1C692F-36EA-4E1B-849C-CB98EBFA8724} = {234B3DA3-4C56-4D6C-BFD7-F7A2985982F2}
		{9CEA9109-0DB9-4232-BA97-74976625B5D4} = {8F1C692F-36EA-4E1B-849C-CB98EBFA8724}
		{F96F1E34-EC23-4EE5-8089-EC572468DB5A} = {234B3DA3-4C56-4D6C-BFD7-F7A2985982F2}
		{6E998903-BF90-4C31-A82E-986164F34B19} = {9CEA9109-0DB9-4232-BA97-74976625B5D4}
		{1337FDBC-9BD3-4862-8F53-6001EEB0EAF3} = {9CEA9109-0DB9-4232-BA97-74976625B5D4}
		{68150DDE-7169-4682-BDC6-91927456D04F} = {8F1C692F-36EA-4E1B-849C-CB98EBFA8724}
		{7E317128-A40E-459E-BF15-F586A0C3BB30} = {8F1C692F-36EA-4E1B-849C-CB98EBFA8724}
		{F63AD9BF-AF0D-4FCB-9876-BD5EF95C080C} = {6127F901-E67D-4DC1-BEB8-9D0F53B2C504}
		{42C1EFA7-30A7-40DE-8EBF-1C4000C0F33C} = {272F5AAB-B3C6-4B97-B830-677740ED6374}
		{628011AB-5358-4D21-8E4A-54CF1AA05FC1} = {759E676B-59F4-42B0-80DC-DD9B5EAE486D}
		{04D81884-8581-4CBE-8181-9584E9E12513} = {37AAA00F-69D2-4C77-87B2-370B66074290}
		{8FC9781A-809B-44FC-8343-55FC8F642835} = {018EA750-65E3-4A7B-A6A7-76365BC8EBF2}
		{D4B6321D-461B-4AFE-B03F-BE776429D376} = {A864441B-219A-499C-8D24-A639EC3403CC}
		{BB0F6604-FD81-4063-8D1A-40F5084CA1BC} = {F96F1E34-EC23-4EE5-8089-EC572468DB5A}
		{DFE8CEFD-58E2-4A3F-A920-C0487C223602} = {234B3DA3-4C56-4D6C-BFD7-F7A2985982F2}
		{E3BDECC6-C9AB-4859-B50E-CB08CE800638} = {8F1C692F-36EA-4E1B-849C-CB98EBFA8724}
		{AF0CEF2E-A178-4E83-A210-DC0A95C539AF} = {8F1C692F-36EA-4E1B-849C-CB98EBFA8724}
		{96063801-DDAD-4E4D-A63A-DE052B2558EB} = {9CEA9109-0DB9-4232-BA97-74976625B5D4}
		{06A3A8BA-6F5D-499C-966B-28D8072FE64E} = {9CEA9109-0DB9-4232-BA97-74976625B5D4}
		{8FEB7DB1-D3B7-45BE-BB88-D3B7914CC080} = {759E676B-59F4-42B0-80DC-DD9B5EAE486D}
		{5D75D1B4-E39B-4F50-A3A4-DF2528FCCC56} = {234B3DA3-4C56-4D6C-BFD7-F7A2985982F2}
		{759E676B-59F4-42B0-80DC-DD9B5EAE486D} = {B0731F4B-9259-4E51-B5EF-3F18A7727280}
		{272F5AAB-B3C6-4B97-B830-677740ED6374} = {B0731F4B-9259-4E51-B5EF-3F18A7727280}
		{6127F901-E67D-4DC1-BEB8-9D0F53B2C504} = {B0731F4B-9259-4E51-B5EF-3F18A7727280}
		{A864441B-219A-499C-8D24-A639EC3403CC} = {B0731F4B-9259-4E51-B5EF-3F18A7727280}
		{018EA750-65E3-4A7B-A6A7-76365BC8EBF2} = {B0731F4B-9259-4E51-B5EF-3F18A7727280}
		{37AAA00F-69D2-4C77-87B2-370B66074290} = {B0731F4B-9259-4E51-B5EF-3F18A7727280}
		{6AC27D58-4438-4FE2-B3BB-765E1C3855A2} = {F96F1E34-EC23-4EE5-8089-EC572468DB5A}
	EndGlobalSection
	GlobalSection(ExtensibilityGlobals) = postSolution
		SolutionGuid = {D7804EB8-35A6-4838-B2DD-A9CFB9231817}
	EndGlobalSection
EndGlobal
