
Microsoft Visual Studio Solution File, Format Version 12.00
# Visual Studio 15
VisualStudioVersion = 15.0.28307.271
MinimumVisualStudioVersion = 10.0.40219.1
Project("{9A19103F-16F7-4668-BE54-9A1E7A4F7556}") = "LiveScoreApp", "LiveScoreApp\LiveScoreApp\LiveScoreApp.csproj", "{CEA846A3-CF25-459B-9FB0-971A672B486B}"
EndProject
Project("{FAE04EC0-301F-11D3-BF4B-00C04F79EFBC}") = "LiveScoreApp.Android", "LiveScoreApp\LiveScoreApp.Android\LiveScoreApp.Android.csproj", "{74EEA90A-96D6-4E2E-BBE5-D9552EA7EC16}"
EndProject
Project("{FAE04EC0-301F-11D3-BF4B-00C04F79EFBC}") = "LiveScoreApp.iOS", "LiveScoreApp\LiveScoreApp.iOS\LiveScoreApp.iOS.csproj", "{BB0F6604-FD81-4063-8D1A-40F5084CA1BC}"
EndProject
Project("{2150E333-8FDC-42A3-9474-1A3956D46DE8}") = "Modules", "Modules", "{50A3ABDA-59D2-468A-8EE4-82D966EB93E6}"
EndProject
Project("{9A19103F-16F7-4668-BE54-9A1E7A4F7556}") = "Score", "LiveScoreApp\Modules\Score\Score.csproj", "{20051B6E-56A3-4FAD-B974-FF4E638C4D7E}"
EndProject
Project("{9A19103F-16F7-4668-BE54-9A1E7A4F7556}") = "Setting", "LiveScoreApp\Modules\Setting\Setting.csproj", "{DB54B503-C819-4564-B4C8-A422EA7F0DAB}"
EndProject
Project("{9A19103F-16F7-4668-BE54-9A1E7A4F7556}") = "Common", "LiveScoreApp\Modules\Common\Common.csproj", "{194A9112-3E22-47F2-B4DE-13CE80B62DAF}"
EndProject
Project("{9A19103F-16F7-4668-BE54-9A1E7A4F7556}") = "League", "LiveScoreApp\Modules\League\League.csproj", "{92645F67-A487-4CF4-8FDF-C831B57BD3B3}"
EndProject
Project("{9A19103F-16F7-4668-BE54-9A1E7A4F7556}") = "News", "LiveScoreApp\Modules\News\News.csproj", "{26079D94-0C74-497D-854B-6A271673CAB7}"
EndProject
Project("{9A19103F-16F7-4668-BE54-9A1E7A4F7556}") = "Favorites", "LiveScoreApp\Modules\Favorites\Favorites.csproj", "{469889A6-04EE-4040-AEB6-36BF166FEC31}"
EndProject
Global
	GlobalSection(SolutionConfigurationPlatforms) = preSolution
		Ad-Hoc|Any CPU = Ad-Hoc|Any CPU
		Ad-Hoc|iPhone = Ad-Hoc|iPhone
		Ad-Hoc|iPhoneSimulator = Ad-Hoc|iPhoneSimulator
		AppStore|Any CPU = AppStore|Any CPU
		AppStore|iPhone = AppStore|iPhone
		AppStore|iPhoneSimulator = AppStore|iPhoneSimulator
		Debug|Any CPU = Debug|Any CPU
		Debug|iPhone = Debug|iPhone
		Debug|iPhoneSimulator = Debug|iPhoneSimulator
		Release|Any CPU = Release|Any CPU
		Release|iPhone = Release|iPhone
		Release|iPhoneSimulator = Release|iPhoneSimulator
	EndGlobalSection
	GlobalSection(ProjectConfigurationPlatforms) = postSolution
		{CEA846A3-CF25-459B-9FB0-971A672B486B}.Ad-Hoc|Any CPU.ActiveCfg = Debug|Any CPU
		{CEA846A3-CF25-459B-9FB0-971A672B486B}.Ad-Hoc|Any CPU.Build.0 = Debug|Any CPU
		{CEA846A3-CF25-459B-9FB0-971A672B486B}.Ad-Hoc|iPhone.ActiveCfg = Debug|Any CPU
		{CEA846A3-CF25-459B-9FB0-971A672B486B}.Ad-Hoc|iPhone.Build.0 = Debug|Any CPU
		{CEA846A3-CF25-459B-9FB0-971A672B486B}.Ad-Hoc|iPhoneSimulator.ActiveCfg = Debug|Any CPU
		{CEA846A3-CF25-459B-9FB0-971A672B486B}.Ad-Hoc|iPhoneSimulator.Build.0 = Debug|Any CPU
		{CEA846A3-CF25-459B-9FB0-971A672B486B}.AppStore|Any CPU.ActiveCfg = Debug|Any CPU
		{CEA846A3-CF25-459B-9FB0-971A672B486B}.AppStore|Any CPU.Build.0 = Debug|Any CPU
		{CEA846A3-CF25-459B-9FB0-971A672B486B}.AppStore|iPhone.ActiveCfg = Debug|Any CPU
		{CEA846A3-CF25-459B-9FB0-971A672B486B}.AppStore|iPhone.Build.0 = Debug|Any CPU
		{CEA846A3-CF25-459B-9FB0-971A672B486B}.AppStore|iPhoneSimulator.ActiveCfg = Debug|Any CPU
		{CEA846A3-CF25-459B-9FB0-971A672B486B}.AppStore|iPhoneSimulator.Build.0 = Debug|Any CPU
		{CEA846A3-CF25-459B-9FB0-971A672B486B}.Debug|Any CPU.ActiveCfg = Debug|Any CPU
		{CEA846A3-CF25-459B-9FB0-971A672B486B}.Debug|Any CPU.Build.0 = Debug|Any CPU
		{CEA846A3-CF25-459B-9FB0-971A672B486B}.Debug|iPhone.ActiveCfg = Debug|Any CPU
		{CEA846A3-CF25-459B-9FB0-971A672B486B}.Debug|iPhone.Build.0 = Debug|Any CPU
		{CEA846A3-CF25-459B-9FB0-971A672B486B}.Debug|iPhoneSimulator.ActiveCfg = Debug|Any CPU
		{CEA846A3-CF25-459B-9FB0-971A672B486B}.Debug|iPhoneSimulator.Build.0 = Debug|Any CPU
		{CEA846A3-CF25-459B-9FB0-971A672B486B}.Release|Any CPU.ActiveCfg = Release|Any CPU
		{CEA846A3-CF25-459B-9FB0-971A672B486B}.Release|Any CPU.Build.0 = Release|Any CPU
		{CEA846A3-CF25-459B-9FB0-971A672B486B}.Release|iPhone.ActiveCfg = Release|Any CPU
		{CEA846A3-CF25-459B-9FB0-971A672B486B}.Release|iPhone.Build.0 = Release|Any CPU
		{CEA846A3-CF25-459B-9FB0-971A672B486B}.Release|iPhoneSimulator.ActiveCfg = Release|Any CPU
		{CEA846A3-CF25-459B-9FB0-971A672B486B}.Release|iPhoneSimulator.Build.0 = Release|Any CPU
		{74EEA90A-96D6-4E2E-BBE5-D9552EA7EC16}.Ad-Hoc|Any CPU.ActiveCfg = Release|Any CPU
		{74EEA90A-96D6-4E2E-BBE5-D9552EA7EC16}.Ad-Hoc|Any CPU.Build.0 = Release|Any CPU
		{74EEA90A-96D6-4E2E-BBE5-D9552EA7EC16}.Ad-Hoc|Any CPU.Deploy.0 = Release|Any CPU
		{74EEA90A-96D6-4E2E-BBE5-D9552EA7EC16}.Ad-Hoc|iPhone.ActiveCfg = Release|Any CPU
		{74EEA90A-96D6-4E2E-BBE5-D9552EA7EC16}.Ad-Hoc|iPhone.Build.0 = Release|Any CPU
		{74EEA90A-96D6-4E2E-BBE5-D9552EA7EC16}.Ad-Hoc|iPhone.Deploy.0 = Release|Any CPU
		{74EEA90A-96D6-4E2E-BBE5-D9552EA7EC16}.Ad-Hoc|iPhoneSimulator.ActiveCfg = Release|Any CPU
		{74EEA90A-96D6-4E2E-BBE5-D9552EA7EC16}.Ad-Hoc|iPhoneSimulator.Build.0 = Release|Any CPU
		{74EEA90A-96D6-4E2E-BBE5-D9552EA7EC16}.Ad-Hoc|iPhoneSimulator.Deploy.0 = Release|Any CPU
		{74EEA90A-96D6-4E2E-BBE5-D9552EA7EC16}.AppStore|Any CPU.ActiveCfg = Release|Any CPU
		{74EEA90A-96D6-4E2E-BBE5-D9552EA7EC16}.AppStore|Any CPU.Build.0 = Release|Any CPU
		{74EEA90A-96D6-4E2E-BBE5-D9552EA7EC16}.AppStore|Any CPU.Deploy.0 = Release|Any CPU
		{74EEA90A-96D6-4E2E-BBE5-D9552EA7EC16}.AppStore|iPhone.ActiveCfg = Release|Any CPU
		{74EEA90A-96D6-4E2E-BBE5-D9552EA7EC16}.AppStore|iPhone.Build.0 = Release|Any CPU
		{74EEA90A-96D6-4E2E-BBE5-D9552EA7EC16}.AppStore|iPhone.Deploy.0 = Release|Any CPU
		{74EEA90A-96D6-4E2E-BBE5-D9552EA7EC16}.AppStore|iPhoneSimulator.ActiveCfg = Release|Any CPU
		{74EEA90A-96D6-4E2E-BBE5-D9552EA7EC16}.AppStore|iPhoneSimulator.Build.0 = Release|Any CPU
		{74EEA90A-96D6-4E2E-BBE5-D9552EA7EC16}.AppStore|iPhoneSimulator.Deploy.0 = Release|Any CPU
		{74EEA90A-96D6-4E2E-BBE5-D9552EA7EC16}.Debug|Any CPU.ActiveCfg = Debug|Any CPU
		{74EEA90A-96D6-4E2E-BBE5-D9552EA7EC16}.Debug|Any CPU.Build.0 = Debug|Any CPU
		{74EEA90A-96D6-4E2E-BBE5-D9552EA7EC16}.Debug|Any CPU.Deploy.0 = Debug|Any CPU
		{74EEA90A-96D6-4E2E-BBE5-D9552EA7EC16}.Debug|iPhone.ActiveCfg = Debug|Any CPU
		{74EEA90A-96D6-4E2E-BBE5-D9552EA7EC16}.Debug|iPhone.Build.0 = Debug|Any CPU
		{74EEA90A-96D6-4E2E-BBE5-D9552EA7EC16}.Debug|iPhone.Deploy.0 = Debug|Any CPU
		{74EEA90A-96D6-4E2E-BBE5-D9552EA7EC16}.Debug|iPhoneSimulator.ActiveCfg = Debug|Any CPU
		{74EEA90A-96D6-4E2E-BBE5-D9552EA7EC16}.Debug|iPhoneSimulator.Build.0 = Debug|Any CPU
		{74EEA90A-96D6-4E2E-BBE5-D9552EA7EC16}.Debug|iPhoneSimulator.Deploy.0 = Debug|Any CPU
		{74EEA90A-96D6-4E2E-BBE5-D9552EA7EC16}.Release|Any CPU.ActiveCfg = Release|Any CPU
		{74EEA90A-96D6-4E2E-BBE5-D9552EA7EC16}.Release|Any CPU.Build.0 = Release|Any CPU
		{74EEA90A-96D6-4E2E-BBE5-D9552EA7EC16}.Release|Any CPU.Deploy.0 = Release|Any CPU
		{74EEA90A-96D6-4E2E-BBE5-D9552EA7EC16}.Release|iPhone.ActiveCfg = Release|Any CPU
		{74EEA90A-96D6-4E2E-BBE5-D9552EA7EC16}.Release|iPhone.Build.0 = Release|Any CPU
		{74EEA90A-96D6-4E2E-BBE5-D9552EA7EC16}.Release|iPhone.Deploy.0 = Release|Any CPU
		{74EEA90A-96D6-4E2E-BBE5-D9552EA7EC16}.Release|iPhoneSimulator.ActiveCfg = Release|Any CPU
		{74EEA90A-96D6-4E2E-BBE5-D9552EA7EC16}.Release|iPhoneSimulator.Build.0 = Release|Any CPU
		{74EEA90A-96D6-4E2E-BBE5-D9552EA7EC16}.Release|iPhoneSimulator.Deploy.0 = Release|Any CPU
		{BB0F6604-FD81-4063-8D1A-40F5084CA1BC}.Ad-Hoc|Any CPU.ActiveCfg = Ad-Hoc|iPhone
		{BB0F6604-FD81-4063-8D1A-40F5084CA1BC}.Ad-Hoc|iPhone.ActiveCfg = Ad-Hoc|iPhone
		{BB0F6604-FD81-4063-8D1A-40F5084CA1BC}.Ad-Hoc|iPhone.Build.0 = Ad-Hoc|iPhone
		{BB0F6604-FD81-4063-8D1A-40F5084CA1BC}.Ad-Hoc|iPhoneSimulator.ActiveCfg = Ad-Hoc|iPhoneSimulator
		{BB0F6604-FD81-4063-8D1A-40F5084CA1BC}.Ad-Hoc|iPhoneSimulator.Build.0 = Ad-Hoc|iPhoneSimulator
		{BB0F6604-FD81-4063-8D1A-40F5084CA1BC}.AppStore|Any CPU.ActiveCfg = AppStore|iPhone
		{BB0F6604-FD81-4063-8D1A-40F5084CA1BC}.AppStore|iPhone.ActiveCfg = AppStore|iPhone
		{BB0F6604-FD81-4063-8D1A-40F5084CA1BC}.AppStore|iPhone.Build.0 = AppStore|iPhone
		{BB0F6604-FD81-4063-8D1A-40F5084CA1BC}.AppStore|iPhoneSimulator.ActiveCfg = AppStore|iPhoneSimulator
		{BB0F6604-FD81-4063-8D1A-40F5084CA1BC}.AppStore|iPhoneSimulator.Build.0 = AppStore|iPhoneSimulator
		{BB0F6604-FD81-4063-8D1A-40F5084CA1BC}.Debug|Any CPU.ActiveCfg = Debug|iPhone
		{BB0F6604-FD81-4063-8D1A-40F5084CA1BC}.Debug|iPhone.ActiveCfg = Debug|iPhone
		{BB0F6604-FD81-4063-8D1A-40F5084CA1BC}.Debug|iPhone.Build.0 = Debug|iPhone
		{BB0F6604-FD81-4063-8D1A-40F5084CA1BC}.Debug|iPhoneSimulator.ActiveCfg = Debug|iPhoneSimulator
		{BB0F6604-FD81-4063-8D1A-40F5084CA1BC}.Debug|iPhoneSimulator.Build.0 = Debug|iPhoneSimulator
		{BB0F6604-FD81-4063-8D1A-40F5084CA1BC}.Release|Any CPU.ActiveCfg = Release|iPhone
		{BB0F6604-FD81-4063-8D1A-40F5084CA1BC}.Release|iPhone.ActiveCfg = Release|iPhone
		{BB0F6604-FD81-4063-8D1A-40F5084CA1BC}.Release|iPhone.Build.0 = Release|iPhone
		{BB0F6604-FD81-4063-8D1A-40F5084CA1BC}.Release|iPhoneSimulator.ActiveCfg = Release|iPhoneSimulator
		{BB0F6604-FD81-4063-8D1A-40F5084CA1BC}.Release|iPhoneSimulator.Build.0 = Release|iPhoneSimulator
		{20051B6E-56A3-4FAD-B974-FF4E638C4D7E}.Ad-Hoc|Any CPU.ActiveCfg = Debug|Any CPU
		{20051B6E-56A3-4FAD-B974-FF4E638C4D7E}.Ad-Hoc|Any CPU.Build.0 = Debug|Any CPU
		{20051B6E-56A3-4FAD-B974-FF4E638C4D7E}.Ad-Hoc|iPhone.ActiveCfg = Debug|Any CPU
		{20051B6E-56A3-4FAD-B974-FF4E638C4D7E}.Ad-Hoc|iPhone.Build.0 = Debug|Any CPU
		{20051B6E-56A3-4FAD-B974-FF4E638C4D7E}.Ad-Hoc|iPhoneSimulator.ActiveCfg = Debug|Any CPU
		{20051B6E-56A3-4FAD-B974-FF4E638C4D7E}.Ad-Hoc|iPhoneSimulator.Build.0 = Debug|Any CPU
		{20051B6E-56A3-4FAD-B974-FF4E638C4D7E}.AppStore|Any CPU.ActiveCfg = Debug|Any CPU
		{20051B6E-56A3-4FAD-B974-FF4E638C4D7E}.AppStore|Any CPU.Build.0 = Debug|Any CPU
		{20051B6E-56A3-4FAD-B974-FF4E638C4D7E}.AppStore|iPhone.ActiveCfg = Debug|Any CPU
		{20051B6E-56A3-4FAD-B974-FF4E638C4D7E}.AppStore|iPhone.Build.0 = Debug|Any CPU
		{20051B6E-56A3-4FAD-B974-FF4E638C4D7E}.AppStore|iPhoneSimulator.ActiveCfg = Debug|Any CPU
		{20051B6E-56A3-4FAD-B974-FF4E638C4D7E}.AppStore|iPhoneSimulator.Build.0 = Debug|Any CPU
		{20051B6E-56A3-4FAD-B974-FF4E638C4D7E}.Debug|Any CPU.ActiveCfg = Debug|Any CPU
		{20051B6E-56A3-4FAD-B974-FF4E638C4D7E}.Debug|Any CPU.Build.0 = Debug|Any CPU
		{20051B6E-56A3-4FAD-B974-FF4E638C4D7E}.Debug|iPhone.ActiveCfg = Debug|Any CPU
		{20051B6E-56A3-4FAD-B974-FF4E638C4D7E}.Debug|iPhone.Build.0 = Debug|Any CPU
		{20051B6E-56A3-4FAD-B974-FF4E638C4D7E}.Debug|iPhoneSimulator.ActiveCfg = Debug|Any CPU
		{20051B6E-56A3-4FAD-B974-FF4E638C4D7E}.Debug|iPhoneSimulator.Build.0 = Debug|Any CPU
		{20051B6E-56A3-4FAD-B974-FF4E638C4D7E}.Release|Any CPU.ActiveCfg = Release|Any CPU
		{20051B6E-56A3-4FAD-B974-FF4E638C4D7E}.Release|Any CPU.Build.0 = Release|Any CPU
		{20051B6E-56A3-4FAD-B974-FF4E638C4D7E}.Release|iPhone.ActiveCfg = Release|Any CPU
		{20051B6E-56A3-4FAD-B974-FF4E638C4D7E}.Release|iPhone.Build.0 = Release|Any CPU
		{20051B6E-56A3-4FAD-B974-FF4E638C4D7E}.Release|iPhoneSimulator.ActiveCfg = Release|Any CPU
		{20051B6E-56A3-4FAD-B974-FF4E638C4D7E}.Release|iPhoneSimulator.Build.0 = Release|Any CPU
		{DB54B503-C819-4564-B4C8-A422EA7F0DAB}.Ad-Hoc|Any CPU.ActiveCfg = Debug|Any CPU
		{DB54B503-C819-4564-B4C8-A422EA7F0DAB}.Ad-Hoc|Any CPU.Build.0 = Debug|Any CPU
		{DB54B503-C819-4564-B4C8-A422EA7F0DAB}.Ad-Hoc|iPhone.ActiveCfg = Debug|Any CPU
		{DB54B503-C819-4564-B4C8-A422EA7F0DAB}.Ad-Hoc|iPhone.Build.0 = Debug|Any CPU
		{DB54B503-C819-4564-B4C8-A422EA7F0DAB}.Ad-Hoc|iPhoneSimulator.ActiveCfg = Debug|Any CPU
		{DB54B503-C819-4564-B4C8-A422EA7F0DAB}.Ad-Hoc|iPhoneSimulator.Build.0 = Debug|Any CPU
		{DB54B503-C819-4564-B4C8-A422EA7F0DAB}.AppStore|Any CPU.ActiveCfg = Debug|Any CPU
		{DB54B503-C819-4564-B4C8-A422EA7F0DAB}.AppStore|Any CPU.Build.0 = Debug|Any CPU
		{DB54B503-C819-4564-B4C8-A422EA7F0DAB}.AppStore|iPhone.ActiveCfg = Debug|Any CPU
		{DB54B503-C819-4564-B4C8-A422EA7F0DAB}.AppStore|iPhone.Build.0 = Debug|Any CPU
		{DB54B503-C819-4564-B4C8-A422EA7F0DAB}.AppStore|iPhoneSimulator.ActiveCfg = Debug|Any CPU
		{DB54B503-C819-4564-B4C8-A422EA7F0DAB}.AppStore|iPhoneSimulator.Build.0 = Debug|Any CPU
		{DB54B503-C819-4564-B4C8-A422EA7F0DAB}.Debug|Any CPU.ActiveCfg = Debug|Any CPU
		{DB54B503-C819-4564-B4C8-A422EA7F0DAB}.Debug|Any CPU.Build.0 = Debug|Any CPU
		{DB54B503-C819-4564-B4C8-A422EA7F0DAB}.Debug|iPhone.ActiveCfg = Debug|Any CPU
		{DB54B503-C819-4564-B4C8-A422EA7F0DAB}.Debug|iPhone.Build.0 = Debug|Any CPU
		{DB54B503-C819-4564-B4C8-A422EA7F0DAB}.Debug|iPhoneSimulator.ActiveCfg = Debug|Any CPU
		{DB54B503-C819-4564-B4C8-A422EA7F0DAB}.Debug|iPhoneSimulator.Build.0 = Debug|Any CPU
		{DB54B503-C819-4564-B4C8-A422EA7F0DAB}.Release|Any CPU.ActiveCfg = Release|Any CPU
		{DB54B503-C819-4564-B4C8-A422EA7F0DAB}.Release|Any CPU.Build.0 = Release|Any CPU
		{DB54B503-C819-4564-B4C8-A422EA7F0DAB}.Release|iPhone.ActiveCfg = Release|Any CPU
		{DB54B503-C819-4564-B4C8-A422EA7F0DAB}.Release|iPhone.Build.0 = Release|Any CPU
		{DB54B503-C819-4564-B4C8-A422EA7F0DAB}.Release|iPhoneSimulator.ActiveCfg = Release|Any CPU
		{DB54B503-C819-4564-B4C8-A422EA7F0DAB}.Release|iPhoneSimulator.Build.0 = Release|Any CPU
		{194A9112-3E22-47F2-B4DE-13CE80B62DAF}.Ad-Hoc|Any CPU.ActiveCfg = Debug|Any CPU
		{194A9112-3E22-47F2-B4DE-13CE80B62DAF}.Ad-Hoc|Any CPU.Build.0 = Debug|Any CPU
		{194A9112-3E22-47F2-B4DE-13CE80B62DAF}.Ad-Hoc|iPhone.ActiveCfg = Debug|Any CPU
		{194A9112-3E22-47F2-B4DE-13CE80B62DAF}.Ad-Hoc|iPhone.Build.0 = Debug|Any CPU
		{194A9112-3E22-47F2-B4DE-13CE80B62DAF}.Ad-Hoc|iPhoneSimulator.ActiveCfg = Debug|Any CPU
		{194A9112-3E22-47F2-B4DE-13CE80B62DAF}.Ad-Hoc|iPhoneSimulator.Build.0 = Debug|Any CPU
		{194A9112-3E22-47F2-B4DE-13CE80B62DAF}.AppStore|Any CPU.ActiveCfg = Debug|Any CPU
		{194A9112-3E22-47F2-B4DE-13CE80B62DAF}.AppStore|Any CPU.Build.0 = Debug|Any CPU
		{194A9112-3E22-47F2-B4DE-13CE80B62DAF}.AppStore|iPhone.ActiveCfg = Debug|Any CPU
		{194A9112-3E22-47F2-B4DE-13CE80B62DAF}.AppStore|iPhone.Build.0 = Debug|Any CPU
		{194A9112-3E22-47F2-B4DE-13CE80B62DAF}.AppStore|iPhoneSimulator.ActiveCfg = Debug|Any CPU
		{194A9112-3E22-47F2-B4DE-13CE80B62DAF}.AppStore|iPhoneSimulator.Build.0 = Debug|Any CPU
		{194A9112-3E22-47F2-B4DE-13CE80B62DAF}.Debug|Any CPU.ActiveCfg = Debug|Any CPU
		{194A9112-3E22-47F2-B4DE-13CE80B62DAF}.Debug|Any CPU.Build.0 = Debug|Any CPU
		{194A9112-3E22-47F2-B4DE-13CE80B62DAF}.Debug|iPhone.ActiveCfg = Debug|Any CPU
		{194A9112-3E22-47F2-B4DE-13CE80B62DAF}.Debug|iPhone.Build.0 = Debug|Any CPU
		{194A9112-3E22-47F2-B4DE-13CE80B62DAF}.Debug|iPhoneSimulator.ActiveCfg = Debug|Any CPU
		{194A9112-3E22-47F2-B4DE-13CE80B62DAF}.Debug|iPhoneSimulator.Build.0 = Debug|Any CPU
		{194A9112-3E22-47F2-B4DE-13CE80B62DAF}.Release|Any CPU.ActiveCfg = Release|Any CPU
		{194A9112-3E22-47F2-B4DE-13CE80B62DAF}.Release|Any CPU.Build.0 = Release|Any CPU
		{194A9112-3E22-47F2-B4DE-13CE80B62DAF}.Release|iPhone.ActiveCfg = Release|Any CPU
		{194A9112-3E22-47F2-B4DE-13CE80B62DAF}.Release|iPhone.Build.0 = Release|Any CPU
		{194A9112-3E22-47F2-B4DE-13CE80B62DAF}.Release|iPhoneSimulator.ActiveCfg = Release|Any CPU
		{194A9112-3E22-47F2-B4DE-13CE80B62DAF}.Release|iPhoneSimulator.Build.0 = Release|Any CPU
		{92645F67-A487-4CF4-8FDF-C831B57BD3B3}.Ad-Hoc|Any CPU.ActiveCfg = Debug|Any CPU
		{92645F67-A487-4CF4-8FDF-C831B57BD3B3}.Ad-Hoc|Any CPU.Build.0 = Debug|Any CPU
		{92645F67-A487-4CF4-8FDF-C831B57BD3B3}.Ad-Hoc|iPhone.ActiveCfg = Debug|Any CPU
		{92645F67-A487-4CF4-8FDF-C831B57BD3B3}.Ad-Hoc|iPhone.Build.0 = Debug|Any CPU
		{92645F67-A487-4CF4-8FDF-C831B57BD3B3}.Ad-Hoc|iPhoneSimulator.ActiveCfg = Debug|Any CPU
		{92645F67-A487-4CF4-8FDF-C831B57BD3B3}.Ad-Hoc|iPhoneSimulator.Build.0 = Debug|Any CPU
		{92645F67-A487-4CF4-8FDF-C831B57BD3B3}.AppStore|Any CPU.ActiveCfg = Debug|Any CPU
		{92645F67-A487-4CF4-8FDF-C831B57BD3B3}.AppStore|Any CPU.Build.0 = Debug|Any CPU
		{92645F67-A487-4CF4-8FDF-C831B57BD3B3}.AppStore|iPhone.ActiveCfg = Debug|Any CPU
		{92645F67-A487-4CF4-8FDF-C831B57BD3B3}.AppStore|iPhone.Build.0 = Debug|Any CPU
		{92645F67-A487-4CF4-8FDF-C831B57BD3B3}.AppStore|iPhoneSimulator.ActiveCfg = Debug|Any CPU
		{92645F67-A487-4CF4-8FDF-C831B57BD3B3}.AppStore|iPhoneSimulator.Build.0 = Debug|Any CPU
		{92645F67-A487-4CF4-8FDF-C831B57BD3B3}.Debug|Any CPU.ActiveCfg = Debug|Any CPU
		{92645F67-A487-4CF4-8FDF-C831B57BD3B3}.Debug|Any CPU.Build.0 = Debug|Any CPU
		{92645F67-A487-4CF4-8FDF-C831B57BD3B3}.Debug|iPhone.ActiveCfg = Debug|Any CPU
		{92645F67-A487-4CF4-8FDF-C831B57BD3B3}.Debug|iPhone.Build.0 = Debug|Any CPU
		{92645F67-A487-4CF4-8FDF-C831B57BD3B3}.Debug|iPhoneSimulator.ActiveCfg = Debug|Any CPU
		{92645F67-A487-4CF4-8FDF-C831B57BD3B3}.Debug|iPhoneSimulator.Build.0 = Debug|Any CPU
		{92645F67-A487-4CF4-8FDF-C831B57BD3B3}.Release|Any CPU.ActiveCfg = Release|Any CPU
		{92645F67-A487-4CF4-8FDF-C831B57BD3B3}.Release|Any CPU.Build.0 = Release|Any CPU
		{92645F67-A487-4CF4-8FDF-C831B57BD3B3}.Release|iPhone.ActiveCfg = Release|Any CPU
		{92645F67-A487-4CF4-8FDF-C831B57BD3B3}.Release|iPhone.Build.0 = Release|Any CPU
		{92645F67-A487-4CF4-8FDF-C831B57BD3B3}.Release|iPhoneSimulator.ActiveCfg = Release|Any CPU
		{92645F67-A487-4CF4-8FDF-C831B57BD3B3}.Release|iPhoneSimulator.Build.0 = Release|Any CPU
		{26079D94-0C74-497D-854B-6A271673CAB7}.Ad-Hoc|Any CPU.ActiveCfg = Debug|Any CPU
		{26079D94-0C74-497D-854B-6A271673CAB7}.Ad-Hoc|Any CPU.Build.0 = Debug|Any CPU
		{26079D94-0C74-497D-854B-6A271673CAB7}.Ad-Hoc|iPhone.ActiveCfg = Debug|Any CPU
		{26079D94-0C74-497D-854B-6A271673CAB7}.Ad-Hoc|iPhone.Build.0 = Debug|Any CPU
		{26079D94-0C74-497D-854B-6A271673CAB7}.Ad-Hoc|iPhoneSimulator.ActiveCfg = Debug|Any CPU
		{26079D94-0C74-497D-854B-6A271673CAB7}.Ad-Hoc|iPhoneSimulator.Build.0 = Debug|Any CPU
		{26079D94-0C74-497D-854B-6A271673CAB7}.AppStore|Any CPU.ActiveCfg = Debug|Any CPU
		{26079D94-0C74-497D-854B-6A271673CAB7}.AppStore|Any CPU.Build.0 = Debug|Any CPU
		{26079D94-0C74-497D-854B-6A271673CAB7}.AppStore|iPhone.ActiveCfg = Debug|Any CPU
		{26079D94-0C74-497D-854B-6A271673CAB7}.AppStore|iPhone.Build.0 = Debug|Any CPU
		{26079D94-0C74-497D-854B-6A271673CAB7}.AppStore|iPhoneSimulator.ActiveCfg = Debug|Any CPU
		{26079D94-0C74-497D-854B-6A271673CAB7}.AppStore|iPhoneSimulator.Build.0 = Debug|Any CPU
		{26079D94-0C74-497D-854B-6A271673CAB7}.Debug|Any CPU.ActiveCfg = Debug|Any CPU
		{26079D94-0C74-497D-854B-6A271673CAB7}.Debug|Any CPU.Build.0 = Debug|Any CPU
		{26079D94-0C74-497D-854B-6A271673CAB7}.Debug|iPhone.ActiveCfg = Debug|Any CPU
		{26079D94-0C74-497D-854B-6A271673CAB7}.Debug|iPhone.Build.0 = Debug|Any CPU
		{26079D94-0C74-497D-854B-6A271673CAB7}.Debug|iPhoneSimulator.ActiveCfg = Debug|Any CPU
		{26079D94-0C74-497D-854B-6A271673CAB7}.Debug|iPhoneSimulator.Build.0 = Debug|Any CPU
		{26079D94-0C74-497D-854B-6A271673CAB7}.Release|Any CPU.ActiveCfg = Release|Any CPU
		{26079D94-0C74-497D-854B-6A271673CAB7}.Release|Any CPU.Build.0 = Release|Any CPU
		{26079D94-0C74-497D-854B-6A271673CAB7}.Release|iPhone.ActiveCfg = Release|Any CPU
		{26079D94-0C74-497D-854B-6A271673CAB7}.Release|iPhone.Build.0 = Release|Any CPU
		{26079D94-0C74-497D-854B-6A271673CAB7}.Release|iPhoneSimulator.ActiveCfg = Release|Any CPU
		{26079D94-0C74-497D-854B-6A271673CAB7}.Release|iPhoneSimulator.Build.0 = Release|Any CPU
		{469889A6-04EE-4040-AEB6-36BF166FEC31}.Ad-Hoc|Any CPU.ActiveCfg = Debug|Any CPU
		{469889A6-04EE-4040-AEB6-36BF166FEC31}.Ad-Hoc|Any CPU.Build.0 = Debug|Any CPU
		{469889A6-04EE-4040-AEB6-36BF166FEC31}.Ad-Hoc|iPhone.ActiveCfg = Debug|Any CPU
		{469889A6-04EE-4040-AEB6-36BF166FEC31}.Ad-Hoc|iPhone.Build.0 = Debug|Any CPU
		{469889A6-04EE-4040-AEB6-36BF166FEC31}.Ad-Hoc|iPhoneSimulator.ActiveCfg = Debug|Any CPU
		{469889A6-04EE-4040-AEB6-36BF166FEC31}.Ad-Hoc|iPhoneSimulator.Build.0 = Debug|Any CPU
		{469889A6-04EE-4040-AEB6-36BF166FEC31}.AppStore|Any CPU.ActiveCfg = Debug|Any CPU
		{469889A6-04EE-4040-AEB6-36BF166FEC31}.AppStore|Any CPU.Build.0 = Debug|Any CPU
		{469889A6-04EE-4040-AEB6-36BF166FEC31}.AppStore|iPhone.ActiveCfg = Debug|Any CPU
		{469889A6-04EE-4040-AEB6-36BF166FEC31}.AppStore|iPhone.Build.0 = Debug|Any CPU
		{469889A6-04EE-4040-AEB6-36BF166FEC31}.AppStore|iPhoneSimulator.ActiveCfg = Debug|Any CPU
		{469889A6-04EE-4040-AEB6-36BF166FEC31}.AppStore|iPhoneSimulator.Build.0 = Debug|Any CPU
		{469889A6-04EE-4040-AEB6-36BF166FEC31}.Debug|Any CPU.ActiveCfg = Debug|Any CPU
		{469889A6-04EE-4040-AEB6-36BF166FEC31}.Debug|Any CPU.Build.0 = Debug|Any CPU
		{469889A6-04EE-4040-AEB6-36BF166FEC31}.Debug|iPhone.ActiveCfg = Debug|Any CPU
		{469889A6-04EE-4040-AEB6-36BF166FEC31}.Debug|iPhone.Build.0 = Debug|Any CPU
		{469889A6-04EE-4040-AEB6-36BF166FEC31}.Debug|iPhoneSimulator.ActiveCfg = Debug|Any CPU
		{469889A6-04EE-4040-AEB6-36BF166FEC31}.Debug|iPhoneSimulator.Build.0 = Debug|Any CPU
		{469889A6-04EE-4040-AEB6-36BF166FEC31}.Release|Any CPU.ActiveCfg = Release|Any CPU
		{469889A6-04EE-4040-AEB6-36BF166FEC31}.Release|Any CPU.Build.0 = Release|Any CPU
		{469889A6-04EE-4040-AEB6-36BF166FEC31}.Release|iPhone.ActiveCfg = Release|Any CPU
		{469889A6-04EE-4040-AEB6-36BF166FEC31}.Release|iPhone.Build.0 = Release|Any CPU
		{469889A6-04EE-4040-AEB6-36BF166FEC31}.Release|iPhoneSimulator.ActiveCfg = Release|Any CPU
		{469889A6-04EE-4040-AEB6-36BF166FEC31}.Release|iPhoneSimulator.Build.0 = Release|Any CPU
	EndGlobalSection
	GlobalSection(SolutionProperties) = preSolution
		HideSolutionNode = FALSE
	EndGlobalSection
	GlobalSection(NestedProjects) = preSolution
		{20051B6E-56A3-4FAD-B974-FF4E638C4D7E} = {50A3ABDA-59D2-468A-8EE4-82D966EB93E6}
		{DB54B503-C819-4564-B4C8-A422EA7F0DAB} = {50A3ABDA-59D2-468A-8EE4-82D966EB93E6}
		{194A9112-3E22-47F2-B4DE-13CE80B62DAF} = {50A3ABDA-59D2-468A-8EE4-82D966EB93E6}
		{92645F67-A487-4CF4-8FDF-C831B57BD3B3} = {50A3ABDA-59D2-468A-8EE4-82D966EB93E6}
		{26079D94-0C74-497D-854B-6A271673CAB7} = {50A3ABDA-59D2-468A-8EE4-82D966EB93E6}
		{469889A6-04EE-4040-AEB6-36BF166FEC31} = {50A3ABDA-59D2-468A-8EE4-82D966EB93E6}
	EndGlobalSection
	GlobalSection(ExtensibilityGlobals) = postSolution
		SolutionGuid = {D7804EB8-35A6-4838-B2DD-A9CFB9231817}
	EndGlobalSection
EndGlobal
