
Microsoft Visual Studio Solution File, Format Version 12.00
# Visual Studio Version 16
VisualStudioVersion = 16.0.29009.5
MinimumVisualStudioVersion = 10.0.40219.1
Project("{2150E333-8FDC-42A3-9474-1A3956D46DE8}") = "src", "src", "{234B3DA3-4C56-4D6C-BFD7-F7A2985982F2}"
EndProject
Project("{2150E333-8FDC-42A3-9474-1A3956D46DE8}") = "_Shared", "_Shared", "{8F1C692F-36EA-4E1B-849C-CB98EBFA8724}"
EndProject
Project("{2150E333-8FDC-42A3-9474-1A3956D46DE8}") = "Sports", "Sports", "{9CEA9109-0DB9-4232-BA97-74976625B5D4}"
EndProject
Project("{2150E333-8FDC-42A3-9474-1A3956D46DE8}") = "Platforms", "Platforms", "{F96F1E34-EC23-4EE5-8089-EC572468DB5A}"
EndProject
Project("{FAE04EC0-301F-11D3-BF4B-00C04F79EFBC}") = "Soccer", "src\Shared\Sports\Soccer\Soccer.csproj", "{1337FDBC-9BD3-4862-8F53-6001EEB0EAF3}"
EndProject
Project("{FAE04EC0-301F-11D3-BF4B-00C04F79EFBC}") = "LiveScore.Core", "src\Shared\Core\LiveScore.Core.csproj", "{68150DDE-7169-4682-BDC6-91927456D04F}"
EndProject
Project("{9A19103F-16F7-4668-BE54-9A1E7A4F7556}") = "LiveScore.Common", "src\Shared\Common\LiveScore.Common.csproj", "{7E317128-A40E-459E-BF15-F586A0C3BB30}"
EndProject
Project("{FAE04EC0-301F-11D3-BF4B-00C04F79EFBC}") = "LiveScore.iOS", "src\Platforms\LiveScore.iOS\LiveScore.iOS.csproj", "{BB0F6604-FD81-4063-8D1A-40F5084CA1BC}"
EndProject
Project("{9A19103F-16F7-4668-BE54-9A1E7A4F7556}") = "LiveScore", "src\LiveScore\LiveScore.csproj", "{DFE8CEFD-58E2-4A3F-A920-C0487C223602}"
EndProject
Project("{9A19103F-16F7-4668-BE54-9A1E7A4F7556}") = "LiveScore.Core.Tests", "src\Shared\Core.Tests\LiveScore.Core.Tests.csproj", "{E3BDECC6-C9AB-4859-B50E-CB08CE800638}"
EndProject
Project("{9A19103F-16F7-4668-BE54-9A1E7A4F7556}") = "LiveScore.Common.Tests", "src\Shared\Common.Tests\LiveScore.Common.Tests.csproj", "{AF0CEF2E-A178-4E83-A210-DC0A95C539AF}"
EndProject
Project("{9A19103F-16F7-4668-BE54-9A1E7A4F7556}") = "LiveScore.Tests", "src\LiveScore.Tests\LiveScore.Tests.csproj", "{5D75D1B4-E39B-4F50-A3A4-DF2528FCCC56}"
EndProject
Project("{FAE04EC0-301F-11D3-BF4B-00C04F79EFBC}") = "LiveScore.Android", "src\Platforms\LiveScore.Android\LiveScore.Android.csproj", "{74EEA90A-96D6-4E2E-BBE5-D9552EA7EC16}"
EndProject
Project("{2150E333-8FDC-42A3-9474-1A3956D46DE8}") = "utils", "utils", "{50A77883-8167-496D-AA8F-BC8B136903BD}"
EndProject
Project("{9A19103F-16F7-4668-BE54-9A1E7A4F7556}") = "LiveScore.PerformanceProfilers", "utils\LiveScore.PerfomanceProfilers\LiveScore.PerformanceProfilers.csproj", "{CB56C7C5-0C3D-4171-9B0F-0E0AF695FEC5}"
EndProject
Project("{9A19103F-16F7-4668-BE54-9A1E7A4F7556}") = "LiveScore.Features", "src\LiveScore.Features\LiveScore.Features.csproj", "{C45FE61A-3F05-4F40-B6EB-2D714C3FEE8D}"
EndProject
Global
	GlobalSection(SolutionConfigurationPlatforms) = preSolution
		Ad-Hoc|Any CPU = Ad-Hoc|Any CPU
		Ad-Hoc|iPhone = Ad-Hoc|iPhone
		Ad-Hoc|iPhoneSimulator = Ad-Hoc|iPhoneSimulator
		AppStore|Any CPU = AppStore|Any CPU
		AppStore|iPhone = AppStore|iPhone
		AppStore|iPhoneSimulator = AppStore|iPhoneSimulator
		AutoTest|Any CPU = AutoTest|Any CPU
		AutoTest|iPhone = AutoTest|iPhone
		AutoTest|iPhoneSimulator = AutoTest|iPhoneSimulator
		Debug|Any CPU = Debug|Any CPU
		Debug|iPhone = Debug|iPhone
		Debug|iPhoneSimulator = Debug|iPhoneSimulator
		Release|Any CPU = Release|Any CPU
		Release|iPhone = Release|iPhone
		Release|iPhoneSimulator = Release|iPhoneSimulator
		Test|Any CPU = Test|Any CPU
		Test|iPhone = Test|iPhone
		Test|iPhoneSimulator = Test|iPhoneSimulator
	EndGlobalSection
	GlobalSection(ProjectConfigurationPlatforms) = postSolution
		{1337FDBC-9BD3-4862-8F53-6001EEB0EAF3}.Ad-Hoc|Any CPU.ActiveCfg = Debug|Any CPU
		{1337FDBC-9BD3-4862-8F53-6001EEB0EAF3}.Ad-Hoc|Any CPU.Build.0 = Debug|Any CPU
		{1337FDBC-9BD3-4862-8F53-6001EEB0EAF3}.Ad-Hoc|iPhone.ActiveCfg = Debug|Any CPU
		{1337FDBC-9BD3-4862-8F53-6001EEB0EAF3}.Ad-Hoc|iPhone.Build.0 = Debug|Any CPU
		{1337FDBC-9BD3-4862-8F53-6001EEB0EAF3}.Ad-Hoc|iPhoneSimulator.ActiveCfg = Debug|Any CPU
		{1337FDBC-9BD3-4862-8F53-6001EEB0EAF3}.Ad-Hoc|iPhoneSimulator.Build.0 = Debug|Any CPU
		{1337FDBC-9BD3-4862-8F53-6001EEB0EAF3}.AppStore|Any CPU.ActiveCfg = Debug|Any CPU
		{1337FDBC-9BD3-4862-8F53-6001EEB0EAF3}.AppStore|Any CPU.Build.0 = Debug|Any CPU
		{1337FDBC-9BD3-4862-8F53-6001EEB0EAF3}.AppStore|iPhone.ActiveCfg = Debug|Any CPU
		{1337FDBC-9BD3-4862-8F53-6001EEB0EAF3}.AppStore|iPhone.Build.0 = Debug|Any CPU
		{1337FDBC-9BD3-4862-8F53-6001EEB0EAF3}.AppStore|iPhoneSimulator.ActiveCfg = Debug|Any CPU
		{1337FDBC-9BD3-4862-8F53-6001EEB0EAF3}.AppStore|iPhoneSimulator.Build.0 = Debug|Any CPU
		{1337FDBC-9BD3-4862-8F53-6001EEB0EAF3}.AutoTest|Any CPU.ActiveCfg = AutoTest|Any CPU
		{1337FDBC-9BD3-4862-8F53-6001EEB0EAF3}.AutoTest|Any CPU.Build.0 = AutoTest|Any CPU
		{1337FDBC-9BD3-4862-8F53-6001EEB0EAF3}.AutoTest|iPhone.ActiveCfg = AutoTest|Any CPU
		{1337FDBC-9BD3-4862-8F53-6001EEB0EAF3}.AutoTest|iPhone.Build.0 = AutoTest|Any CPU
		{1337FDBC-9BD3-4862-8F53-6001EEB0EAF3}.AutoTest|iPhoneSimulator.ActiveCfg = AutoTest|Any CPU
		{1337FDBC-9BD3-4862-8F53-6001EEB0EAF3}.AutoTest|iPhoneSimulator.Build.0 = AutoTest|Any CPU
		{1337FDBC-9BD3-4862-8F53-6001EEB0EAF3}.Debug|Any CPU.ActiveCfg = Debug|Any CPU
		{1337FDBC-9BD3-4862-8F53-6001EEB0EAF3}.Debug|Any CPU.Build.0 = Debug|Any CPU
		{1337FDBC-9BD3-4862-8F53-6001EEB0EAF3}.Debug|iPhone.ActiveCfg = Debug|Any CPU
		{1337FDBC-9BD3-4862-8F53-6001EEB0EAF3}.Debug|iPhone.Build.0 = Debug|Any CPU
		{1337FDBC-9BD3-4862-8F53-6001EEB0EAF3}.Debug|iPhoneSimulator.ActiveCfg = Debug|Any CPU
		{1337FDBC-9BD3-4862-8F53-6001EEB0EAF3}.Debug|iPhoneSimulator.Build.0 = Debug|Any CPU
		{1337FDBC-9BD3-4862-8F53-6001EEB0EAF3}.Release|Any CPU.ActiveCfg = Release|Any CPU
		{1337FDBC-9BD3-4862-8F53-6001EEB0EAF3}.Release|Any CPU.Build.0 = Release|Any CPU
		{1337FDBC-9BD3-4862-8F53-6001EEB0EAF3}.Release|iPhone.ActiveCfg = Release|Any CPU
		{1337FDBC-9BD3-4862-8F53-6001EEB0EAF3}.Release|iPhone.Build.0 = Release|Any CPU
		{1337FDBC-9BD3-4862-8F53-6001EEB0EAF3}.Release|iPhoneSimulator.ActiveCfg = Release|Any CPU
		{1337FDBC-9BD3-4862-8F53-6001EEB0EAF3}.Release|iPhoneSimulator.Build.0 = Release|Any CPU
		{1337FDBC-9BD3-4862-8F53-6001EEB0EAF3}.Test|Any CPU.ActiveCfg = Test|Any CPU
		{1337FDBC-9BD3-4862-8F53-6001EEB0EAF3}.Test|Any CPU.Build.0 = Test|Any CPU
		{1337FDBC-9BD3-4862-8F53-6001EEB0EAF3}.Test|iPhone.ActiveCfg = Test|Any CPU
		{1337FDBC-9BD3-4862-8F53-6001EEB0EAF3}.Test|iPhone.Build.0 = Test|Any CPU
		{1337FDBC-9BD3-4862-8F53-6001EEB0EAF3}.Test|iPhoneSimulator.ActiveCfg = Test|Any CPU
		{1337FDBC-9BD3-4862-8F53-6001EEB0EAF3}.Test|iPhoneSimulator.Build.0 = Test|Any CPU
		{68150DDE-7169-4682-BDC6-91927456D04F}.Ad-Hoc|Any CPU.ActiveCfg = Debug|Any CPU
		{68150DDE-7169-4682-BDC6-91927456D04F}.Ad-Hoc|Any CPU.Build.0 = Debug|Any CPU
		{68150DDE-7169-4682-BDC6-91927456D04F}.Ad-Hoc|iPhone.ActiveCfg = Debug|Any CPU
		{68150DDE-7169-4682-BDC6-91927456D04F}.Ad-Hoc|iPhone.Build.0 = Debug|Any CPU
		{68150DDE-7169-4682-BDC6-91927456D04F}.Ad-Hoc|iPhoneSimulator.ActiveCfg = Debug|Any CPU
		{68150DDE-7169-4682-BDC6-91927456D04F}.Ad-Hoc|iPhoneSimulator.Build.0 = Debug|Any CPU
		{68150DDE-7169-4682-BDC6-91927456D04F}.AppStore|Any CPU.ActiveCfg = Debug|Any CPU
		{68150DDE-7169-4682-BDC6-91927456D04F}.AppStore|Any CPU.Build.0 = Debug|Any CPU
		{68150DDE-7169-4682-BDC6-91927456D04F}.AppStore|iPhone.ActiveCfg = Debug|Any CPU
		{68150DDE-7169-4682-BDC6-91927456D04F}.AppStore|iPhone.Build.0 = Debug|Any CPU
		{68150DDE-7169-4682-BDC6-91927456D04F}.AppStore|iPhoneSimulator.ActiveCfg = Debug|Any CPU
		{68150DDE-7169-4682-BDC6-91927456D04F}.AppStore|iPhoneSimulator.Build.0 = Debug|Any CPU
		{68150DDE-7169-4682-BDC6-91927456D04F}.AutoTest|Any CPU.ActiveCfg = AutoTest|Any CPU
		{68150DDE-7169-4682-BDC6-91927456D04F}.AutoTest|Any CPU.Build.0 = AutoTest|Any CPU
		{68150DDE-7169-4682-BDC6-91927456D04F}.AutoTest|iPhone.ActiveCfg = AutoTest|Any CPU
		{68150DDE-7169-4682-BDC6-91927456D04F}.AutoTest|iPhone.Build.0 = AutoTest|Any CPU
		{68150DDE-7169-4682-BDC6-91927456D04F}.AutoTest|iPhoneSimulator.ActiveCfg = AutoTest|Any CPU
		{68150DDE-7169-4682-BDC6-91927456D04F}.AutoTest|iPhoneSimulator.Build.0 = AutoTest|Any CPU
		{68150DDE-7169-4682-BDC6-91927456D04F}.Debug|Any CPU.ActiveCfg = Debug|Any CPU
		{68150DDE-7169-4682-BDC6-91927456D04F}.Debug|Any CPU.Build.0 = Debug|Any CPU
		{68150DDE-7169-4682-BDC6-91927456D04F}.Debug|iPhone.ActiveCfg = Debug|Any CPU
		{68150DDE-7169-4682-BDC6-91927456D04F}.Debug|iPhone.Build.0 = Debug|Any CPU
		{68150DDE-7169-4682-BDC6-91927456D04F}.Debug|iPhoneSimulator.ActiveCfg = Debug|Any CPU
		{68150DDE-7169-4682-BDC6-91927456D04F}.Debug|iPhoneSimulator.Build.0 = Debug|Any CPU
		{68150DDE-7169-4682-BDC6-91927456D04F}.Release|Any CPU.ActiveCfg = Release|Any CPU
		{68150DDE-7169-4682-BDC6-91927456D04F}.Release|Any CPU.Build.0 = Release|Any CPU
		{68150DDE-7169-4682-BDC6-91927456D04F}.Release|iPhone.ActiveCfg = Release|Any CPU
		{68150DDE-7169-4682-BDC6-91927456D04F}.Release|iPhone.Build.0 = Release|Any CPU
		{68150DDE-7169-4682-BDC6-91927456D04F}.Release|iPhoneSimulator.ActiveCfg = Release|Any CPU
		{68150DDE-7169-4682-BDC6-91927456D04F}.Release|iPhoneSimulator.Build.0 = Release|Any CPU
		{68150DDE-7169-4682-BDC6-91927456D04F}.Test|Any CPU.ActiveCfg = Test|Any CPU
		{68150DDE-7169-4682-BDC6-91927456D04F}.Test|Any CPU.Build.0 = Test|Any CPU
		{68150DDE-7169-4682-BDC6-91927456D04F}.Test|iPhone.ActiveCfg = Test|Any CPU
		{68150DDE-7169-4682-BDC6-91927456D04F}.Test|iPhone.Build.0 = Test|Any CPU
		{68150DDE-7169-4682-BDC6-91927456D04F}.Test|iPhoneSimulator.ActiveCfg = Test|Any CPU
		{68150DDE-7169-4682-BDC6-91927456D04F}.Test|iPhoneSimulator.Build.0 = Test|Any CPU
		{7E317128-A40E-459E-BF15-F586A0C3BB30}.Ad-Hoc|Any CPU.ActiveCfg = Release|Any CPU
		{7E317128-A40E-459E-BF15-F586A0C3BB30}.Ad-Hoc|Any CPU.Build.0 = Release|Any CPU
		{7E317128-A40E-459E-BF15-F586A0C3BB30}.Ad-Hoc|iPhone.ActiveCfg = Release|Any CPU
		{7E317128-A40E-459E-BF15-F586A0C3BB30}.Ad-Hoc|iPhone.Build.0 = Release|Any CPU
		{7E317128-A40E-459E-BF15-F586A0C3BB30}.Ad-Hoc|iPhoneSimulator.ActiveCfg = Release|Any CPU
		{7E317128-A40E-459E-BF15-F586A0C3BB30}.Ad-Hoc|iPhoneSimulator.Build.0 = Release|Any CPU
		{7E317128-A40E-459E-BF15-F586A0C3BB30}.AppStore|Any CPU.ActiveCfg = Release|Any CPU
		{7E317128-A40E-459E-BF15-F586A0C3BB30}.AppStore|Any CPU.Build.0 = Release|Any CPU
		{7E317128-A40E-459E-BF15-F586A0C3BB30}.AppStore|iPhone.ActiveCfg = Release|Any CPU
		{7E317128-A40E-459E-BF15-F586A0C3BB30}.AppStore|iPhone.Build.0 = Release|Any CPU
		{7E317128-A40E-459E-BF15-F586A0C3BB30}.AppStore|iPhoneSimulator.ActiveCfg = Release|Any CPU
		{7E317128-A40E-459E-BF15-F586A0C3BB30}.AppStore|iPhoneSimulator.Build.0 = Release|Any CPU
		{7E317128-A40E-459E-BF15-F586A0C3BB30}.AutoTest|Any CPU.ActiveCfg = AutoTest|Any CPU
		{7E317128-A40E-459E-BF15-F586A0C3BB30}.AutoTest|Any CPU.Build.0 = AutoTest|Any CPU
		{7E317128-A40E-459E-BF15-F586A0C3BB30}.AutoTest|iPhone.ActiveCfg = AutoTest|Any CPU
		{7E317128-A40E-459E-BF15-F586A0C3BB30}.AutoTest|iPhone.Build.0 = AutoTest|Any CPU
		{7E317128-A40E-459E-BF15-F586A0C3BB30}.AutoTest|iPhoneSimulator.ActiveCfg = AutoTest|Any CPU
		{7E317128-A40E-459E-BF15-F586A0C3BB30}.AutoTest|iPhoneSimulator.Build.0 = AutoTest|Any CPU
		{7E317128-A40E-459E-BF15-F586A0C3BB30}.Debug|Any CPU.ActiveCfg = Debug|Any CPU
		{7E317128-A40E-459E-BF15-F586A0C3BB30}.Debug|Any CPU.Build.0 = Debug|Any CPU
		{7E317128-A40E-459E-BF15-F586A0C3BB30}.Debug|iPhone.ActiveCfg = Debug|Any CPU
		{7E317128-A40E-459E-BF15-F586A0C3BB30}.Debug|iPhone.Build.0 = Debug|Any CPU
		{7E317128-A40E-459E-BF15-F586A0C3BB30}.Debug|iPhoneSimulator.ActiveCfg = Debug|Any CPU
		{7E317128-A40E-459E-BF15-F586A0C3BB30}.Debug|iPhoneSimulator.Build.0 = Debug|Any CPU
		{7E317128-A40E-459E-BF15-F586A0C3BB30}.Release|Any CPU.ActiveCfg = Release|Any CPU
		{7E317128-A40E-459E-BF15-F586A0C3BB30}.Release|Any CPU.Build.0 = Release|Any CPU
		{7E317128-A40E-459E-BF15-F586A0C3BB30}.Release|iPhone.ActiveCfg = Release|Any CPU
		{7E317128-A40E-459E-BF15-F586A0C3BB30}.Release|iPhone.Build.0 = Release|Any CPU
		{7E317128-A40E-459E-BF15-F586A0C3BB30}.Release|iPhoneSimulator.ActiveCfg = Release|Any CPU
		{7E317128-A40E-459E-BF15-F586A0C3BB30}.Release|iPhoneSimulator.Build.0 = Release|Any CPU
		{7E317128-A40E-459E-BF15-F586A0C3BB30}.Test|Any CPU.ActiveCfg = Test|Any CPU
		{7E317128-A40E-459E-BF15-F586A0C3BB30}.Test|Any CPU.Build.0 = Test|Any CPU
		{7E317128-A40E-459E-BF15-F586A0C3BB30}.Test|iPhone.ActiveCfg = Test|Any CPU
		{7E317128-A40E-459E-BF15-F586A0C3BB30}.Test|iPhone.Build.0 = Test|Any CPU
		{7E317128-A40E-459E-BF15-F586A0C3BB30}.Test|iPhoneSimulator.ActiveCfg = Test|Any CPU
		{7E317128-A40E-459E-BF15-F586A0C3BB30}.Test|iPhoneSimulator.Build.0 = Test|Any CPU
		{BB0F6604-FD81-4063-8D1A-40F5084CA1BC}.Ad-Hoc|Any CPU.ActiveCfg = Ad-Hoc|Any CPU
		{BB0F6604-FD81-4063-8D1A-40F5084CA1BC}.Ad-Hoc|Any CPU.Build.0 = Ad-Hoc|Any CPU
		{BB0F6604-FD81-4063-8D1A-40F5084CA1BC}.Ad-Hoc|iPhone.ActiveCfg = Ad-Hoc|iPhone
		{BB0F6604-FD81-4063-8D1A-40F5084CA1BC}.Ad-Hoc|iPhone.Build.0 = Ad-Hoc|iPhone
		{BB0F6604-FD81-4063-8D1A-40F5084CA1BC}.Ad-Hoc|iPhoneSimulator.ActiveCfg = Ad-Hoc|iPhoneSimulator
		{BB0F6604-FD81-4063-8D1A-40F5084CA1BC}.Ad-Hoc|iPhoneSimulator.Build.0 = Ad-Hoc|iPhoneSimulator
		{BB0F6604-FD81-4063-8D1A-40F5084CA1BC}.AppStore|Any CPU.ActiveCfg = AppStore|Any CPU
		{BB0F6604-FD81-4063-8D1A-40F5084CA1BC}.AppStore|Any CPU.Build.0 = AppStore|Any CPU
		{BB0F6604-FD81-4063-8D1A-40F5084CA1BC}.AppStore|iPhone.ActiveCfg = AppStore|iPhone
		{BB0F6604-FD81-4063-8D1A-40F5084CA1BC}.AppStore|iPhone.Build.0 = AppStore|iPhone
		{BB0F6604-FD81-4063-8D1A-40F5084CA1BC}.AppStore|iPhoneSimulator.ActiveCfg = AppStore|iPhoneSimulator
		{BB0F6604-FD81-4063-8D1A-40F5084CA1BC}.AppStore|iPhoneSimulator.Build.0 = AppStore|iPhoneSimulator
		{BB0F6604-FD81-4063-8D1A-40F5084CA1BC}.AutoTest|Any CPU.ActiveCfg = AutoTest|Any CPU
		{BB0F6604-FD81-4063-8D1A-40F5084CA1BC}.AutoTest|Any CPU.Build.0 = AutoTest|Any CPU
		{BB0F6604-FD81-4063-8D1A-40F5084CA1BC}.AutoTest|iPhone.ActiveCfg = AutoTest|iPhone
		{BB0F6604-FD81-4063-8D1A-40F5084CA1BC}.AutoTest|iPhone.Build.0 = AutoTest|iPhone
		{BB0F6604-FD81-4063-8D1A-40F5084CA1BC}.AutoTest|iPhoneSimulator.ActiveCfg = AutoTest|iPhoneSimulator
		{BB0F6604-FD81-4063-8D1A-40F5084CA1BC}.AutoTest|iPhoneSimulator.Build.0 = AutoTest|iPhoneSimulator
		{BB0F6604-FD81-4063-8D1A-40F5084CA1BC}.Debug|Any CPU.ActiveCfg = Debug|Any CPU
		{BB0F6604-FD81-4063-8D1A-40F5084CA1BC}.Debug|Any CPU.Build.0 = Debug|Any CPU
		{BB0F6604-FD81-4063-8D1A-40F5084CA1BC}.Debug|iPhone.ActiveCfg = Debug|iPhone
		{BB0F6604-FD81-4063-8D1A-40F5084CA1BC}.Debug|iPhone.Build.0 = Debug|iPhone
		{BB0F6604-FD81-4063-8D1A-40F5084CA1BC}.Debug|iPhoneSimulator.ActiveCfg = Debug|iPhoneSimulator
		{BB0F6604-FD81-4063-8D1A-40F5084CA1BC}.Debug|iPhoneSimulator.Build.0 = Debug|iPhoneSimulator
		{BB0F6604-FD81-4063-8D1A-40F5084CA1BC}.Release|Any CPU.ActiveCfg = Release|Any CPU
		{BB0F6604-FD81-4063-8D1A-40F5084CA1BC}.Release|Any CPU.Build.0 = Release|Any CPU
		{BB0F6604-FD81-4063-8D1A-40F5084CA1BC}.Release|iPhone.ActiveCfg = Release|iPhone
		{BB0F6604-FD81-4063-8D1A-40F5084CA1BC}.Release|iPhone.Build.0 = Release|iPhone
		{BB0F6604-FD81-4063-8D1A-40F5084CA1BC}.Release|iPhoneSimulator.ActiveCfg = Release|iPhoneSimulator
		{BB0F6604-FD81-4063-8D1A-40F5084CA1BC}.Release|iPhoneSimulator.Build.0 = Release|iPhoneSimulator
		{BB0F6604-FD81-4063-8D1A-40F5084CA1BC}.Test|Any CPU.ActiveCfg = Test|Any CPU
		{BB0F6604-FD81-4063-8D1A-40F5084CA1BC}.Test|Any CPU.Build.0 = Test|Any CPU
		{BB0F6604-FD81-4063-8D1A-40F5084CA1BC}.Test|iPhone.ActiveCfg = Test|iPhone
		{BB0F6604-FD81-4063-8D1A-40F5084CA1BC}.Test|iPhone.Build.0 = Test|iPhone
		{BB0F6604-FD81-4063-8D1A-40F5084CA1BC}.Test|iPhoneSimulator.ActiveCfg = Test|iPhoneSimulator
		{BB0F6604-FD81-4063-8D1A-40F5084CA1BC}.Test|iPhoneSimulator.Build.0 = Test|iPhoneSimulator
		{DFE8CEFD-58E2-4A3F-A920-C0487C223602}.Ad-Hoc|Any CPU.ActiveCfg = Release|Any CPU
		{DFE8CEFD-58E2-4A3F-A920-C0487C223602}.Ad-Hoc|Any CPU.Build.0 = Release|Any CPU
		{DFE8CEFD-58E2-4A3F-A920-C0487C223602}.Ad-Hoc|iPhone.ActiveCfg = Release|Any CPU
		{DFE8CEFD-58E2-4A3F-A920-C0487C223602}.Ad-Hoc|iPhone.Build.0 = Release|Any CPU
		{DFE8CEFD-58E2-4A3F-A920-C0487C223602}.Ad-Hoc|iPhoneSimulator.ActiveCfg = Release|Any CPU
		{DFE8CEFD-58E2-4A3F-A920-C0487C223602}.Ad-Hoc|iPhoneSimulator.Build.0 = Release|Any CPU
		{DFE8CEFD-58E2-4A3F-A920-C0487C223602}.AppStore|Any CPU.ActiveCfg = Release|Any CPU
		{DFE8CEFD-58E2-4A3F-A920-C0487C223602}.AppStore|Any CPU.Build.0 = Release|Any CPU
		{DFE8CEFD-58E2-4A3F-A920-C0487C223602}.AppStore|iPhone.ActiveCfg = Release|Any CPU
		{DFE8CEFD-58E2-4A3F-A920-C0487C223602}.AppStore|iPhone.Build.0 = Release|Any CPU
		{DFE8CEFD-58E2-4A3F-A920-C0487C223602}.AppStore|iPhoneSimulator.ActiveCfg = Release|Any CPU
		{DFE8CEFD-58E2-4A3F-A920-C0487C223602}.AppStore|iPhoneSimulator.Build.0 = Release|Any CPU
		{DFE8CEFD-58E2-4A3F-A920-C0487C223602}.AutoTest|Any CPU.ActiveCfg = AutoTest|Any CPU
		{DFE8CEFD-58E2-4A3F-A920-C0487C223602}.AutoTest|Any CPU.Build.0 = AutoTest|Any CPU
		{DFE8CEFD-58E2-4A3F-A920-C0487C223602}.AutoTest|iPhone.ActiveCfg = AutoTest|Any CPU
		{DFE8CEFD-58E2-4A3F-A920-C0487C223602}.AutoTest|iPhone.Build.0 = AutoTest|Any CPU
		{DFE8CEFD-58E2-4A3F-A920-C0487C223602}.AutoTest|iPhoneSimulator.ActiveCfg = AutoTest|Any CPU
		{DFE8CEFD-58E2-4A3F-A920-C0487C223602}.AutoTest|iPhoneSimulator.Build.0 = AutoTest|Any CPU
		{DFE8CEFD-58E2-4A3F-A920-C0487C223602}.Debug|Any CPU.ActiveCfg = Debug|Any CPU
		{DFE8CEFD-58E2-4A3F-A920-C0487C223602}.Debug|Any CPU.Build.0 = Debug|Any CPU
		{DFE8CEFD-58E2-4A3F-A920-C0487C223602}.Debug|iPhone.ActiveCfg = Debug|Any CPU
		{DFE8CEFD-58E2-4A3F-A920-C0487C223602}.Debug|iPhone.Build.0 = Debug|Any CPU
		{DFE8CEFD-58E2-4A3F-A920-C0487C223602}.Debug|iPhoneSimulator.ActiveCfg = Debug|Any CPU
		{DFE8CEFD-58E2-4A3F-A920-C0487C223602}.Debug|iPhoneSimulator.Build.0 = Debug|Any CPU
		{DFE8CEFD-58E2-4A3F-A920-C0487C223602}.Release|Any CPU.ActiveCfg = Release|Any CPU
		{DFE8CEFD-58E2-4A3F-A920-C0487C223602}.Release|Any CPU.Build.0 = Release|Any CPU
		{DFE8CEFD-58E2-4A3F-A920-C0487C223602}.Release|iPhone.ActiveCfg = Release|Any CPU
		{DFE8CEFD-58E2-4A3F-A920-C0487C223602}.Release|iPhone.Build.0 = Release|Any CPU
		{DFE8CEFD-58E2-4A3F-A920-C0487C223602}.Release|iPhoneSimulator.ActiveCfg = Release|Any CPU
		{DFE8CEFD-58E2-4A3F-A920-C0487C223602}.Release|iPhoneSimulator.Build.0 = Release|Any CPU
		{DFE8CEFD-58E2-4A3F-A920-C0487C223602}.Test|Any CPU.ActiveCfg = Test|Any CPU
		{DFE8CEFD-58E2-4A3F-A920-C0487C223602}.Test|Any CPU.Build.0 = Test|Any CPU
		{DFE8CEFD-58E2-4A3F-A920-C0487C223602}.Test|iPhone.ActiveCfg = Test|Any CPU
		{DFE8CEFD-58E2-4A3F-A920-C0487C223602}.Test|iPhone.Build.0 = Test|Any CPU
		{DFE8CEFD-58E2-4A3F-A920-C0487C223602}.Test|iPhoneSimulator.ActiveCfg = Test|Any CPU
		{DFE8CEFD-58E2-4A3F-A920-C0487C223602}.Test|iPhoneSimulator.Build.0 = Test|Any CPU
		{E3BDECC6-C9AB-4859-B50E-CB08CE800638}.Ad-Hoc|Any CPU.ActiveCfg = AutoTest|Any CPU
		{E3BDECC6-C9AB-4859-B50E-CB08CE800638}.Ad-Hoc|Any CPU.Build.0 = AutoTest|Any CPU
		{E3BDECC6-C9AB-4859-B50E-CB08CE800638}.Ad-Hoc|iPhone.ActiveCfg = AutoTest|Any CPU
		{E3BDECC6-C9AB-4859-B50E-CB08CE800638}.Ad-Hoc|iPhone.Build.0 = AutoTest|Any CPU
		{E3BDECC6-C9AB-4859-B50E-CB08CE800638}.Ad-Hoc|iPhoneSimulator.ActiveCfg = AutoTest|Any CPU
		{E3BDECC6-C9AB-4859-B50E-CB08CE800638}.Ad-Hoc|iPhoneSimulator.Build.0 = AutoTest|Any CPU
		{E3BDECC6-C9AB-4859-B50E-CB08CE800638}.AppStore|Any CPU.ActiveCfg = AutoTest|Any CPU
		{E3BDECC6-C9AB-4859-B50E-CB08CE800638}.AppStore|Any CPU.Build.0 = AutoTest|Any CPU
		{E3BDECC6-C9AB-4859-B50E-CB08CE800638}.AppStore|iPhone.ActiveCfg = AutoTest|Any CPU
		{E3BDECC6-C9AB-4859-B50E-CB08CE800638}.AppStore|iPhone.Build.0 = AutoTest|Any CPU
		{E3BDECC6-C9AB-4859-B50E-CB08CE800638}.AppStore|iPhoneSimulator.ActiveCfg = AutoTest|Any CPU
		{E3BDECC6-C9AB-4859-B50E-CB08CE800638}.AppStore|iPhoneSimulator.Build.0 = AutoTest|Any CPU
		{E3BDECC6-C9AB-4859-B50E-CB08CE800638}.AutoTest|Any CPU.ActiveCfg = AutoTest|Any CPU
		{E3BDECC6-C9AB-4859-B50E-CB08CE800638}.AutoTest|Any CPU.Build.0 = AutoTest|Any CPU
		{E3BDECC6-C9AB-4859-B50E-CB08CE800638}.AutoTest|iPhone.ActiveCfg = AutoTest|Any CPU
		{E3BDECC6-C9AB-4859-B50E-CB08CE800638}.AutoTest|iPhone.Build.0 = AutoTest|Any CPU
		{E3BDECC6-C9AB-4859-B50E-CB08CE800638}.AutoTest|iPhoneSimulator.ActiveCfg = AutoTest|Any CPU
		{E3BDECC6-C9AB-4859-B50E-CB08CE800638}.AutoTest|iPhoneSimulator.Build.0 = AutoTest|Any CPU
		{E3BDECC6-C9AB-4859-B50E-CB08CE800638}.Debug|Any CPU.ActiveCfg = Debug|Any CPU
		{E3BDECC6-C9AB-4859-B50E-CB08CE800638}.Debug|iPhone.ActiveCfg = Debug|Any CPU
		{E3BDECC6-C9AB-4859-B50E-CB08CE800638}.Debug|iPhone.Build.0 = Debug|Any CPU
		{E3BDECC6-C9AB-4859-B50E-CB08CE800638}.Debug|iPhoneSimulator.ActiveCfg = Debug|Any CPU
		{E3BDECC6-C9AB-4859-B50E-CB08CE800638}.Debug|iPhoneSimulator.Build.0 = Debug|Any CPU
		{E3BDECC6-C9AB-4859-B50E-CB08CE800638}.Release|Any CPU.ActiveCfg = Release|Any CPU
		{E3BDECC6-C9AB-4859-B50E-CB08CE800638}.Release|Any CPU.Build.0 = Release|Any CPU
		{E3BDECC6-C9AB-4859-B50E-CB08CE800638}.Release|iPhone.ActiveCfg = Release|Any CPU
		{E3BDECC6-C9AB-4859-B50E-CB08CE800638}.Release|iPhone.Build.0 = Release|Any CPU
		{E3BDECC6-C9AB-4859-B50E-CB08CE800638}.Release|iPhoneSimulator.ActiveCfg = Release|Any CPU
		{E3BDECC6-C9AB-4859-B50E-CB08CE800638}.Release|iPhoneSimulator.Build.0 = Release|Any CPU
		{E3BDECC6-C9AB-4859-B50E-CB08CE800638}.Test|Any CPU.ActiveCfg = Test|Any CPU
		{E3BDECC6-C9AB-4859-B50E-CB08CE800638}.Test|Any CPU.Build.0 = Test|Any CPU
		{E3BDECC6-C9AB-4859-B50E-CB08CE800638}.Test|iPhone.ActiveCfg = Test|Any CPU
		{E3BDECC6-C9AB-4859-B50E-CB08CE800638}.Test|iPhone.Build.0 = Test|Any CPU
		{E3BDECC6-C9AB-4859-B50E-CB08CE800638}.Test|iPhoneSimulator.ActiveCfg = Test|Any CPU
		{E3BDECC6-C9AB-4859-B50E-CB08CE800638}.Test|iPhoneSimulator.Build.0 = Test|Any CPU
		{AF0CEF2E-A178-4E83-A210-DC0A95C539AF}.Ad-Hoc|Any CPU.ActiveCfg = AutoTest|Any CPU
		{AF0CEF2E-A178-4E83-A210-DC0A95C539AF}.Ad-Hoc|Any CPU.Build.0 = AutoTest|Any CPU
		{AF0CEF2E-A178-4E83-A210-DC0A95C539AF}.Ad-Hoc|iPhone.ActiveCfg = AutoTest|Any CPU
		{AF0CEF2E-A178-4E83-A210-DC0A95C539AF}.Ad-Hoc|iPhone.Build.0 = AutoTest|Any CPU
		{AF0CEF2E-A178-4E83-A210-DC0A95C539AF}.Ad-Hoc|iPhoneSimulator.ActiveCfg = AutoTest|Any CPU
		{AF0CEF2E-A178-4E83-A210-DC0A95C539AF}.Ad-Hoc|iPhoneSimulator.Build.0 = AutoTest|Any CPU
		{AF0CEF2E-A178-4E83-A210-DC0A95C539AF}.AppStore|Any CPU.ActiveCfg = AutoTest|Any CPU
		{AF0CEF2E-A178-4E83-A210-DC0A95C539AF}.AppStore|Any CPU.Build.0 = AutoTest|Any CPU
		{AF0CEF2E-A178-4E83-A210-DC0A95C539AF}.AppStore|iPhone.ActiveCfg = AutoTest|Any CPU
		{AF0CEF2E-A178-4E83-A210-DC0A95C539AF}.AppStore|iPhone.Build.0 = AutoTest|Any CPU
		{AF0CEF2E-A178-4E83-A210-DC0A95C539AF}.AppStore|iPhoneSimulator.ActiveCfg = AutoTest|Any CPU
		{AF0CEF2E-A178-4E83-A210-DC0A95C539AF}.AppStore|iPhoneSimulator.Build.0 = AutoTest|Any CPU
		{AF0CEF2E-A178-4E83-A210-DC0A95C539AF}.AutoTest|Any CPU.ActiveCfg = AutoTest|Any CPU
		{AF0CEF2E-A178-4E83-A210-DC0A95C539AF}.AutoTest|Any CPU.Build.0 = AutoTest|Any CPU
		{AF0CEF2E-A178-4E83-A210-DC0A95C539AF}.AutoTest|iPhone.ActiveCfg = AutoTest|Any CPU
		{AF0CEF2E-A178-4E83-A210-DC0A95C539AF}.AutoTest|iPhone.Build.0 = AutoTest|Any CPU
		{AF0CEF2E-A178-4E83-A210-DC0A95C539AF}.AutoTest|iPhoneSimulator.ActiveCfg = AutoTest|Any CPU
		{AF0CEF2E-A178-4E83-A210-DC0A95C539AF}.AutoTest|iPhoneSimulator.Build.0 = AutoTest|Any CPU
		{AF0CEF2E-A178-4E83-A210-DC0A95C539AF}.Debug|Any CPU.ActiveCfg = Debug|Any CPU
		{AF0CEF2E-A178-4E83-A210-DC0A95C539AF}.Debug|iPhone.ActiveCfg = Debug|Any CPU
		{AF0CEF2E-A178-4E83-A210-DC0A95C539AF}.Debug|iPhone.Build.0 = Debug|Any CPU
		{AF0CEF2E-A178-4E83-A210-DC0A95C539AF}.Debug|iPhoneSimulator.ActiveCfg = Debug|Any CPU
		{AF0CEF2E-A178-4E83-A210-DC0A95C539AF}.Debug|iPhoneSimulator.Build.0 = Debug|Any CPU
		{AF0CEF2E-A178-4E83-A210-DC0A95C539AF}.Release|Any CPU.ActiveCfg = Release|Any CPU
		{AF0CEF2E-A178-4E83-A210-DC0A95C539AF}.Release|Any CPU.Build.0 = Release|Any CPU
		{AF0CEF2E-A178-4E83-A210-DC0A95C539AF}.Release|iPhone.ActiveCfg = Release|Any CPU
		{AF0CEF2E-A178-4E83-A210-DC0A95C539AF}.Release|iPhone.Build.0 = Release|Any CPU
		{AF0CEF2E-A178-4E83-A210-DC0A95C539AF}.Release|iPhoneSimulator.ActiveCfg = Release|Any CPU
		{AF0CEF2E-A178-4E83-A210-DC0A95C539AF}.Release|iPhoneSimulator.Build.0 = Release|Any CPU
		{AF0CEF2E-A178-4E83-A210-DC0A95C539AF}.Test|Any CPU.ActiveCfg = Test|Any CPU
		{AF0CEF2E-A178-4E83-A210-DC0A95C539AF}.Test|Any CPU.Build.0 = Test|Any CPU
		{AF0CEF2E-A178-4E83-A210-DC0A95C539AF}.Test|iPhone.ActiveCfg = Test|Any CPU
		{AF0CEF2E-A178-4E83-A210-DC0A95C539AF}.Test|iPhone.Build.0 = Test|Any CPU
		{AF0CEF2E-A178-4E83-A210-DC0A95C539AF}.Test|iPhoneSimulator.ActiveCfg = Test|Any CPU
		{AF0CEF2E-A178-4E83-A210-DC0A95C539AF}.Test|iPhoneSimulator.Build.0 = Test|Any CPU
		{5D75D1B4-E39B-4F50-A3A4-DF2528FCCC56}.Ad-Hoc|Any CPU.ActiveCfg = AutoTest|Any CPU
		{5D75D1B4-E39B-4F50-A3A4-DF2528FCCC56}.Ad-Hoc|Any CPU.Build.0 = AutoTest|Any CPU
		{5D75D1B4-E39B-4F50-A3A4-DF2528FCCC56}.Ad-Hoc|iPhone.ActiveCfg = AutoTest|Any CPU
		{5D75D1B4-E39B-4F50-A3A4-DF2528FCCC56}.Ad-Hoc|iPhone.Build.0 = AutoTest|Any CPU
		{5D75D1B4-E39B-4F50-A3A4-DF2528FCCC56}.Ad-Hoc|iPhoneSimulator.ActiveCfg = AutoTest|Any CPU
		{5D75D1B4-E39B-4F50-A3A4-DF2528FCCC56}.Ad-Hoc|iPhoneSimulator.Build.0 = AutoTest|Any CPU
		{5D75D1B4-E39B-4F50-A3A4-DF2528FCCC56}.AppStore|Any CPU.ActiveCfg = AutoTest|Any CPU
		{5D75D1B4-E39B-4F50-A3A4-DF2528FCCC56}.AppStore|Any CPU.Build.0 = AutoTest|Any CPU
		{5D75D1B4-E39B-4F50-A3A4-DF2528FCCC56}.AppStore|iPhone.ActiveCfg = AutoTest|Any CPU
		{5D75D1B4-E39B-4F50-A3A4-DF2528FCCC56}.AppStore|iPhone.Build.0 = AutoTest|Any CPU
		{5D75D1B4-E39B-4F50-A3A4-DF2528FCCC56}.AppStore|iPhoneSimulator.ActiveCfg = AutoTest|Any CPU
		{5D75D1B4-E39B-4F50-A3A4-DF2528FCCC56}.AppStore|iPhoneSimulator.Build.0 = AutoTest|Any CPU
		{5D75D1B4-E39B-4F50-A3A4-DF2528FCCC56}.AutoTest|Any CPU.ActiveCfg = AutoTest|Any CPU
		{5D75D1B4-E39B-4F50-A3A4-DF2528FCCC56}.AutoTest|Any CPU.Build.0 = AutoTest|Any CPU
		{5D75D1B4-E39B-4F50-A3A4-DF2528FCCC56}.AutoTest|iPhone.ActiveCfg = AutoTest|Any CPU
		{5D75D1B4-E39B-4F50-A3A4-DF2528FCCC56}.AutoTest|iPhone.Build.0 = AutoTest|Any CPU
		{5D75D1B4-E39B-4F50-A3A4-DF2528FCCC56}.AutoTest|iPhoneSimulator.ActiveCfg = AutoTest|Any CPU
		{5D75D1B4-E39B-4F50-A3A4-DF2528FCCC56}.AutoTest|iPhoneSimulator.Build.0 = AutoTest|Any CPU
		{5D75D1B4-E39B-4F50-A3A4-DF2528FCCC56}.Debug|Any CPU.ActiveCfg = Debug|Any CPU
		{5D75D1B4-E39B-4F50-A3A4-DF2528FCCC56}.Debug|iPhone.ActiveCfg = Debug|Any CPU
		{5D75D1B4-E39B-4F50-A3A4-DF2528FCCC56}.Debug|iPhone.Build.0 = Debug|Any CPU
		{5D75D1B4-E39B-4F50-A3A4-DF2528FCCC56}.Debug|iPhoneSimulator.ActiveCfg = Debug|Any CPU
		{5D75D1B4-E39B-4F50-A3A4-DF2528FCCC56}.Debug|iPhoneSimulator.Build.0 = Debug|Any CPU
		{5D75D1B4-E39B-4F50-A3A4-DF2528FCCC56}.Release|Any CPU.ActiveCfg = Release|Any CPU
		{5D75D1B4-E39B-4F50-A3A4-DF2528FCCC56}.Release|Any CPU.Build.0 = Release|Any CPU
		{5D75D1B4-E39B-4F50-A3A4-DF2528FCCC56}.Release|iPhone.ActiveCfg = Release|Any CPU
		{5D75D1B4-E39B-4F50-A3A4-DF2528FCCC56}.Release|iPhone.Build.0 = Release|Any CPU
		{5D75D1B4-E39B-4F50-A3A4-DF2528FCCC56}.Release|iPhoneSimulator.ActiveCfg = Release|Any CPU
		{5D75D1B4-E39B-4F50-A3A4-DF2528FCCC56}.Release|iPhoneSimulator.Build.0 = Release|Any CPU
		{5D75D1B4-E39B-4F50-A3A4-DF2528FCCC56}.Test|Any CPU.ActiveCfg = Test|Any CPU
		{5D75D1B4-E39B-4F50-A3A4-DF2528FCCC56}.Test|Any CPU.Build.0 = Test|Any CPU
		{5D75D1B4-E39B-4F50-A3A4-DF2528FCCC56}.Test|iPhone.ActiveCfg = Test|Any CPU
		{5D75D1B4-E39B-4F50-A3A4-DF2528FCCC56}.Test|iPhone.Build.0 = Test|Any CPU
		{5D75D1B4-E39B-4F50-A3A4-DF2528FCCC56}.Test|iPhoneSimulator.ActiveCfg = Test|Any CPU
		{5D75D1B4-E39B-4F50-A3A4-DF2528FCCC56}.Test|iPhoneSimulator.Build.0 = Test|Any CPU
		{74EEA90A-96D6-4E2E-BBE5-D9552EA7EC16}.Ad-Hoc|Any CPU.ActiveCfg = Release|Any CPU
		{74EEA90A-96D6-4E2E-BBE5-D9552EA7EC16}.Ad-Hoc|Any CPU.Build.0 = Release|Any CPU
		{74EEA90A-96D6-4E2E-BBE5-D9552EA7EC16}.Ad-Hoc|Any CPU.Deploy.0 = Release|Any CPU
		{74EEA90A-96D6-4E2E-BBE5-D9552EA7EC16}.Ad-Hoc|iPhone.ActiveCfg = Release|Any CPU
		{74EEA90A-96D6-4E2E-BBE5-D9552EA7EC16}.Ad-Hoc|iPhone.Build.0 = Release|Any CPU
		{74EEA90A-96D6-4E2E-BBE5-D9552EA7EC16}.Ad-Hoc|iPhone.Deploy.0 = Release|Any CPU
		{74EEA90A-96D6-4E2E-BBE5-D9552EA7EC16}.Ad-Hoc|iPhoneSimulator.ActiveCfg = Release|Any CPU
		{74EEA90A-96D6-4E2E-BBE5-D9552EA7EC16}.Ad-Hoc|iPhoneSimulator.Build.0 = Release|Any CPU
		{74EEA90A-96D6-4E2E-BBE5-D9552EA7EC16}.Ad-Hoc|iPhoneSimulator.Deploy.0 = Release|Any CPU
		{74EEA90A-96D6-4E2E-BBE5-D9552EA7EC16}.AppStore|Any CPU.ActiveCfg = Release|Any CPU
		{74EEA90A-96D6-4E2E-BBE5-D9552EA7EC16}.AppStore|Any CPU.Build.0 = Release|Any CPU
		{74EEA90A-96D6-4E2E-BBE5-D9552EA7EC16}.AppStore|Any CPU.Deploy.0 = Release|Any CPU
		{74EEA90A-96D6-4E2E-BBE5-D9552EA7EC16}.AppStore|iPhone.ActiveCfg = Release|Any CPU
		{74EEA90A-96D6-4E2E-BBE5-D9552EA7EC16}.AppStore|iPhone.Build.0 = Release|Any CPU
		{74EEA90A-96D6-4E2E-BBE5-D9552EA7EC16}.AppStore|iPhone.Deploy.0 = Release|Any CPU
		{74EEA90A-96D6-4E2E-BBE5-D9552EA7EC16}.AppStore|iPhoneSimulator.ActiveCfg = Release|Any CPU
		{74EEA90A-96D6-4E2E-BBE5-D9552EA7EC16}.AppStore|iPhoneSimulator.Build.0 = Release|Any CPU
		{74EEA90A-96D6-4E2E-BBE5-D9552EA7EC16}.AppStore|iPhoneSimulator.Deploy.0 = Release|Any CPU
		{74EEA90A-96D6-4E2E-BBE5-D9552EA7EC16}.AutoTest|Any CPU.ActiveCfg = Release|Any CPU
		{74EEA90A-96D6-4E2E-BBE5-D9552EA7EC16}.AutoTest|Any CPU.Build.0 = Release|Any CPU
		{74EEA90A-96D6-4E2E-BBE5-D9552EA7EC16}.AutoTest|Any CPU.Deploy.0 = Release|Any CPU
		{74EEA90A-96D6-4E2E-BBE5-D9552EA7EC16}.AutoTest|iPhone.ActiveCfg = Release|Any CPU
		{74EEA90A-96D6-4E2E-BBE5-D9552EA7EC16}.AutoTest|iPhone.Build.0 = Release|Any CPU
		{74EEA90A-96D6-4E2E-BBE5-D9552EA7EC16}.AutoTest|iPhone.Deploy.0 = Release|Any CPU
		{74EEA90A-96D6-4E2E-BBE5-D9552EA7EC16}.AutoTest|iPhoneSimulator.ActiveCfg = Release|Any CPU
		{74EEA90A-96D6-4E2E-BBE5-D9552EA7EC16}.AutoTest|iPhoneSimulator.Build.0 = Release|Any CPU
		{74EEA90A-96D6-4E2E-BBE5-D9552EA7EC16}.AutoTest|iPhoneSimulator.Deploy.0 = Release|Any CPU
		{74EEA90A-96D6-4E2E-BBE5-D9552EA7EC16}.Debug|Any CPU.ActiveCfg = Debug|Any CPU
		{74EEA90A-96D6-4E2E-BBE5-D9552EA7EC16}.Debug|iPhone.ActiveCfg = Debug|Any CPU
		{74EEA90A-96D6-4E2E-BBE5-D9552EA7EC16}.Debug|iPhone.Build.0 = Debug|Any CPU
		{74EEA90A-96D6-4E2E-BBE5-D9552EA7EC16}.Debug|iPhone.Deploy.0 = Debug|Any CPU
		{74EEA90A-96D6-4E2E-BBE5-D9552EA7EC16}.Debug|iPhoneSimulator.ActiveCfg = Debug|Any CPU
		{74EEA90A-96D6-4E2E-BBE5-D9552EA7EC16}.Release|Any CPU.ActiveCfg = Release|Any CPU
		{74EEA90A-96D6-4E2E-BBE5-D9552EA7EC16}.Release|Any CPU.Build.0 = Release|Any CPU
		{74EEA90A-96D6-4E2E-BBE5-D9552EA7EC16}.Release|Any CPU.Deploy.0 = Release|Any CPU
		{74EEA90A-96D6-4E2E-BBE5-D9552EA7EC16}.Release|iPhone.ActiveCfg = Release|Any CPU
		{74EEA90A-96D6-4E2E-BBE5-D9552EA7EC16}.Release|iPhone.Build.0 = Release|Any CPU
		{74EEA90A-96D6-4E2E-BBE5-D9552EA7EC16}.Release|iPhone.Deploy.0 = Release|Any CPU
		{74EEA90A-96D6-4E2E-BBE5-D9552EA7EC16}.Release|iPhoneSimulator.ActiveCfg = Release|Any CPU
		{74EEA90A-96D6-4E2E-BBE5-D9552EA7EC16}.Release|iPhoneSimulator.Build.0 = Release|Any CPU
		{74EEA90A-96D6-4E2E-BBE5-D9552EA7EC16}.Release|iPhoneSimulator.Deploy.0 = Release|Any CPU
		{74EEA90A-96D6-4E2E-BBE5-D9552EA7EC16}.Test|Any CPU.ActiveCfg = Release|Any CPU
		{74EEA90A-96D6-4E2E-BBE5-D9552EA7EC16}.Test|Any CPU.Build.0 = Release|Any CPU
		{74EEA90A-96D6-4E2E-BBE5-D9552EA7EC16}.Test|Any CPU.Deploy.0 = Release|Any CPU
		{74EEA90A-96D6-4E2E-BBE5-D9552EA7EC16}.Test|iPhone.ActiveCfg = Release|Any CPU
		{74EEA90A-96D6-4E2E-BBE5-D9552EA7EC16}.Test|iPhone.Build.0 = Release|Any CPU
		{74EEA90A-96D6-4E2E-BBE5-D9552EA7EC16}.Test|iPhone.Deploy.0 = Release|Any CPU
		{74EEA90A-96D6-4E2E-BBE5-D9552EA7EC16}.Test|iPhoneSimulator.ActiveCfg = Release|Any CPU
		{74EEA90A-96D6-4E2E-BBE5-D9552EA7EC16}.Test|iPhoneSimulator.Build.0 = Release|Any CPU
		{74EEA90A-96D6-4E2E-BBE5-D9552EA7EC16}.Test|iPhoneSimulator.Deploy.0 = Release|Any CPU
		{CB56C7C5-0C3D-4171-9B0F-0E0AF695FEC5}.Ad-Hoc|Any CPU.ActiveCfg = Debug|Any CPU
		{CB56C7C5-0C3D-4171-9B0F-0E0AF695FEC5}.Ad-Hoc|Any CPU.Build.0 = Debug|Any CPU
		{CB56C7C5-0C3D-4171-9B0F-0E0AF695FEC5}.Ad-Hoc|iPhone.ActiveCfg = Debug|Any CPU
		{CB56C7C5-0C3D-4171-9B0F-0E0AF695FEC5}.Ad-Hoc|iPhone.Build.0 = Debug|Any CPU
		{CB56C7C5-0C3D-4171-9B0F-0E0AF695FEC5}.Ad-Hoc|iPhoneSimulator.ActiveCfg = Debug|Any CPU
		{CB56C7C5-0C3D-4171-9B0F-0E0AF695FEC5}.Ad-Hoc|iPhoneSimulator.Build.0 = Debug|Any CPU
		{CB56C7C5-0C3D-4171-9B0F-0E0AF695FEC5}.AppStore|Any CPU.ActiveCfg = Debug|Any CPU
		{CB56C7C5-0C3D-4171-9B0F-0E0AF695FEC5}.AppStore|Any CPU.Build.0 = Debug|Any CPU
		{CB56C7C5-0C3D-4171-9B0F-0E0AF695FEC5}.AppStore|iPhone.ActiveCfg = Debug|Any CPU
		{CB56C7C5-0C3D-4171-9B0F-0E0AF695FEC5}.AppStore|iPhone.Build.0 = Debug|Any CPU
		{CB56C7C5-0C3D-4171-9B0F-0E0AF695FEC5}.AppStore|iPhoneSimulator.ActiveCfg = Debug|Any CPU
		{CB56C7C5-0C3D-4171-9B0F-0E0AF695FEC5}.AppStore|iPhoneSimulator.Build.0 = Debug|Any CPU
		{CB56C7C5-0C3D-4171-9B0F-0E0AF695FEC5}.AutoTest|Any CPU.ActiveCfg = Debug|Any CPU
		{CB56C7C5-0C3D-4171-9B0F-0E0AF695FEC5}.AutoTest|Any CPU.Build.0 = Debug|Any CPU
		{CB56C7C5-0C3D-4171-9B0F-0E0AF695FEC5}.AutoTest|iPhone.ActiveCfg = Debug|Any CPU
		{CB56C7C5-0C3D-4171-9B0F-0E0AF695FEC5}.AutoTest|iPhone.Build.0 = Debug|Any CPU
		{CB56C7C5-0C3D-4171-9B0F-0E0AF695FEC5}.AutoTest|iPhoneSimulator.ActiveCfg = Debug|Any CPU
		{CB56C7C5-0C3D-4171-9B0F-0E0AF695FEC5}.AutoTest|iPhoneSimulator.Build.0 = Debug|Any CPU
		{CB56C7C5-0C3D-4171-9B0F-0E0AF695FEC5}.Debug|Any CPU.ActiveCfg = Debug|Any CPU
		{CB56C7C5-0C3D-4171-9B0F-0E0AF695FEC5}.Debug|Any CPU.Build.0 = Debug|Any CPU
		{CB56C7C5-0C3D-4171-9B0F-0E0AF695FEC5}.Debug|iPhone.ActiveCfg = Debug|Any CPU
		{CB56C7C5-0C3D-4171-9B0F-0E0AF695FEC5}.Debug|iPhone.Build.0 = Debug|Any CPU
		{CB56C7C5-0C3D-4171-9B0F-0E0AF695FEC5}.Debug|iPhoneSimulator.ActiveCfg = Debug|Any CPU
		{CB56C7C5-0C3D-4171-9B0F-0E0AF695FEC5}.Debug|iPhoneSimulator.Build.0 = Debug|Any CPU
		{CB56C7C5-0C3D-4171-9B0F-0E0AF695FEC5}.Release|Any CPU.ActiveCfg = Release|Any CPU
		{CB56C7C5-0C3D-4171-9B0F-0E0AF695FEC5}.Release|Any CPU.Build.0 = Release|Any CPU
		{CB56C7C5-0C3D-4171-9B0F-0E0AF695FEC5}.Release|iPhone.ActiveCfg = Release|Any CPU
		{CB56C7C5-0C3D-4171-9B0F-0E0AF695FEC5}.Release|iPhone.Build.0 = Release|Any CPU
		{CB56C7C5-0C3D-4171-9B0F-0E0AF695FEC5}.Release|iPhoneSimulator.ActiveCfg = Release|Any CPU
		{CB56C7C5-0C3D-4171-9B0F-0E0AF695FEC5}.Release|iPhoneSimulator.Build.0 = Release|Any CPU
		{CB56C7C5-0C3D-4171-9B0F-0E0AF695FEC5}.Test|Any CPU.ActiveCfg = Debug|Any CPU
		{CB56C7C5-0C3D-4171-9B0F-0E0AF695FEC5}.Test|Any CPU.Build.0 = Debug|Any CPU
		{CB56C7C5-0C3D-4171-9B0F-0E0AF695FEC5}.Test|iPhone.ActiveCfg = Debug|Any CPU
		{CB56C7C5-0C3D-4171-9B0F-0E0AF695FEC5}.Test|iPhone.Build.0 = Debug|Any CPU
		{CB56C7C5-0C3D-4171-9B0F-0E0AF695FEC5}.Test|iPhoneSimulator.ActiveCfg = Debug|Any CPU
		{CB56C7C5-0C3D-4171-9B0F-0E0AF695FEC5}.Test|iPhoneSimulator.Build.0 = Debug|Any CPU
		{C45FE61A-3F05-4F40-B6EB-2D714C3FEE8D}.Ad-Hoc|Any CPU.ActiveCfg = Debug|Any CPU
		{C45FE61A-3F05-4F40-B6EB-2D714C3FEE8D}.Ad-Hoc|Any CPU.Build.0 = Debug|Any CPU
		{C45FE61A-3F05-4F40-B6EB-2D714C3FEE8D}.Ad-Hoc|iPhone.ActiveCfg = Debug|Any CPU
		{C45FE61A-3F05-4F40-B6EB-2D714C3FEE8D}.Ad-Hoc|iPhone.Build.0 = Debug|Any CPU
		{C45FE61A-3F05-4F40-B6EB-2D714C3FEE8D}.Ad-Hoc|iPhoneSimulator.ActiveCfg = Debug|Any CPU
		{C45FE61A-3F05-4F40-B6EB-2D714C3FEE8D}.Ad-Hoc|iPhoneSimulator.Build.0 = Debug|Any CPU
		{C45FE61A-3F05-4F40-B6EB-2D714C3FEE8D}.AppStore|Any CPU.ActiveCfg = Debug|Any CPU
		{C45FE61A-3F05-4F40-B6EB-2D714C3FEE8D}.AppStore|Any CPU.Build.0 = Debug|Any CPU
		{C45FE61A-3F05-4F40-B6EB-2D714C3FEE8D}.AppStore|iPhone.ActiveCfg = Debug|Any CPU
		{C45FE61A-3F05-4F40-B6EB-2D714C3FEE8D}.AppStore|iPhone.Build.0 = Debug|Any CPU
		{C45FE61A-3F05-4F40-B6EB-2D714C3FEE8D}.AppStore|iPhoneSimulator.ActiveCfg = Debug|Any CPU
		{C45FE61A-3F05-4F40-B6EB-2D714C3FEE8D}.AppStore|iPhoneSimulator.Build.0 = Debug|Any CPU
		{C45FE61A-3F05-4F40-B6EB-2D714C3FEE8D}.AutoTest|Any CPU.ActiveCfg = Debug|Any CPU
		{C45FE61A-3F05-4F40-B6EB-2D714C3FEE8D}.AutoTest|Any CPU.Build.0 = Debug|Any CPU
		{C45FE61A-3F05-4F40-B6EB-2D714C3FEE8D}.AutoTest|iPhone.ActiveCfg = Debug|Any CPU
		{C45FE61A-3F05-4F40-B6EB-2D714C3FEE8D}.AutoTest|iPhone.Build.0 = Debug|Any CPU
		{C45FE61A-3F05-4F40-B6EB-2D714C3FEE8D}.AutoTest|iPhoneSimulator.ActiveCfg = Debug|Any CPU
		{C45FE61A-3F05-4F40-B6EB-2D714C3FEE8D}.AutoTest|iPhoneSimulator.Build.0 = Debug|Any CPU
		{C45FE61A-3F05-4F40-B6EB-2D714C3FEE8D}.Debug|Any CPU.ActiveCfg = Debug|Any CPU
		{C45FE61A-3F05-4F40-B6EB-2D714C3FEE8D}.Debug|Any CPU.Build.0 = Debug|Any CPU
		{C45FE61A-3F05-4F40-B6EB-2D714C3FEE8D}.Debug|iPhone.ActiveCfg = Debug|Any CPU
		{C45FE61A-3F05-4F40-B6EB-2D714C3FEE8D}.Debug|iPhone.Build.0 = Debug|Any CPU
		{C45FE61A-3F05-4F40-B6EB-2D714C3FEE8D}.Debug|iPhoneSimulator.ActiveCfg = Debug|Any CPU
		{C45FE61A-3F05-4F40-B6EB-2D714C3FEE8D}.Debug|iPhoneSimulator.Build.0 = Debug|Any CPU
		{C45FE61A-3F05-4F40-B6EB-2D714C3FEE8D}.Release|Any CPU.ActiveCfg = Release|Any CPU
		{C45FE61A-3F05-4F40-B6EB-2D714C3FEE8D}.Release|Any CPU.Build.0 = Release|Any CPU
		{C45FE61A-3F05-4F40-B6EB-2D714C3FEE8D}.Release|iPhone.ActiveCfg = Release|Any CPU
		{C45FE61A-3F05-4F40-B6EB-2D714C3FEE8D}.Release|iPhone.Build.0 = Release|Any CPU
		{C45FE61A-3F05-4F40-B6EB-2D714C3FEE8D}.Release|iPhoneSimulator.ActiveCfg = Release|Any CPU
		{C45FE61A-3F05-4F40-B6EB-2D714C3FEE8D}.Release|iPhoneSimulator.Build.0 = Release|Any CPU
		{C45FE61A-3F05-4F40-B6EB-2D714C3FEE8D}.Test|Any CPU.ActiveCfg = Debug|Any CPU
		{C45FE61A-3F05-4F40-B6EB-2D714C3FEE8D}.Test|Any CPU.Build.0 = Debug|Any CPU
		{C45FE61A-3F05-4F40-B6EB-2D714C3FEE8D}.Test|iPhone.ActiveCfg = Debug|Any CPU
		{C45FE61A-3F05-4F40-B6EB-2D714C3FEE8D}.Test|iPhone.Build.0 = Debug|Any CPU
		{C45FE61A-3F05-4F40-B6EB-2D714C3FEE8D}.Test|iPhoneSimulator.ActiveCfg = Debug|Any CPU
		{C45FE61A-3F05-4F40-B6EB-2D714C3FEE8D}.Test|iPhoneSimulator.Build.0 = Debug|Any CPU
	EndGlobalSection
	GlobalSection(SolutionProperties) = preSolution
		HideSolutionNode = FALSE
	EndGlobalSection
	GlobalSection(NestedProjects) = preSolution
		{8F1C692F-36EA-4E1B-849C-CB98EBFA8724} = {234B3DA3-4C56-4D6C-BFD7-F7A2985982F2}
		{9CEA9109-0DB9-4232-BA97-74976625B5D4} = {8F1C692F-36EA-4E1B-849C-CB98EBFA8724}
		{F96F1E34-EC23-4EE5-8089-EC572468DB5A} = {234B3DA3-4C56-4D6C-BFD7-F7A2985982F2}
		{1337FDBC-9BD3-4862-8F53-6001EEB0EAF3} = {9CEA9109-0DB9-4232-BA97-74976625B5D4}
		{68150DDE-7169-4682-BDC6-91927456D04F} = {8F1C692F-36EA-4E1B-849C-CB98EBFA8724}
		{7E317128-A40E-459E-BF15-F586A0C3BB30} = {8F1C692F-36EA-4E1B-849C-CB98EBFA8724}
		{BB0F6604-FD81-4063-8D1A-40F5084CA1BC} = {F96F1E34-EC23-4EE5-8089-EC572468DB5A}
		{DFE8CEFD-58E2-4A3F-A920-C0487C223602} = {234B3DA3-4C56-4D6C-BFD7-F7A2985982F2}
		{E3BDECC6-C9AB-4859-B50E-CB08CE800638} = {8F1C692F-36EA-4E1B-849C-CB98EBFA8724}
		{AF0CEF2E-A178-4E83-A210-DC0A95C539AF} = {8F1C692F-36EA-4E1B-849C-CB98EBFA8724}
		{5D75D1B4-E39B-4F50-A3A4-DF2528FCCC56} = {234B3DA3-4C56-4D6C-BFD7-F7A2985982F2}
		{74EEA90A-96D6-4E2E-BBE5-D9552EA7EC16} = {F96F1E34-EC23-4EE5-8089-EC572468DB5A}
		{CB56C7C5-0C3D-4171-9B0F-0E0AF695FEC5} = {50A77883-8167-496D-AA8F-BC8B136903BD}
		{C45FE61A-3F05-4F40-B6EB-2D714C3FEE8D} = {234B3DA3-4C56-4D6C-BFD7-F7A2985982F2}
	EndGlobalSection
	GlobalSection(ExtensibilityGlobals) = postSolution
		SolutionGuid = {D7804EB8-35A6-4838-B2DD-A9CFB9231817}
	EndGlobalSection
EndGlobal
