
Microsoft Visual Studio Solution File, Format Version 12.00
# Visual Studio 15
VisualStudioVersion = 15.0.28307.271
MinimumVisualStudioVersion = 10.0.40219.1
Project("{2150E333-8FDC-42A3-9474-1A3956D46DE8}") = "src", "src", "{234B3DA3-4C56-4D6C-BFD7-F7A2985982F2}"
EndProject
Project("{2150E333-8FDC-42A3-9474-1A3956D46DE8}") = "test", "test", "{61E291B5-2046-46AF-AAE5-1D3EB4870308}"
EndProject
Project("{2150E333-8FDC-42A3-9474-1A3956D46DE8}") = "mobile", "mobile", "{875F33E2-F519-4272-A63F-706F36C0F39C}"
EndProject
Project("{2150E333-8FDC-42A3-9474-1A3956D46DE8}") = "services", "services", "{C72B3985-D644-4837-917C-B8FA7908B50E}"
EndProject
Project("{2150E333-8FDC-42A3-9474-1A3956D46DE8}") = "Modules", "Modules", "{B0731F4B-9259-4E51-B5EF-3F18A7727280}"
EndProject
Project("{FAE04EC0-301F-11D3-BF4B-00C04F79EFBC}") = "LiveScoreApp", "src\mobile\LiveScoreApp\LiveScoreApp.csproj", "{FED8DC8C-0854-4DCA-ADB3-87ABD5DB4D59}"
EndProject
Project("{FAE04EC0-301F-11D3-BF4B-00C04F79EFBC}") = "LiveScoreApp.Android", "src\mobile\LiveScoreApp.Android\LiveScoreApp.Android.csproj", "{74EEA90A-96D6-4E2E-BBE5-D9552EA7EC16}"
EndProject
Project("{FAE04EC0-301F-11D3-BF4B-00C04F79EFBC}") = "LiveScoreApp.iOS", "src\mobile\LiveScoreApp.iOS\LiveScoreApp.iOS.csproj", "{BB0F6604-FD81-4063-8D1A-40F5084CA1BC}"
EndProject
Project("{FAE04EC0-301F-11D3-BF4B-00C04F79EFBC}") = "Common", "src\mobile\Modules\Common\Common.csproj", "{3C1D26C6-AC25-4F33-AC6F-FBA2038AA9CF}"
EndProject
Project("{FAE04EC0-301F-11D3-BF4B-00C04F79EFBC}") = "Favorites", "src\mobile\Modules\Favorites\Favorites.csproj", "{990530BB-B70C-4011-91FA-DAFD94B01A4E}"
EndProject
Project("{FAE04EC0-301F-11D3-BF4B-00C04F79EFBC}") = "League", "src\mobile\Modules\League\League.csproj", "{66CC483D-322D-495B-8385-1B8719EBEA76}"
EndProject
Project("{FAE04EC0-301F-11D3-BF4B-00C04F79EFBC}") = "News", "src\mobile\Modules\News\News.csproj", "{7592CCA2-FA11-4577-9122-DF972BE40E13}"
EndProject
Project("{FAE04EC0-301F-11D3-BF4B-00C04F79EFBC}") = "Score", "src\mobile\Modules\Score\Score.csproj", "{6FD0AFC7-0AF1-441C-A340-F6191081BE5F}"
EndProject
Project("{FAE04EC0-301F-11D3-BF4B-00C04F79EFBC}") = "Setting", "src\mobile\Modules\Setting\Setting.csproj", "{F3C78D5F-DE28-4FEF-9302-F41E91070D0E}"
EndProject
Project("{FAE04EC0-301F-11D3-BF4B-00C04F79EFBC}") = "LiveScoreApp.UITests", "test\LiveScoreApp.UITests\LiveScoreApp.UITests.csproj", "{BF382EA4-C559-4C79-A978-CA69DE49366E}"
EndProject
Global
	GlobalSection(SolutionConfigurationPlatforms) = preSolution
		Ad-Hoc|Any CPU = Ad-Hoc|Any CPU
		Ad-Hoc|iPhone = Ad-Hoc|iPhone
		Ad-Hoc|iPhoneSimulator = Ad-Hoc|iPhoneSimulator
		AppStore|Any CPU = AppStore|Any CPU
		AppStore|iPhone = AppStore|iPhone
		AppStore|iPhoneSimulator = AppStore|iPhoneSimulator
		Debug|Any CPU = Debug|Any CPU
		Debug|iPhone = Debug|iPhone
		Debug|iPhoneSimulator = Debug|iPhoneSimulator
		Release|Any CPU = Release|Any CPU
		Release|iPhone = Release|iPhone
		Release|iPhoneSimulator = Release|iPhoneSimulator
	EndGlobalSection
	GlobalSection(ProjectConfigurationPlatforms) = postSolution
		{FED8DC8C-0854-4DCA-ADB3-87ABD5DB4D59}.Ad-Hoc|Any CPU.ActiveCfg = Release|Any CPU
		{FED8DC8C-0854-4DCA-ADB3-87ABD5DB4D59}.Ad-Hoc|Any CPU.Build.0 = Release|Any CPU
		{FED8DC8C-0854-4DCA-ADB3-87ABD5DB4D59}.Ad-Hoc|iPhone.ActiveCfg = Release|Any CPU
		{FED8DC8C-0854-4DCA-ADB3-87ABD5DB4D59}.Ad-Hoc|iPhone.Build.0 = Release|Any CPU
		{FED8DC8C-0854-4DCA-ADB3-87ABD5DB4D59}.Ad-Hoc|iPhoneSimulator.ActiveCfg = Release|Any CPU
		{FED8DC8C-0854-4DCA-ADB3-87ABD5DB4D59}.Ad-Hoc|iPhoneSimulator.Build.0 = Release|Any CPU
		{FED8DC8C-0854-4DCA-ADB3-87ABD5DB4D59}.AppStore|Any CPU.ActiveCfg = Release|Any CPU
		{FED8DC8C-0854-4DCA-ADB3-87ABD5DB4D59}.AppStore|Any CPU.Build.0 = Release|Any CPU
		{FED8DC8C-0854-4DCA-ADB3-87ABD5DB4D59}.AppStore|iPhone.ActiveCfg = Release|Any CPU
		{FED8DC8C-0854-4DCA-ADB3-87ABD5DB4D59}.AppStore|iPhone.Build.0 = Release|Any CPU
		{FED8DC8C-0854-4DCA-ADB3-87ABD5DB4D59}.AppStore|iPhoneSimulator.ActiveCfg = Release|Any CPU
		{FED8DC8C-0854-4DCA-ADB3-87ABD5DB4D59}.AppStore|iPhoneSimulator.Build.0 = Release|Any CPU
		{FED8DC8C-0854-4DCA-ADB3-87ABD5DB4D59}.Debug|Any CPU.ActiveCfg = Debug|Any CPU
		{FED8DC8C-0854-4DCA-ADB3-87ABD5DB4D59}.Debug|Any CPU.Build.0 = Debug|Any CPU
		{FED8DC8C-0854-4DCA-ADB3-87ABD5DB4D59}.Debug|iPhone.ActiveCfg = Debug|Any CPU
		{FED8DC8C-0854-4DCA-ADB3-87ABD5DB4D59}.Debug|iPhone.Build.0 = Debug|Any CPU
		{FED8DC8C-0854-4DCA-ADB3-87ABD5DB4D59}.Debug|iPhoneSimulator.ActiveCfg = Debug|Any CPU
		{FED8DC8C-0854-4DCA-ADB3-87ABD5DB4D59}.Debug|iPhoneSimulator.Build.0 = Debug|Any CPU
		{FED8DC8C-0854-4DCA-ADB3-87ABD5DB4D59}.Release|Any CPU.ActiveCfg = Release|Any CPU
		{FED8DC8C-0854-4DCA-ADB3-87ABD5DB4D59}.Release|Any CPU.Build.0 = Release|Any CPU
		{FED8DC8C-0854-4DCA-ADB3-87ABD5DB4D59}.Release|iPhone.ActiveCfg = Release|Any CPU
		{FED8DC8C-0854-4DCA-ADB3-87ABD5DB4D59}.Release|iPhone.Build.0 = Release|Any CPU
		{FED8DC8C-0854-4DCA-ADB3-87ABD5DB4D59}.Release|iPhoneSimulator.ActiveCfg = Release|Any CPU
		{FED8DC8C-0854-4DCA-ADB3-87ABD5DB4D59}.Release|iPhoneSimulator.Build.0 = Release|Any CPU
		{74EEA90A-96D6-4E2E-BBE5-D9552EA7EC16}.Ad-Hoc|Any CPU.ActiveCfg = Debug|Any CPU
		{74EEA90A-96D6-4E2E-BBE5-D9552EA7EC16}.Ad-Hoc|Any CPU.Build.0 = Debug|Any CPU
		{74EEA90A-96D6-4E2E-BBE5-D9552EA7EC16}.Ad-Hoc|iPhone.ActiveCfg = Debug|Any CPU
		{74EEA90A-96D6-4E2E-BBE5-D9552EA7EC16}.Ad-Hoc|iPhone.Build.0 = Debug|Any CPU
		{74EEA90A-96D6-4E2E-BBE5-D9552EA7EC16}.Ad-Hoc|iPhoneSimulator.ActiveCfg = Debug|Any CPU
		{74EEA90A-96D6-4E2E-BBE5-D9552EA7EC16}.Ad-Hoc|iPhoneSimulator.Build.0 = Debug|Any CPU
		{74EEA90A-96D6-4E2E-BBE5-D9552EA7EC16}.AppStore|Any CPU.ActiveCfg = Debug|Any CPU
		{74EEA90A-96D6-4E2E-BBE5-D9552EA7EC16}.AppStore|Any CPU.Build.0 = Debug|Any CPU
		{74EEA90A-96D6-4E2E-BBE5-D9552EA7EC16}.AppStore|iPhone.ActiveCfg = Debug|Any CPU
		{74EEA90A-96D6-4E2E-BBE5-D9552EA7EC16}.AppStore|iPhone.Build.0 = Debug|Any CPU
		{74EEA90A-96D6-4E2E-BBE5-D9552EA7EC16}.AppStore|iPhoneSimulator.ActiveCfg = Debug|Any CPU
		{74EEA90A-96D6-4E2E-BBE5-D9552EA7EC16}.AppStore|iPhoneSimulator.Build.0 = Debug|Any CPU
		{74EEA90A-96D6-4E2E-BBE5-D9552EA7EC16}.Debug|Any CPU.ActiveCfg = Debug|Any CPU
		{74EEA90A-96D6-4E2E-BBE5-D9552EA7EC16}.Debug|Any CPU.Build.0 = Debug|Any CPU
		{74EEA90A-96D6-4E2E-BBE5-D9552EA7EC16}.Debug|iPhone.ActiveCfg = Debug|Any CPU
		{74EEA90A-96D6-4E2E-BBE5-D9552EA7EC16}.Debug|iPhone.Build.0 = Debug|Any CPU
		{74EEA90A-96D6-4E2E-BBE5-D9552EA7EC16}.Debug|iPhoneSimulator.ActiveCfg = Debug|Any CPU
		{74EEA90A-96D6-4E2E-BBE5-D9552EA7EC16}.Debug|iPhoneSimulator.Build.0 = Debug|Any CPU
		{74EEA90A-96D6-4E2E-BBE5-D9552EA7EC16}.Release|Any CPU.ActiveCfg = Release|Any CPU
		{74EEA90A-96D6-4E2E-BBE5-D9552EA7EC16}.Release|Any CPU.Build.0 = Release|Any CPU
		{74EEA90A-96D6-4E2E-BBE5-D9552EA7EC16}.Release|iPhone.ActiveCfg = Release|Any CPU
		{74EEA90A-96D6-4E2E-BBE5-D9552EA7EC16}.Release|iPhone.Build.0 = Release|Any CPU
		{74EEA90A-96D6-4E2E-BBE5-D9552EA7EC16}.Release|iPhoneSimulator.ActiveCfg = Release|Any CPU
		{74EEA90A-96D6-4E2E-BBE5-D9552EA7EC16}.Release|iPhoneSimulator.Build.0 = Release|Any CPU
		{BB0F6604-FD81-4063-8D1A-40F5084CA1BC}.Ad-Hoc|Any CPU.ActiveCfg = Debug|Any CPU
		{BB0F6604-FD81-4063-8D1A-40F5084CA1BC}.Ad-Hoc|Any CPU.Build.0 = Debug|Any CPU
		{BB0F6604-FD81-4063-8D1A-40F5084CA1BC}.Ad-Hoc|iPhone.ActiveCfg = Ad-Hoc|iPhone
		{BB0F6604-FD81-4063-8D1A-40F5084CA1BC}.Ad-Hoc|iPhone.Build.0 = Ad-Hoc|iPhone
		{BB0F6604-FD81-4063-8D1A-40F5084CA1BC}.Ad-Hoc|iPhoneSimulator.ActiveCfg = Debug|Any CPU
		{BB0F6604-FD81-4063-8D1A-40F5084CA1BC}.Ad-Hoc|iPhoneSimulator.Build.0 = Debug|Any CPU
		{BB0F6604-FD81-4063-8D1A-40F5084CA1BC}.AppStore|Any CPU.ActiveCfg = Debug|Any CPU
		{BB0F6604-FD81-4063-8D1A-40F5084CA1BC}.AppStore|Any CPU.Build.0 = Debug|Any CPU
		{BB0F6604-FD81-4063-8D1A-40F5084CA1BC}.AppStore|iPhone.ActiveCfg = AppStore|iPhone
		{BB0F6604-FD81-4063-8D1A-40F5084CA1BC}.AppStore|iPhone.Build.0 = AppStore|iPhone
		{BB0F6604-FD81-4063-8D1A-40F5084CA1BC}.AppStore|iPhoneSimulator.ActiveCfg = Debug|Any CPU
		{BB0F6604-FD81-4063-8D1A-40F5084CA1BC}.AppStore|iPhoneSimulator.Build.0 = Debug|Any CPU
		{BB0F6604-FD81-4063-8D1A-40F5084CA1BC}.Debug|Any CPU.ActiveCfg = Debug|Any CPU
		{BB0F6604-FD81-4063-8D1A-40F5084CA1BC}.Debug|Any CPU.Build.0 = Debug|Any CPU
		{BB0F6604-FD81-4063-8D1A-40F5084CA1BC}.Debug|iPhone.ActiveCfg = Debug|iPhone
		{BB0F6604-FD81-4063-8D1A-40F5084CA1BC}.Debug|iPhone.Build.0 = Debug|iPhone
		{BB0F6604-FD81-4063-8D1A-40F5084CA1BC}.Debug|iPhoneSimulator.ActiveCfg = Debug|iPhoneSimulator
		{BB0F6604-FD81-4063-8D1A-40F5084CA1BC}.Debug|iPhoneSimulator.Build.0 = Debug|iPhoneSimulator
		{BB0F6604-FD81-4063-8D1A-40F5084CA1BC}.Release|Any CPU.ActiveCfg = Debug|Any CPU
		{BB0F6604-FD81-4063-8D1A-40F5084CA1BC}.Release|Any CPU.Build.0 = Debug|Any CPU
		{BB0F6604-FD81-4063-8D1A-40F5084CA1BC}.Release|iPhone.ActiveCfg = Release|iPhone
		{BB0F6604-FD81-4063-8D1A-40F5084CA1BC}.Release|iPhone.Build.0 = Release|iPhone
		{BB0F6604-FD81-4063-8D1A-40F5084CA1BC}.Release|iPhoneSimulator.ActiveCfg = Release|iPhoneSimulator
		{BB0F6604-FD81-4063-8D1A-40F5084CA1BC}.Release|iPhoneSimulator.Build.0 = Release|iPhoneSimulator
		{3C1D26C6-AC25-4F33-AC6F-FBA2038AA9CF}.Ad-Hoc|Any CPU.ActiveCfg = Debug|Any CPU
		{3C1D26C6-AC25-4F33-AC6F-FBA2038AA9CF}.Ad-Hoc|Any CPU.Build.0 = Debug|Any CPU
		{3C1D26C6-AC25-4F33-AC6F-FBA2038AA9CF}.Ad-Hoc|iPhone.ActiveCfg = Debug|Any CPU
		{3C1D26C6-AC25-4F33-AC6F-FBA2038AA9CF}.Ad-Hoc|iPhone.Build.0 = Debug|Any CPU
		{3C1D26C6-AC25-4F33-AC6F-FBA2038AA9CF}.Ad-Hoc|iPhoneSimulator.ActiveCfg = Debug|Any CPU
		{3C1D26C6-AC25-4F33-AC6F-FBA2038AA9CF}.Ad-Hoc|iPhoneSimulator.Build.0 = Debug|Any CPU
		{3C1D26C6-AC25-4F33-AC6F-FBA2038AA9CF}.AppStore|Any CPU.ActiveCfg = Debug|Any CPU
		{3C1D26C6-AC25-4F33-AC6F-FBA2038AA9CF}.AppStore|Any CPU.Build.0 = Debug|Any CPU
		{3C1D26C6-AC25-4F33-AC6F-FBA2038AA9CF}.AppStore|iPhone.ActiveCfg = Debug|Any CPU
		{3C1D26C6-AC25-4F33-AC6F-FBA2038AA9CF}.AppStore|iPhone.Build.0 = Debug|Any CPU
		{3C1D26C6-AC25-4F33-AC6F-FBA2038AA9CF}.AppStore|iPhoneSimulator.ActiveCfg = Debug|Any CPU
		{3C1D26C6-AC25-4F33-AC6F-FBA2038AA9CF}.AppStore|iPhoneSimulator.Build.0 = Debug|Any CPU
		{3C1D26C6-AC25-4F33-AC6F-FBA2038AA9CF}.Debug|Any CPU.ActiveCfg = Debug|Any CPU
		{3C1D26C6-AC25-4F33-AC6F-FBA2038AA9CF}.Debug|Any CPU.Build.0 = Debug|Any CPU
		{3C1D26C6-AC25-4F33-AC6F-FBA2038AA9CF}.Debug|iPhone.ActiveCfg = Debug|Any CPU
		{3C1D26C6-AC25-4F33-AC6F-FBA2038AA9CF}.Debug|iPhone.Build.0 = Debug|Any CPU
		{3C1D26C6-AC25-4F33-AC6F-FBA2038AA9CF}.Debug|iPhoneSimulator.ActiveCfg = Debug|Any CPU
		{3C1D26C6-AC25-4F33-AC6F-FBA2038AA9CF}.Debug|iPhoneSimulator.Build.0 = Debug|Any CPU
		{3C1D26C6-AC25-4F33-AC6F-FBA2038AA9CF}.Release|Any CPU.ActiveCfg = Release|Any CPU
		{3C1D26C6-AC25-4F33-AC6F-FBA2038AA9CF}.Release|Any CPU.Build.0 = Release|Any CPU
		{3C1D26C6-AC25-4F33-AC6F-FBA2038AA9CF}.Release|iPhone.ActiveCfg = Release|Any CPU
		{3C1D26C6-AC25-4F33-AC6F-FBA2038AA9CF}.Release|iPhone.Build.0 = Release|Any CPU
		{3C1D26C6-AC25-4F33-AC6F-FBA2038AA9CF}.Release|iPhoneSimulator.ActiveCfg = Release|Any CPU
		{3C1D26C6-AC25-4F33-AC6F-FBA2038AA9CF}.Release|iPhoneSimulator.Build.0 = Release|Any CPU
		{990530BB-B70C-4011-91FA-DAFD94B01A4E}.Ad-Hoc|Any CPU.ActiveCfg = Debug|Any CPU
		{990530BB-B70C-4011-91FA-DAFD94B01A4E}.Ad-Hoc|Any CPU.Build.0 = Debug|Any CPU
		{990530BB-B70C-4011-91FA-DAFD94B01A4E}.Ad-Hoc|iPhone.ActiveCfg = Debug|Any CPU
		{990530BB-B70C-4011-91FA-DAFD94B01A4E}.Ad-Hoc|iPhone.Build.0 = Debug|Any CPU
		{990530BB-B70C-4011-91FA-DAFD94B01A4E}.Ad-Hoc|iPhoneSimulator.ActiveCfg = Debug|Any CPU
		{990530BB-B70C-4011-91FA-DAFD94B01A4E}.Ad-Hoc|iPhoneSimulator.Build.0 = Debug|Any CPU
		{990530BB-B70C-4011-91FA-DAFD94B01A4E}.AppStore|Any CPU.ActiveCfg = Debug|Any CPU
		{990530BB-B70C-4011-91FA-DAFD94B01A4E}.AppStore|Any CPU.Build.0 = Debug|Any CPU
		{990530BB-B70C-4011-91FA-DAFD94B01A4E}.AppStore|iPhone.ActiveCfg = Debug|Any CPU
		{990530BB-B70C-4011-91FA-DAFD94B01A4E}.AppStore|iPhone.Build.0 = Debug|Any CPU
		{990530BB-B70C-4011-91FA-DAFD94B01A4E}.AppStore|iPhoneSimulator.ActiveCfg = Debug|Any CPU
		{990530BB-B70C-4011-91FA-DAFD94B01A4E}.AppStore|iPhoneSimulator.Build.0 = Debug|Any CPU
		{990530BB-B70C-4011-91FA-DAFD94B01A4E}.Debug|Any CPU.ActiveCfg = Debug|Any CPU
		{990530BB-B70C-4011-91FA-DAFD94B01A4E}.Debug|Any CPU.Build.0 = Debug|Any CPU
		{990530BB-B70C-4011-91FA-DAFD94B01A4E}.Debug|iPhone.ActiveCfg = Debug|Any CPU
		{990530BB-B70C-4011-91FA-DAFD94B01A4E}.Debug|iPhone.Build.0 = Debug|Any CPU
		{990530BB-B70C-4011-91FA-DAFD94B01A4E}.Debug|iPhoneSimulator.ActiveCfg = Debug|Any CPU
		{990530BB-B70C-4011-91FA-DAFD94B01A4E}.Debug|iPhoneSimulator.Build.0 = Debug|Any CPU
		{990530BB-B70C-4011-91FA-DAFD94B01A4E}.Release|Any CPU.ActiveCfg = Release|Any CPU
		{990530BB-B70C-4011-91FA-DAFD94B01A4E}.Release|Any CPU.Build.0 = Release|Any CPU
		{990530BB-B70C-4011-91FA-DAFD94B01A4E}.Release|iPhone.ActiveCfg = Release|Any CPU
		{990530BB-B70C-4011-91FA-DAFD94B01A4E}.Release|iPhone.Build.0 = Release|Any CPU
		{990530BB-B70C-4011-91FA-DAFD94B01A4E}.Release|iPhoneSimulator.ActiveCfg = Release|Any CPU
		{990530BB-B70C-4011-91FA-DAFD94B01A4E}.Release|iPhoneSimulator.Build.0 = Release|Any CPU
		{66CC483D-322D-495B-8385-1B8719EBEA76}.Ad-Hoc|Any CPU.ActiveCfg = Debug|Any CPU
		{66CC483D-322D-495B-8385-1B8719EBEA76}.Ad-Hoc|Any CPU.Build.0 = Debug|Any CPU
		{66CC483D-322D-495B-8385-1B8719EBEA76}.Ad-Hoc|iPhone.ActiveCfg = Debug|Any CPU
		{66CC483D-322D-495B-8385-1B8719EBEA76}.Ad-Hoc|iPhone.Build.0 = Debug|Any CPU
		{66CC483D-322D-495B-8385-1B8719EBEA76}.Ad-Hoc|iPhoneSimulator.ActiveCfg = Debug|Any CPU
		{66CC483D-322D-495B-8385-1B8719EBEA76}.Ad-Hoc|iPhoneSimulator.Build.0 = Debug|Any CPU
		{66CC483D-322D-495B-8385-1B8719EBEA76}.AppStore|Any CPU.ActiveCfg = Debug|Any CPU
		{66CC483D-322D-495B-8385-1B8719EBEA76}.AppStore|Any CPU.Build.0 = Debug|Any CPU
		{66CC483D-322D-495B-8385-1B8719EBEA76}.AppStore|iPhone.ActiveCfg = Debug|Any CPU
		{66CC483D-322D-495B-8385-1B8719EBEA76}.AppStore|iPhone.Build.0 = Debug|Any CPU
		{66CC483D-322D-495B-8385-1B8719EBEA76}.AppStore|iPhoneSimulator.ActiveCfg = Debug|Any CPU
		{66CC483D-322D-495B-8385-1B8719EBEA76}.AppStore|iPhoneSimulator.Build.0 = Debug|Any CPU
		{66CC483D-322D-495B-8385-1B8719EBEA76}.Debug|Any CPU.ActiveCfg = Debug|Any CPU
		{66CC483D-322D-495B-8385-1B8719EBEA76}.Debug|Any CPU.Build.0 = Debug|Any CPU
		{66CC483D-322D-495B-8385-1B8719EBEA76}.Debug|iPhone.ActiveCfg = Debug|Any CPU
		{66CC483D-322D-495B-8385-1B8719EBEA76}.Debug|iPhone.Build.0 = Debug|Any CPU
		{66CC483D-322D-495B-8385-1B8719EBEA76}.Debug|iPhoneSimulator.ActiveCfg = Debug|Any CPU
		{66CC483D-322D-495B-8385-1B8719EBEA76}.Debug|iPhoneSimulator.Build.0 = Debug|Any CPU
		{66CC483D-322D-495B-8385-1B8719EBEA76}.Release|Any CPU.ActiveCfg = Release|Any CPU
		{66CC483D-322D-495B-8385-1B8719EBEA76}.Release|Any CPU.Build.0 = Release|Any CPU
		{66CC483D-322D-495B-8385-1B8719EBEA76}.Release|iPhone.ActiveCfg = Release|Any CPU
		{66CC483D-322D-495B-8385-1B8719EBEA76}.Release|iPhone.Build.0 = Release|Any CPU
		{66CC483D-322D-495B-8385-1B8719EBEA76}.Release|iPhoneSimulator.ActiveCfg = Release|Any CPU
		{66CC483D-322D-495B-8385-1B8719EBEA76}.Release|iPhoneSimulator.Build.0 = Release|Any CPU
		{7592CCA2-FA11-4577-9122-DF972BE40E13}.Ad-Hoc|Any CPU.ActiveCfg = Debug|Any CPU
		{7592CCA2-FA11-4577-9122-DF972BE40E13}.Ad-Hoc|Any CPU.Build.0 = Debug|Any CPU
		{7592CCA2-FA11-4577-9122-DF972BE40E13}.Ad-Hoc|iPhone.ActiveCfg = Debug|Any CPU
		{7592CCA2-FA11-4577-9122-DF972BE40E13}.Ad-Hoc|iPhone.Build.0 = Debug|Any CPU
		{7592CCA2-FA11-4577-9122-DF972BE40E13}.Ad-Hoc|iPhoneSimulator.ActiveCfg = Debug|Any CPU
		{7592CCA2-FA11-4577-9122-DF972BE40E13}.Ad-Hoc|iPhoneSimulator.Build.0 = Debug|Any CPU
		{7592CCA2-FA11-4577-9122-DF972BE40E13}.AppStore|Any CPU.ActiveCfg = Debug|Any CPU
		{7592CCA2-FA11-4577-9122-DF972BE40E13}.AppStore|Any CPU.Build.0 = Debug|Any CPU
		{7592CCA2-FA11-4577-9122-DF972BE40E13}.AppStore|iPhone.ActiveCfg = Debug|Any CPU
		{7592CCA2-FA11-4577-9122-DF972BE40E13}.AppStore|iPhone.Build.0 = Debug|Any CPU
		{7592CCA2-FA11-4577-9122-DF972BE40E13}.AppStore|iPhoneSimulator.ActiveCfg = Debug|Any CPU
		{7592CCA2-FA11-4577-9122-DF972BE40E13}.AppStore|iPhoneSimulator.Build.0 = Debug|Any CPU
		{7592CCA2-FA11-4577-9122-DF972BE40E13}.Debug|Any CPU.ActiveCfg = Debug|Any CPU
		{7592CCA2-FA11-4577-9122-DF972BE40E13}.Debug|Any CPU.Build.0 = Debug|Any CPU
		{7592CCA2-FA11-4577-9122-DF972BE40E13}.Debug|iPhone.ActiveCfg = Debug|Any CPU
		{7592CCA2-FA11-4577-9122-DF972BE40E13}.Debug|iPhone.Build.0 = Debug|Any CPU
		{7592CCA2-FA11-4577-9122-DF972BE40E13}.Debug|iPhoneSimulator.ActiveCfg = Debug|Any CPU
		{7592CCA2-FA11-4577-9122-DF972BE40E13}.Debug|iPhoneSimulator.Build.0 = Debug|Any CPU
		{7592CCA2-FA11-4577-9122-DF972BE40E13}.Release|Any CPU.ActiveCfg = Release|Any CPU
		{7592CCA2-FA11-4577-9122-DF972BE40E13}.Release|Any CPU.Build.0 = Release|Any CPU
		{7592CCA2-FA11-4577-9122-DF972BE40E13}.Release|iPhone.ActiveCfg = Release|Any CPU
		{7592CCA2-FA11-4577-9122-DF972BE40E13}.Release|iPhone.Build.0 = Release|Any CPU
		{7592CCA2-FA11-4577-9122-DF972BE40E13}.Release|iPhoneSimulator.ActiveCfg = Release|Any CPU
		{7592CCA2-FA11-4577-9122-DF972BE40E13}.Release|iPhoneSimulator.Build.0 = Release|Any CPU
		{6FD0AFC7-0AF1-441C-A340-F6191081BE5F}.Ad-Hoc|Any CPU.ActiveCfg = Debug|Any CPU
		{6FD0AFC7-0AF1-441C-A340-F6191081BE5F}.Ad-Hoc|Any CPU.Build.0 = Debug|Any CPU
		{6FD0AFC7-0AF1-441C-A340-F6191081BE5F}.Ad-Hoc|iPhone.ActiveCfg = Debug|Any CPU
		{6FD0AFC7-0AF1-441C-A340-F6191081BE5F}.Ad-Hoc|iPhone.Build.0 = Debug|Any CPU
		{6FD0AFC7-0AF1-441C-A340-F6191081BE5F}.Ad-Hoc|iPhoneSimulator.ActiveCfg = Debug|Any CPU
		{6FD0AFC7-0AF1-441C-A340-F6191081BE5F}.Ad-Hoc|iPhoneSimulator.Build.0 = Debug|Any CPU
		{6FD0AFC7-0AF1-441C-A340-F6191081BE5F}.AppStore|Any CPU.ActiveCfg = Debug|Any CPU
		{6FD0AFC7-0AF1-441C-A340-F6191081BE5F}.AppStore|Any CPU.Build.0 = Debug|Any CPU
		{6FD0AFC7-0AF1-441C-A340-F6191081BE5F}.AppStore|iPhone.ActiveCfg = Debug|Any CPU
		{6FD0AFC7-0AF1-441C-A340-F6191081BE5F}.AppStore|iPhone.Build.0 = Debug|Any CPU
		{6FD0AFC7-0AF1-441C-A340-F6191081BE5F}.AppStore|iPhoneSimulator.ActiveCfg = Debug|Any CPU
		{6FD0AFC7-0AF1-441C-A340-F6191081BE5F}.AppStore|iPhoneSimulator.Build.0 = Debug|Any CPU
		{6FD0AFC7-0AF1-441C-A340-F6191081BE5F}.Debug|Any CPU.ActiveCfg = Debug|Any CPU
		{6FD0AFC7-0AF1-441C-A340-F6191081BE5F}.Debug|Any CPU.Build.0 = Debug|Any CPU
		{6FD0AFC7-0AF1-441C-A340-F6191081BE5F}.Debug|iPhone.ActiveCfg = Debug|Any CPU
		{6FD0AFC7-0AF1-441C-A340-F6191081BE5F}.Debug|iPhone.Build.0 = Debug|Any CPU
		{6FD0AFC7-0AF1-441C-A340-F6191081BE5F}.Debug|iPhoneSimulator.ActiveCfg = Debug|Any CPU
		{6FD0AFC7-0AF1-441C-A340-F6191081BE5F}.Debug|iPhoneSimulator.Build.0 = Debug|Any CPU
		{6FD0AFC7-0AF1-441C-A340-F6191081BE5F}.Release|Any CPU.ActiveCfg = Release|Any CPU
		{6FD0AFC7-0AF1-441C-A340-F6191081BE5F}.Release|Any CPU.Build.0 = Release|Any CPU
		{6FD0AFC7-0AF1-441C-A340-F6191081BE5F}.Release|iPhone.ActiveCfg = Release|Any CPU
		{6FD0AFC7-0AF1-441C-A340-F6191081BE5F}.Release|iPhone.Build.0 = Release|Any CPU
		{6FD0AFC7-0AF1-441C-A340-F6191081BE5F}.Release|iPhoneSimulator.ActiveCfg = Release|Any CPU
		{6FD0AFC7-0AF1-441C-A340-F6191081BE5F}.Release|iPhoneSimulator.Build.0 = Release|Any CPU
		{F3C78D5F-DE28-4FEF-9302-F41E91070D0E}.Ad-Hoc|Any CPU.ActiveCfg = Debug|Any CPU
		{F3C78D5F-DE28-4FEF-9302-F41E91070D0E}.Ad-Hoc|Any CPU.Build.0 = Debug|Any CPU
		{F3C78D5F-DE28-4FEF-9302-F41E91070D0E}.Ad-Hoc|iPhone.ActiveCfg = Debug|Any CPU
		{F3C78D5F-DE28-4FEF-9302-F41E91070D0E}.Ad-Hoc|iPhone.Build.0 = Debug|Any CPU
		{F3C78D5F-DE28-4FEF-9302-F41E91070D0E}.Ad-Hoc|iPhoneSimulator.ActiveCfg = Debug|Any CPU
		{F3C78D5F-DE28-4FEF-9302-F41E91070D0E}.Ad-Hoc|iPhoneSimulator.Build.0 = Debug|Any CPU
		{F3C78D5F-DE28-4FEF-9302-F41E91070D0E}.AppStore|Any CPU.ActiveCfg = Debug|Any CPU
		{F3C78D5F-DE28-4FEF-9302-F41E91070D0E}.AppStore|Any CPU.Build.0 = Debug|Any CPU
		{F3C78D5F-DE28-4FEF-9302-F41E91070D0E}.AppStore|iPhone.ActiveCfg = Debug|Any CPU
		{F3C78D5F-DE28-4FEF-9302-F41E91070D0E}.AppStore|iPhone.Build.0 = Debug|Any CPU
		{F3C78D5F-DE28-4FEF-9302-F41E91070D0E}.AppStore|iPhoneSimulator.ActiveCfg = Debug|Any CPU
		{F3C78D5F-DE28-4FEF-9302-F41E91070D0E}.AppStore|iPhoneSimulator.Build.0 = Debug|Any CPU
		{F3C78D5F-DE28-4FEF-9302-F41E91070D0E}.Debug|Any CPU.ActiveCfg = Debug|Any CPU
		{F3C78D5F-DE28-4FEF-9302-F41E91070D0E}.Debug|Any CPU.Build.0 = Debug|Any CPU
		{F3C78D5F-DE28-4FEF-9302-F41E91070D0E}.Debug|iPhone.ActiveCfg = Debug|Any CPU
		{F3C78D5F-DE28-4FEF-9302-F41E91070D0E}.Debug|iPhone.Build.0 = Debug|Any CPU
		{F3C78D5F-DE28-4FEF-9302-F41E91070D0E}.Debug|iPhoneSimulator.ActiveCfg = Debug|Any CPU
		{F3C78D5F-DE28-4FEF-9302-F41E91070D0E}.Debug|iPhoneSimulator.Build.0 = Debug|Any CPU
		{F3C78D5F-DE28-4FEF-9302-F41E91070D0E}.Release|Any CPU.ActiveCfg = Release|Any CPU
		{F3C78D5F-DE28-4FEF-9302-F41E91070D0E}.Release|Any CPU.Build.0 = Release|Any CPU
		{F3C78D5F-DE28-4FEF-9302-F41E91070D0E}.Release|iPhone.ActiveCfg = Release|Any CPU
		{F3C78D5F-DE28-4FEF-9302-F41E91070D0E}.Release|iPhone.Build.0 = Release|Any CPU
		{F3C78D5F-DE28-4FEF-9302-F41E91070D0E}.Release|iPhoneSimulator.ActiveCfg = Release|Any CPU
		{F3C78D5F-DE28-4FEF-9302-F41E91070D0E}.Release|iPhoneSimulator.Build.0 = Release|Any CPU
		{BF382EA4-C559-4C79-A978-CA69DE49366E}.Ad-Hoc|Any CPU.ActiveCfg = Debug|Any CPU
		{BF382EA4-C559-4C79-A978-CA69DE49366E}.Ad-Hoc|Any CPU.Build.0 = Debug|Any CPU
		{BF382EA4-C559-4C79-A978-CA69DE49366E}.Ad-Hoc|iPhone.ActiveCfg = Release|Any CPU
		{BF382EA4-C559-4C79-A978-CA69DE49366E}.Ad-Hoc|iPhone.Build.0 = Release|Any CPU
		{BF382EA4-C559-4C79-A978-CA69DE49366E}.Ad-Hoc|iPhoneSimulator.ActiveCfg = Debug|Any CPU
		{BF382EA4-C559-4C79-A978-CA69DE49366E}.Ad-Hoc|iPhoneSimulator.Build.0 = Debug|Any CPU
		{BF382EA4-C559-4C79-A978-CA69DE49366E}.AppStore|Any CPU.ActiveCfg = Debug|Any CPU
		{BF382EA4-C559-4C79-A978-CA69DE49366E}.AppStore|Any CPU.Build.0 = Debug|Any CPU
		{BF382EA4-C559-4C79-A978-CA69DE49366E}.AppStore|iPhone.ActiveCfg = Release|Any CPU
		{BF382EA4-C559-4C79-A978-CA69DE49366E}.AppStore|iPhone.Build.0 = Release|Any CPU
		{BF382EA4-C559-4C79-A978-CA69DE49366E}.AppStore|iPhoneSimulator.ActiveCfg = Debug|Any CPU
		{BF382EA4-C559-4C79-A978-CA69DE49366E}.AppStore|iPhoneSimulator.Build.0 = Debug|Any CPU
		{BF382EA4-C559-4C79-A978-CA69DE49366E}.Debug|Any CPU.ActiveCfg = Debug|Any CPU
		{BF382EA4-C559-4C79-A978-CA69DE49366E}.Debug|Any CPU.Build.0 = Debug|Any CPU
		{BF382EA4-C559-4C79-A978-CA69DE49366E}.Debug|iPhone.ActiveCfg = Debug|Any CPU
		{BF382EA4-C559-4C79-A978-CA69DE49366E}.Debug|iPhone.Build.0 = Debug|Any CPU
		{BF382EA4-C559-4C79-A978-CA69DE49366E}.Debug|iPhoneSimulator.ActiveCfg = Debug|Any CPU
		{BF382EA4-C559-4C79-A978-CA69DE49366E}.Debug|iPhoneSimulator.Build.0 = Debug|Any CPU
		{BF382EA4-C559-4C79-A978-CA69DE49366E}.Release|Any CPU.ActiveCfg = Release|Any CPU
		{BF382EA4-C559-4C79-A978-CA69DE49366E}.Release|Any CPU.Build.0 = Release|Any CPU
		{BF382EA4-C559-4C79-A978-CA69DE49366E}.Release|iPhone.ActiveCfg = Release|Any CPU
		{BF382EA4-C559-4C79-A978-CA69DE49366E}.Release|iPhone.Build.0 = Release|Any CPU
		{BF382EA4-C559-4C79-A978-CA69DE49366E}.Release|iPhoneSimulator.ActiveCfg = Release|Any CPU
		{BF382EA4-C559-4C79-A978-CA69DE49366E}.Release|iPhoneSimulator.Build.0 = Release|Any CPU
	EndGlobalSection
	GlobalSection(SolutionProperties) = preSolution
		HideSolutionNode = FALSE
	EndGlobalSection
	GlobalSection(NestedProjects) = preSolution
		{875F33E2-F519-4272-A63F-706F36C0F39C} = {234B3DA3-4C56-4D6C-BFD7-F7A2985982F2}
		{C72B3985-D644-4837-917C-B8FA7908B50E} = {234B3DA3-4C56-4D6C-BFD7-F7A2985982F2}
		{B0731F4B-9259-4E51-B5EF-3F18A7727280} = {875F33E2-F519-4272-A63F-706F36C0F39C}
		{FED8DC8C-0854-4DCA-ADB3-87ABD5DB4D59} = {875F33E2-F519-4272-A63F-706F36C0F39C}
		{74EEA90A-96D6-4E2E-BBE5-D9552EA7EC16} = {875F33E2-F519-4272-A63F-706F36C0F39C}
		{BB0F6604-FD81-4063-8D1A-40F5084CA1BC} = {875F33E2-F519-4272-A63F-706F36C0F39C}
		{3C1D26C6-AC25-4F33-AC6F-FBA2038AA9CF} = {B0731F4B-9259-4E51-B5EF-3F18A7727280}
		{990530BB-B70C-4011-91FA-DAFD94B01A4E} = {B0731F4B-9259-4E51-B5EF-3F18A7727280}
		{66CC483D-322D-495B-8385-1B8719EBEA76} = {B0731F4B-9259-4E51-B5EF-3F18A7727280}
		{7592CCA2-FA11-4577-9122-DF972BE40E13} = {B0731F4B-9259-4E51-B5EF-3F18A7727280}
		{6FD0AFC7-0AF1-441C-A340-F6191081BE5F} = {B0731F4B-9259-4E51-B5EF-3F18A7727280}
		{F3C78D5F-DE28-4FEF-9302-F41E91070D0E} = {B0731F4B-9259-4E51-B5EF-3F18A7727280}
		{BF382EA4-C559-4C79-A978-CA69DE49366E} = {61E291B5-2046-46AF-AAE5-1D3EB4870308}
	EndGlobalSection
	GlobalSection(ExtensibilityGlobals) = postSolution
		SolutionGuid = {D7804EB8-35A6-4838-B2DD-A9CFB9231817}
	EndGlobalSection
EndGlobal
